{
  "version": 4,
  "terraform_version": "1.2.5",
  "serial": 215,
  "lineage": "f4940746-3a8b-60e8-82b3-5dc11b4a51d2",
  "outputs": {
    "az-dev-vm-private-ip": {
      "value": "10.10.0.132",
      "type": "string"
    },
    "az-fqdn-egress-gw-ip": {
      "value": "20.7.218.170",
      "type": "string"
    },
    "az-jumpbox-public-ip": {
      "value": "20.122.148.101",
      "type": "string"
    },
    "az-mssql-fqdn": {
      "value": "az-sql-9h4nr6.database.windows.net",
      "type": "string"
    }
  },
  "resources": [
    {
      "mode": "data",
      "type": "azurerm_monitor_diagnostic_categories",
      "name": "az-fw-log-cat",
      "provider": "provider[\"registry.terraform.io/hashicorp/azurerm\"]",
      "instances": [
        {
          "schema_version": 0,
          "attributes": {
            "id": "/subscriptions/6c4e9574-4336-4d6d-925c-64687d7d97d6/resourceGroups/az-avtx-rg/providers/Microsoft.Network/azureFirewalls/az-fw",
            "logs": [
              "AZFWApplicationRule",
              "AZFWApplicationRuleAggregation",
              "AZFWDnsQuery",
              "AZFWFqdnResolveFailure",
              "AZFWIdpsSignature",
              "AZFWNatRule",
              "AZFWNatRuleAggregation",
              "AZFWNetworkRule",
              "AZFWNetworkRuleAggregation",
              "AZFWThreatIntel",
              "AzureFirewallApplicationRule",
              "AzureFirewallDnsProxy",
              "AzureFirewallNetworkRule"
            ],
            "metrics": [
              "AllMetrics"
            ],
            "resource_id": "/subscriptions/6c4e9574-4336-4d6d-925c-64687d7d97d6/resourceGroups/az-avtx-rg/providers/Microsoft.Network/azureFirewalls/az-fw",
            "timeouts": null
          },
          "sensitive_attributes": []
        }
      ]
    },
    {
      "mode": "data",
      "type": "azurerm_subnet",
      "name": "az-fw-dummy-lan-snet",
      "provider": "provider[\"registry.terraform.io/hashicorp/azurerm\"]",
      "instances": [
        {
          "schema_version": 0,
          "attributes": {
            "address_prefix": "10.0.0.80/28",
            "address_prefixes": [
              "10.0.0.80/28"
            ],
            "enforce_private_link_endpoint_network_policies": true,
            "enforce_private_link_service_network_policies": false,
            "id": "/subscriptions/6c4e9574-4336-4d6d-925c-64687d7d97d6/resourceGroups/az-avtx-rg/providers/Microsoft.Network/virtualNetworks/az-transit-firenet-vnet/subnets/av-gw-az-transit-firenet-dmz-firewall-lan",
            "name": "av-gw-az-transit-firenet-dmz-firewall-lan",
            "network_security_group_id": "",
            "resource_group_name": "az-avtx-rg",
            "route_table_id": "/subscriptions/6c4e9574-4336-4d6d-925c-64687d7d97d6/resourceGroups/az-avtx-rg/providers/Microsoft.Network/routeTables/av-gw-az-transit-firenet-dmz-firewall-lan",
            "service_endpoints": [],
            "timeouts": null,
            "virtual_network_name": "az-transit-firenet-vnet"
          },
          "sensitive_attributes": []
        }
      ]
    },
    {
      "mode": "data",
      "type": "azurerm_subnet",
      "name": "az-fw-dummy-mgmt-snet",
      "provider": "provider[\"registry.terraform.io/hashicorp/azurerm\"]",
      "instances": [
        {
          "schema_version": 0,
          "attributes": {
            "address_prefix": "10.0.0.32/28",
            "address_prefixes": [
              "10.0.0.32/28"
            ],
            "enforce_private_link_endpoint_network_policies": true,
            "enforce_private_link_service_network_policies": false,
            "id": "/subscriptions/6c4e9574-4336-4d6d-925c-64687d7d97d6/resourceGroups/az-avtx-rg/providers/Microsoft.Network/virtualNetworks/az-transit-firenet-vnet/subnets/az-transit-firenet-vnet-Public-gateway-and-firewall-mgmt-1",
            "name": "az-transit-firenet-vnet-Public-gateway-and-firewall-mgmt-1",
            "network_security_group_id": "",
            "resource_group_name": "az-avtx-rg",
            "route_table_id": "/subscriptions/6c4e9574-4336-4d6d-925c-64687d7d97d6/resourceGroups/az-avtx-rg/providers/Microsoft.Network/routeTables/aviatrix-az-transit-firenet-vnet-gw_rtb",
            "service_endpoints": [],
            "timeouts": null,
            "virtual_network_name": "az-transit-firenet-vnet"
          },
          "sensitive_attributes": []
        }
      ]
    },
    {
      "mode": "data",
      "type": "azurerm_subnet",
      "name": "az-fw-dummy-wan-snet",
      "provider": "provider[\"registry.terraform.io/hashicorp/azurerm\"]",
      "instances": [
        {
          "schema_version": 0,
          "attributes": {
            "address_prefix": "10.0.0.0/28",
            "address_prefixes": [
              "10.0.0.0/28"
            ],
            "enforce_private_link_endpoint_network_policies": true,
            "enforce_private_link_service_network_policies": false,
            "id": "/subscriptions/6c4e9574-4336-4d6d-925c-64687d7d97d6/resourceGroups/az-avtx-rg/providers/Microsoft.Network/virtualNetworks/az-transit-firenet-vnet/subnets/az-transit-firenet-vnet-Public-FW-ingress-egress-1",
            "name": "az-transit-firenet-vnet-Public-FW-ingress-egress-1",
            "network_security_group_id": "",
            "resource_group_name": "az-avtx-rg",
            "route_table_id": "",
            "service_endpoints": [],
            "timeouts": null,
            "virtual_network_name": "az-transit-firenet-vnet"
          },
          "sensitive_attributes": []
        }
      ]
    },
    {
      "mode": "data",
      "type": "azurerm_virtual_network",
      "name": "az-fw-vnet",
      "provider": "provider[\"registry.terraform.io/hashicorp/azurerm\"]",
      "instances": [
        {
          "schema_version": 0,
          "attributes": {
            "address_space": [
              "10.0.0.0/22"
            ],
            "dns_servers": null,
            "guid": "2fac926f-0e52-421c-b166-d65f35e83f88",
            "id": "/subscriptions/6c4e9574-4336-4d6d-925c-64687d7d97d6/resourceGroups/az-avtx-rg/providers/Microsoft.Network/virtualNetworks/az-transit-firenet-vnet",
            "location": "eastus2",
            "name": "az-transit-firenet-vnet",
            "resource_group_name": "az-avtx-rg",
            "subnets": [
              "az-transit-firenet-vnet-Public-FW-ingress-egress-1",
              "az-transit-firenet-vnet-Public-FW-ingress-egress-2",
              "av-gw-az-transit-firenet-vng-traffic",
              "az-transit-firenet-vnet-Public-gateway-and-firewall-mgmt-1",
              "AzureFirewallSubnet",
              "AzureFirewallManagementSubnet",
              "av-gw-az-transit-firenet-dmz-firewall",
              "av-gw-az-transit-firenet-dmz-firewall-lan",
              "az-transit-firenet-vnet-Public-gateway-and-firewall-mgmt-2",
              "av-gw-az-transit-firenet-hagw-dmz-firewall",
              "av-gw-az-transit-firenet-hagw-dmz-firewall-lan"
            ],
            "tags": {
              "Aviatrix-Created-Resource": "Do-Not-Delete-Aviatrix-Created-Resource",
              "Name": "az-transit-firenet-vnet"
            },
            "timeouts": null,
            "vnet_peerings": {},
            "vnet_peerings_addresses": []
          },
          "sensitive_attributes": []
        }
      ]
    },
    {
      "mode": "data",
      "type": "http",
      "name": "get_ip",
      "provider": "provider[\"registry.terraform.io/hashicorp/http\"]",
      "instances": [
        {
          "schema_version": 0,
          "attributes": {
            "body": "162.200.142.9",
            "id": "https://api.ipify.org",
            "request_headers": null,
            "response_body": "162.200.142.9",
            "response_headers": {
              "Connection": "keep-alive",
              "Content-Length": "13",
              "Content-Type": "text/plain",
              "Date": "Wed, 03 Aug 2022 06:16:50 GMT",
              "Server": "Cowboy",
              "Vary": "Origin",
              "Via": "1.1 vegur"
            },
            "status_code": 200,
            "url": "https://api.ipify.org"
          },
          "sensitive_attributes": []
        }
      ]
    },
    {
      "mode": "managed",
      "type": "aviatrix_account",
      "name": "az_account",
      "provider": "provider[\"registry.terraform.io/aviatrixsystems/aviatrix\"]",
      "instances": [
        {
          "schema_version": 0,
          "attributes": {
            "account_name": "azure",
            "alicloud_access_key": null,
            "alicloud_account_id": null,
            "alicloud_secret_key": null,
            "arm_application_id": "91b92755-2d0a-43cf-9277-f549845a0069",
            "arm_application_key": "4awQeHxnkuiz5Ipwppm4tH-q__Uw3VG87L",
            "arm_directory_id": "4780055e-ce37-4f02-b33d-fdad8493a4b6",
            "arm_subscription_id": "6c4e9574-4336-4d6d-925c-64687d7d97d6",
            "audit_account": false,
            "aws_access_key": null,
            "aws_account_number": null,
            "aws_ca_cert_path": null,
            "aws_gateway_role_app": null,
            "aws_gateway_role_ec2": null,
            "aws_iam": null,
            "aws_role_app": null,
            "aws_role_ec2": null,
            "aws_secret_key": null,
            "awschina_access_key": null,
            "awschina_account_number": null,
            "awschina_iam": null,
            "awschina_role_app": null,
            "awschina_role_ec2": null,
            "awschina_secret_key": null,
            "awsgov_access_key": null,
            "awsgov_account_number": null,
            "awsgov_iam": null,
            "awsgov_role_app": null,
            "awsgov_role_ec2": null,
            "awsgov_secret_key": null,
            "awss_account_number": null,
            "awss_ca_chain_cert": null,
            "awss_cap_account_name": null,
            "awss_cap_agency": null,
            "awss_cap_cert": null,
            "awss_cap_cert_key": null,
            "awss_cap_cert_key_path": null,
            "awss_cap_cert_path": null,
            "awss_cap_role_name": null,
            "awss_cap_url": null,
            "awsts_account_number": null,
            "awsts_ca_chain_cert": null,
            "awsts_cap_agency": null,
            "awsts_cap_cert": null,
            "awsts_cap_cert_key": null,
            "awsts_cap_cert_key_path": null,
            "awsts_cap_cert_path": null,
            "awsts_cap_mission": null,
            "awsts_cap_role_name": null,
            "awsts_cap_url": null,
            "azurechina_application_id": null,
            "azurechina_application_key": null,
            "azurechina_directory_id": null,
            "azurechina_subscription_id": null,
            "azuregov_application_id": null,
            "azuregov_application_key": null,
            "azuregov_directory_id": null,
            "azuregov_subscription_id": null,
            "cloud_type": 8,
            "gcloud_project_credentials_filepath": null,
            "gcloud_project_id": null,
            "id": "azure",
            "oci_api_private_key_filepath": null,
            "oci_compartment_id": null,
            "oci_tenancy_id": null,
            "oci_user_id": null
          },
          "sensitive_attributes": [],
          "private": "bnVsbA=="
        }
      ]
    },
    {
      "mode": "managed",
      "type": "aviatrix_firenet",
      "name": "az-transit-firenet-cfg",
      "provider": "provider[\"registry.terraform.io/aviatrixsystems/aviatrix\"]",
      "instances": [
        {
          "schema_version": 1,
          "attributes": {
            "east_west_inspection_excluded_cidrs": [],
            "egress_enabled": false,
            "egress_static_cidrs": [],
            "fail_close_enabled": true,
            "firewall_instance_association": [],
            "hashing_algorithm": "5-Tuple",
            "id": "az-transit-firenet-vnet:az-avtx-rg:2fac926f-0e52-421c-b166-d65f35e83f88",
            "inspection_enabled": true,
            "keep_alive_via_lan_interface_enabled": false,
            "manage_firewall_instance_association": false,
            "tgw_segmentation_for_egress_enabled": false,
            "vpc_id": "az-transit-firenet-vnet:az-avtx-rg:2fac926f-0e52-421c-b166-d65f35e83f88"
          },
          "sensitive_attributes": [],
          "private": "eyJzY2hlbWFfdmVyc2lvbiI6IjEifQ==",
          "dependencies": [
            "aviatrix_account.az_account",
            "aviatrix_firewall_instance_association.az-fw-firenet-assc",
            "aviatrix_transit_gateway.az-firenet-gw",
            "aviatrix_vpc.az-vpcs",
            "azurerm_firewall.az-fw",
            "azurerm_firewall_policy.az-fw-pol",
            "azurerm_firewall_policy_rule_collection_group.az-fw-pol-rcg",
            "azurerm_log_analytics_workspace.az-fw-law",
            "azurerm_network_interface.az-fw-dummy-lan-nic",
            "azurerm_network_interface.az-fw-dummy-mgmt-nic",
            "azurerm_network_interface.az-fw-dummy-wan-nic",
            "azurerm_public_ip.az-fw-dummy-mgmt-pip",
            "azurerm_public_ip.az-fw-dummy-wan-pip",
            "azurerm_public_ip.az-fw-mgmt-pip",
            "azurerm_public_ip.az-fw-pip",
            "azurerm_resource_group.az-rg",
            "azurerm_subnet.az-fw-mgmt-snet",
            "azurerm_subnet.az-fw-snet",
            "azurerm_virtual_machine.az-dummy-vm",
            "data.azurerm_subnet.az-fw-dummy-lan-snet",
            "data.azurerm_subnet.az-fw-dummy-mgmt-snet",
            "data.azurerm_subnet.az-fw-dummy-wan-snet",
            "data.azurerm_virtual_network.az-fw-vnet"
          ]
        }
      ]
    },
    {
      "mode": "managed",
      "type": "aviatrix_firewall_instance_association",
      "name": "az-fw-firenet-assc",
      "provider": "provider[\"registry.terraform.io/aviatrixsystems/aviatrix\"]",
      "instances": [
        {
          "schema_version": 0,
          "attributes": {
            "attached": true,
            "egress_interface": "/subscriptions/6c4e9574-4336-4d6d-925c-64687d7d97d6/resourceGroups/az-avtx-rg/providers/Microsoft.Network/networkInterfaces/az-fw-dummy-wan-nic",
            "firenet_gw_name": "az-transit-firenet",
            "firewall_name": "az-fw",
            "id": "az-transit-firenet-vnet:az-avtx-rg:2fac926f-0e52-421c-b166-d65f35e83f88~~az-transit-firenet~~az-fw:az-avtx-rg",
            "instance_id": "az-fw:az-avtx-rg",
            "lan_interface": "/subscriptions/6c4e9574-4336-4d6d-925c-64687d7d97d6/resourceGroups/az-avtx-rg/providers/Microsoft.Network/networkInterfaces/az-fw-dummy-lan-nic",
            "management_interface": "/subscriptions/6c4e9574-4336-4d6d-925c-64687d7d97d6/resourceGroups/az-avtx-rg/providers/Microsoft.Network/networkInterfaces/az-fw-dummy-mgmt-nic",
            "vendor_type": "Generic",
            "vpc_id": "az-transit-firenet-vnet:az-avtx-rg:2fac926f-0e52-421c-b166-d65f35e83f88"
          },
          "sensitive_attributes": [],
          "private": "bnVsbA==",
          "dependencies": [
            "aviatrix_account.az_account",
            "aviatrix_transit_gateway.az-firenet-gw",
            "aviatrix_vpc.az-vpcs",
            "azurerm_firewall.az-fw",
            "azurerm_firewall_policy.az-fw-pol",
            "azurerm_firewall_policy_rule_collection_group.az-fw-pol-rcg",
            "azurerm_log_analytics_workspace.az-fw-law",
            "azurerm_network_interface.az-fw-dummy-lan-nic",
            "azurerm_network_interface.az-fw-dummy-mgmt-nic",
            "azurerm_network_interface.az-fw-dummy-wan-nic",
            "azurerm_public_ip.az-fw-dummy-mgmt-pip",
            "azurerm_public_ip.az-fw-dummy-wan-pip",
            "azurerm_public_ip.az-fw-mgmt-pip",
            "azurerm_public_ip.az-fw-pip",
            "azurerm_resource_group.az-rg",
            "azurerm_subnet.az-fw-mgmt-snet",
            "azurerm_subnet.az-fw-snet",
            "azurerm_virtual_machine.az-dummy-vm",
            "data.azurerm_subnet.az-fw-dummy-lan-snet",
            "data.azurerm_subnet.az-fw-dummy-mgmt-snet",
            "data.azurerm_subnet.az-fw-dummy-wan-snet",
            "data.azurerm_virtual_network.az-fw-vnet"
          ]
        }
      ]
    },
    {
      "mode": "managed",
      "type": "aviatrix_fqdn",
      "name": "az-fqdn-egress-fqdn",
      "provider": "provider[\"registry.terraform.io/aviatrixsystems/aviatrix\"]",
      "instances": [
        {
          "schema_version": 2,
          "attributes": {
            "domain_names": [],
            "fqdn_enabled": true,
            "fqdn_mode": "black",
            "fqdn_tag": "az-aks-cluster-egress-fqdn-filter",
            "gw_filter_tag_list": [
              {
                "gw_name": "az-aks-cluster-egress-gw",
                "source_ip_list": []
              }
            ],
            "id": "az-aks-cluster-egress-fqdn-filter",
            "manage_domain_names": false
          },
          "sensitive_attributes": [],
          "private": "eyJzY2hlbWFfdmVyc2lvbiI6IjIifQ==",
          "dependencies": [
            "aviatrix_account.az_account",
            "aviatrix_gateway.az-fqdn-egress-gw",
            "aviatrix_vpc.az-vpcs",
            "azurerm_resource_group.az-aks-rg",
            "azurerm_resource_group.az-rg",
            "azurerm_subnet.az-avtx-egress-gw-snets",
            "azurerm_virtual_network.az-aks-vnet"
          ]
        }
      ]
    },
    {
      "mode": "managed",
      "type": "aviatrix_gateway",
      "name": "az-fqdn-egress-gw",
      "provider": "provider[\"registry.terraform.io/aviatrixsystems/aviatrix\"]",
      "instances": [
        {
          "schema_version": 1,
          "attributes": {
            "account_name": "azure",
            "additional_cidrs": "",
            "additional_cidrs_designated_gateway": "",
            "allocate_new_eip": true,
            "availability_domain": null,
            "azure_eip_name_resource_group": null,
            "cloud_instance_id": "av-gw-az-aks-cluster-egress-gw",
            "cloud_type": 8,
            "customer_managed_keys": null,
            "duo_api_hostname": "",
            "duo_integration_key": "",
            "duo_push_mode": "",
            "duo_secret_key": null,
            "eip": "20.7.218.170",
            "elb_dns_name": null,
            "elb_name": "",
            "enable_designated_gateway": false,
            "enable_elb": false,
            "enable_encrypt_volume": false,
            "enable_jumbo_frame": true,
            "enable_ldap": false,
            "enable_monitor_gateway_subnets": false,
            "enable_public_subnet_filtering": false,
            "enable_spot_instance": null,
            "enable_vpc_dns_server": false,
            "enable_vpn_nat": true,
            "fault_domain": null,
            "fqdn_lan_cidr": "",
            "fqdn_lan_interface": "",
            "fqdn_lan_vpc_id": null,
            "gw_name": "az-aks-cluster-egress-gw",
            "gw_size": "Standard_B2ms",
            "id": "az-aks-cluster-egress-gw",
            "idle_timeout": -1,
            "image_version": "aviatrix-companion-gateway-v10",
            "insane_mode": false,
            "insane_mode_az": "",
            "ldap_base_dn": "",
            "ldap_bind_dn": "",
            "ldap_password": null,
            "ldap_server": "",
            "ldap_username_attribute": "",
            "max_vpn_conn": "",
            "monitor_exclude_list": [],
            "name_servers": "",
            "okta_token": null,
            "okta_url": "",
            "okta_username_suffix": "",
            "otp_mode": "",
            "peering_ha_availability_domain": "",
            "peering_ha_azure_eip_name_resource_group": "",
            "peering_ha_cloud_instance_id": "",
            "peering_ha_eip": "",
            "peering_ha_fault_domain": "",
            "peering_ha_gw_name": "",
            "peering_ha_gw_size": "",
            "peering_ha_image_version": "",
            "peering_ha_insane_mode_az": "",
            "peering_ha_private_ip": "",
            "peering_ha_security_group_id": "",
            "peering_ha_software_version": "",
            "peering_ha_subnet": "",
            "peering_ha_zone": "",
            "private_ip": "10.20.1.132",
            "public_dns_server": "8.8.8.8",
            "public_subnet_filtering_guard_duty_enforced": true,
            "public_subnet_filtering_ha_route_tables": [],
            "public_subnet_filtering_route_tables": [],
            "renegotiation_interval": -1,
            "rx_queue_size": "",
            "saml_enabled": false,
            "search_domains": "",
            "security_group_id": "",
            "single_az_ha": true,
            "single_ip_snat": true,
            "software_version": "6.8.1000",
            "split_tunnel": true,
            "spot_price": null,
            "subnet": "10.20.1.128/26",
            "tag_list": null,
            "tags": {},
            "tunnel_detection_time": 60,
            "vpc_id": "az-aks-vnet:az-aks-rg:606fe6ca-8f35-4bbf-a0ef-cdd44109b12a",
            "vpc_reg": "East US 2",
            "vpn_access": false,
            "vpn_cidr": "",
            "vpn_protocol": "",
            "zone": null
          },
          "sensitive_attributes": [],
          "private": "eyJzY2hlbWFfdmVyc2lvbiI6IjEifQ==",
          "dependencies": [
            "aviatrix_account.az_account",
            "aviatrix_vpc.az-vpcs",
            "azurerm_resource_group.az-aks-rg",
            "azurerm_resource_group.az-rg",
            "azurerm_subnet.az-avtx-egress-gw-snets",
            "azurerm_virtual_network.az-aks-vnet"
          ]
        }
      ]
    },
    {
      "mode": "managed",
      "type": "aviatrix_spoke_gateway",
      "name": "aks-spoke-gw",
      "provider": "provider[\"registry.terraform.io/aviatrixsystems/aviatrix\"]",
      "instances": [
        {
          "schema_version": 1,
          "attributes": {
            "account_name": "azure",
            "allocate_new_eip": true,
            "approved_learned_cidrs": [],
            "availability_domain": null,
            "azure_eip_name_resource_group": null,
            "bgp_ecmp": false,
            "bgp_hold_time": 180,
            "bgp_polling_time": 50,
            "cloud_instance_id": "av-gw-az-aks-cluster-gw",
            "cloud_type": 8,
            "customer_managed_keys": null,
            "customized_spoke_vpc_routes": "",
            "disable_route_propagation": false,
            "eip": "20.22.156.144",
            "enable_active_standby": false,
            "enable_active_standby_preemptive": false,
            "enable_auto_advertise_s2c_cidrs": false,
            "enable_bgp": false,
            "enable_encrypt_volume": false,
            "enable_jumbo_frame": true,
            "enable_learned_cidrs_approval": false,
            "enable_monitor_gateway_subnets": false,
            "enable_preserve_as_path": false,
            "enable_private_oob": false,
            "enable_private_vpc_default_route": false,
            "enable_skip_public_route_table_update": false,
            "enable_spot_instance": null,
            "enable_vpc_dns_server": false,
            "fault_domain": null,
            "filtered_spoke_vpc_routes": "",
            "gw_name": "az-aks-cluster-gw",
            "gw_size": "Standard_B2ms",
            "ha_availability_domain": "",
            "ha_azure_eip_name_resource_group": "",
            "ha_cloud_instance_id": "",
            "ha_eip": "",
            "ha_fault_domain": "",
            "ha_gw_name": "",
            "ha_gw_size": "",
            "ha_image_version": "",
            "ha_insane_mode_az": "",
            "ha_oob_availability_zone": "",
            "ha_oob_management_subnet": "",
            "ha_private_ip": "",
            "ha_public_ip": "",
            "ha_security_group_id": "",
            "ha_software_version": "",
            "ha_subnet": "",
            "ha_zone": "",
            "id": "az-aks-cluster-gw",
            "image_version": "aviatrix-companion-gateway-v10",
            "included_advertised_spoke_routes": "",
            "insane_mode": false,
            "insane_mode_az": "",
            "learned_cidrs_approval_mode": "gateway",
            "local_as_number": "",
            "manage_transit_gateway_attachment": false,
            "monitor_exclude_list": [],
            "oob_availability_zone": null,
            "oob_management_subnet": null,
            "prepend_as_path": [],
            "private_ip": "10.20.1.4",
            "public_ip": "20.22.156.144",
            "rx_queue_size": "",
            "security_group_id": "",
            "single_az_ha": false,
            "single_ip_snat": false,
            "software_version": "6.8.1000",
            "spoke_bgp_manual_advertise_cidrs": [],
            "spot_price": null,
            "subnet": "10.20.1.0/26",
            "tag_list": null,
            "tags": {},
            "transit_gw": null,
            "tunnel_detection_time": 60,
            "vpc_id": "az-aks-vnet:az-aks-rg:606fe6ca-8f35-4bbf-a0ef-cdd44109b12a",
            "vpc_reg": "East US 2",
            "zone": null
          },
          "sensitive_attributes": [],
          "private": "eyJzY2hlbWFfdmVyc2lvbiI6IjEifQ==",
          "dependencies": [
            "aviatrix_account.az_account",
            "azurerm_resource_group.az-aks-rg",
            "azurerm_subnet.az-avtx-gw-snets",
            "azurerm_virtual_network.az-aks-vnet"
          ]
        }
      ]
    },
    {
      "mode": "managed",
      "type": "aviatrix_spoke_gateway",
      "name": "az-spoke1-gw",
      "provider": "provider[\"registry.terraform.io/aviatrixsystems/aviatrix\"]",
      "instances": [
        {
          "schema_version": 1,
          "attributes": {
            "account_name": "azure",
            "allocate_new_eip": true,
            "approved_learned_cidrs": [],
            "availability_domain": null,
            "azure_eip_name_resource_group": null,
            "bgp_ecmp": false,
            "bgp_hold_time": 180,
            "bgp_polling_time": 50,
            "cloud_instance_id": "av-gw-az-spoke1",
            "cloud_type": 8,
            "customer_managed_keys": null,
            "customized_spoke_vpc_routes": "",
            "disable_route_propagation": false,
            "eip": "20.7.216.98",
            "enable_active_standby": false,
            "enable_active_standby_preemptive": false,
            "enable_auto_advertise_s2c_cidrs": false,
            "enable_bgp": false,
            "enable_encrypt_volume": false,
            "enable_jumbo_frame": true,
            "enable_learned_cidrs_approval": false,
            "enable_monitor_gateway_subnets": false,
            "enable_preserve_as_path": false,
            "enable_private_oob": false,
            "enable_private_vpc_default_route": false,
            "enable_skip_public_route_table_update": false,
            "enable_spot_instance": null,
            "enable_vpc_dns_server": false,
            "fault_domain": null,
            "filtered_spoke_vpc_routes": "",
            "gw_name": "az-spoke1",
            "gw_size": "Standard_B2ms",
            "ha_availability_domain": "",
            "ha_azure_eip_name_resource_group": "",
            "ha_cloud_instance_id": "",
            "ha_eip": "",
            "ha_fault_domain": "",
            "ha_gw_name": "",
            "ha_gw_size": "",
            "ha_image_version": "",
            "ha_insane_mode_az": "",
            "ha_oob_availability_zone": "",
            "ha_oob_management_subnet": "",
            "ha_private_ip": "",
            "ha_public_ip": "",
            "ha_security_group_id": "",
            "ha_software_version": "",
            "ha_subnet": "",
            "ha_zone": "",
            "id": "az-spoke1",
            "image_version": "aviatrix-companion-gateway-v10",
            "included_advertised_spoke_routes": "",
            "insane_mode": false,
            "insane_mode_az": "",
            "learned_cidrs_approval_mode": "gateway",
            "local_as_number": "",
            "manage_transit_gateway_attachment": false,
            "monitor_exclude_list": [],
            "oob_availability_zone": null,
            "oob_management_subnet": null,
            "prepend_as_path": [],
            "private_ip": "10.10.0.4",
            "public_ip": "20.7.216.98",
            "rx_queue_size": "",
            "security_group_id": "",
            "single_az_ha": false,
            "single_ip_snat": false,
            "software_version": "6.8.1000",
            "spoke_bgp_manual_advertise_cidrs": [],
            "spot_price": null,
            "subnet": "10.10.0.0/26",
            "tag_list": null,
            "tags": {},
            "transit_gw": null,
            "tunnel_detection_time": 60,
            "vpc_id": "az-spoke1-vnet:az-avtx-rg:191505f8-2975-4777-88b9-e830bc6a3b52",
            "vpc_reg": "East US 2",
            "zone": null
          },
          "sensitive_attributes": [],
          "private": "eyJzY2hlbWFfdmVyc2lvbiI6IjEifQ==",
          "dependencies": [
            "aviatrix_account.az_account",
            "aviatrix_vpc.az-vpcs",
            "azurerm_resource_group.az-rg"
          ]
        }
      ]
    },
    {
      "mode": "managed",
      "type": "aviatrix_spoke_transit_attachment",
      "name": "az-aks-transit-attach",
      "provider": "provider[\"registry.terraform.io/aviatrixsystems/aviatrix\"]",
      "instances": [
        {
          "schema_version": 0,
          "attributes": {
            "enable_max_performance": true,
            "id": "az-aks-cluster-gw~az-transit-firenet",
            "route_tables": null,
            "spoke_gw_name": "az-aks-cluster-gw",
            "transit_gw_name": "az-transit-firenet"
          },
          "sensitive_attributes": [],
          "private": "bnVsbA==",
          "dependencies": [
            "aviatrix_account.az_account",
            "aviatrix_spoke_gateway.aks-spoke-gw",
            "aviatrix_transit_gateway.az-firenet-gw",
            "aviatrix_vpc.az-vpcs",
            "azurerm_resource_group.az-aks-rg",
            "azurerm_resource_group.az-rg",
            "azurerm_route_table.az-aks-snet-rt",
            "azurerm_subnet.az-aks-snet",
            "azurerm_subnet.az-avtx-gw-snets",
            "azurerm_subnet_route_table_association.az-aks-rt-assc",
            "azurerm_virtual_network.az-aks-vnet"
          ]
        }
      ]
    },
    {
      "mode": "managed",
      "type": "aviatrix_spoke_transit_attachment",
      "name": "az-spoke1-transit-attach",
      "provider": "provider[\"registry.terraform.io/aviatrixsystems/aviatrix\"]",
      "instances": [
        {
          "schema_version": 0,
          "attributes": {
            "enable_max_performance": true,
            "id": "az-spoke1~az-transit-firenet",
            "route_tables": null,
            "spoke_gw_name": "az-spoke1",
            "transit_gw_name": "az-transit-firenet"
          },
          "sensitive_attributes": [],
          "private": "bnVsbA==",
          "dependencies": [
            "aviatrix_account.az_account",
            "aviatrix_spoke_gateway.az-spoke1-gw",
            "aviatrix_transit_gateway.az-firenet-gw",
            "aviatrix_vpc.az-vpcs",
            "azurerm_resource_group.az-rg"
          ]
        }
      ]
    },
    {
      "mode": "managed",
      "type": "aviatrix_transit_firenet_policy",
      "name": "az-aks-transit-fw-pol",
      "provider": "provider[\"registry.terraform.io/aviatrixsystems/aviatrix\"]",
      "instances": [
        {
          "schema_version": 0,
          "attributes": {
            "id": "az-transit-firenet~SPOKE:az-aks-cluster-gw",
            "inspected_resource_name": "SPOKE:az-aks-cluster-gw",
            "transit_firenet_gateway_name": "az-transit-firenet"
          },
          "sensitive_attributes": [],
          "private": "bnVsbA==",
          "dependencies": [
            "aviatrix_account.az_account",
            "aviatrix_firewall_instance_association.az-fw-firenet-assc",
            "aviatrix_spoke_gateway.aks-spoke-gw",
            "aviatrix_transit_gateway.az-firenet-gw",
            "aviatrix_vpc.az-vpcs",
            "azurerm_firewall.az-fw",
            "azurerm_firewall_policy.az-fw-pol",
            "azurerm_firewall_policy_rule_collection_group.az-fw-pol-rcg",
            "azurerm_log_analytics_workspace.az-fw-law",
            "azurerm_network_interface.az-fw-dummy-lan-nic",
            "azurerm_network_interface.az-fw-dummy-mgmt-nic",
            "azurerm_network_interface.az-fw-dummy-wan-nic",
            "azurerm_public_ip.az-fw-dummy-mgmt-pip",
            "azurerm_public_ip.az-fw-dummy-wan-pip",
            "azurerm_public_ip.az-fw-mgmt-pip",
            "azurerm_public_ip.az-fw-pip",
            "azurerm_resource_group.az-aks-rg",
            "azurerm_resource_group.az-rg",
            "azurerm_subnet.az-avtx-gw-snets",
            "azurerm_subnet.az-fw-mgmt-snet",
            "azurerm_subnet.az-fw-snet",
            "azurerm_virtual_machine.az-dummy-vm",
            "azurerm_virtual_network.az-aks-vnet",
            "data.azurerm_subnet.az-fw-dummy-lan-snet",
            "data.azurerm_subnet.az-fw-dummy-mgmt-snet",
            "data.azurerm_subnet.az-fw-dummy-wan-snet",
            "data.azurerm_virtual_network.az-fw-vnet"
          ]
        }
      ]
    },
    {
      "mode": "managed",
      "type": "aviatrix_transit_firenet_policy",
      "name": "az-spokes-transit-fw-pol",
      "provider": "provider[\"registry.terraform.io/aviatrixsystems/aviatrix\"]",
      "instances": [
        {
          "schema_version": 0,
          "attributes": {
            "id": "az-transit-firenet~SPOKE:az-spoke1",
            "inspected_resource_name": "SPOKE:az-spoke1",
            "transit_firenet_gateway_name": "az-transit-firenet"
          },
          "sensitive_attributes": [],
          "private": "bnVsbA==",
          "dependencies": [
            "aviatrix_account.az_account",
            "aviatrix_firewall_instance_association.az-fw-firenet-assc",
            "aviatrix_spoke_gateway.az-spoke1-gw",
            "aviatrix_transit_gateway.az-firenet-gw",
            "aviatrix_vpc.az-vpcs",
            "azurerm_firewall.az-fw",
            "azurerm_firewall_policy.az-fw-pol",
            "azurerm_firewall_policy_rule_collection_group.az-fw-pol-rcg",
            "azurerm_log_analytics_workspace.az-fw-law",
            "azurerm_network_interface.az-fw-dummy-lan-nic",
            "azurerm_network_interface.az-fw-dummy-mgmt-nic",
            "azurerm_network_interface.az-fw-dummy-wan-nic",
            "azurerm_public_ip.az-fw-dummy-mgmt-pip",
            "azurerm_public_ip.az-fw-dummy-wan-pip",
            "azurerm_public_ip.az-fw-mgmt-pip",
            "azurerm_public_ip.az-fw-pip",
            "azurerm_resource_group.az-rg",
            "azurerm_subnet.az-fw-mgmt-snet",
            "azurerm_subnet.az-fw-snet",
            "azurerm_virtual_machine.az-dummy-vm",
            "data.azurerm_subnet.az-fw-dummy-lan-snet",
            "data.azurerm_subnet.az-fw-dummy-mgmt-snet",
            "data.azurerm_subnet.az-fw-dummy-wan-snet",
            "data.azurerm_virtual_network.az-fw-vnet"
          ]
        }
      ]
    },
    {
      "mode": "managed",
      "type": "aviatrix_transit_gateway",
      "name": "az-firenet-gw",
      "provider": "provider[\"registry.terraform.io/aviatrixsystems/aviatrix\"]",
      "instances": [
        {
          "schema_version": 1,
          "attributes": {
            "account_name": "azure",
            "allocate_new_eip": true,
            "approved_learned_cidrs": [],
            "availability_domain": null,
            "azure_eip_name_resource_group": null,
            "bgp_ecmp": false,
            "bgp_hold_time": 180,
            "bgp_lan_interfaces": [],
            "bgp_lan_ip_list": [],
            "bgp_manual_spoke_advertise_cidrs": "",
            "bgp_polling_time": "50",
            "cloud_instance_id": "av-gw-az-transit-firenet",
            "cloud_type": 8,
            "connected_transit": true,
            "customer_managed_keys": null,
            "customized_spoke_vpc_routes": "",
            "customized_transit_vpc_routes": [],
            "eip": "20.22.159.225",
            "enable_active_standby": false,
            "enable_active_standby_preemptive": false,
            "enable_advertise_transit_cidr": false,
            "enable_bgp_over_lan": false,
            "enable_egress_transit_firenet": false,
            "enable_encrypt_volume": false,
            "enable_firenet": false,
            "enable_gateway_load_balancer": false,
            "enable_hybrid_connection": false,
            "enable_jumbo_frame": true,
            "enable_learned_cidrs_approval": false,
            "enable_monitor_gateway_subnets": false,
            "enable_multi_tier_transit": false,
            "enable_preserve_as_path": false,
            "enable_private_oob": false,
            "enable_s2c_rx_balancing": false,
            "enable_segmentation": false,
            "enable_spot_instance": null,
            "enable_transit_firenet": true,
            "enable_transit_summarize_cidr_to_tgw": false,
            "enable_vpc_dns_server": false,
            "excluded_advertised_spoke_routes": "",
            "fault_domain": null,
            "filtered_spoke_vpc_routes": "",
            "gw_name": "az-transit-firenet",
            "gw_size": "Standard_B2ms",
            "ha_availability_domain": "",
            "ha_azure_eip_name_resource_group": "",
            "ha_bgp_lan_interfaces": [],
            "ha_bgp_lan_ip_list": [],
            "ha_cloud_instance_id": "av-gw-az-transit-firenet-hagw",
            "ha_eip": "20.7.218.134",
            "ha_fault_domain": "",
            "ha_gw_name": "az-transit-firenet-hagw",
            "ha_gw_size": "Standard_B2ms",
            "ha_image_version": "aviatrix-companion-gateway-v10",
            "ha_insane_mode_az": "",
            "ha_lan_interface_cidr": "10.0.0.128/28",
            "ha_oob_availability_zone": "",
            "ha_oob_management_subnet": "",
            "ha_private_ip": "10.0.0.52",
            "ha_public_ip": "20.7.218.134",
            "ha_security_group_id": "",
            "ha_software_version": "6.8.1000",
            "ha_subnet": "10.0.0.48/28",
            "ha_zone": "",
            "id": "az-transit-firenet",
            "image_version": "aviatrix-companion-gateway-v10",
            "insane_mode": false,
            "insane_mode_az": "",
            "lan_interface_cidr": "10.0.0.80/28",
            "lan_private_subnet": null,
            "lan_vpc_id": null,
            "learned_cidrs_approval_mode": "gateway",
            "local_as_number": "",
            "monitor_exclude_list": [],
            "oob_availability_zone": null,
            "oob_management_subnet": null,
            "prepend_as_path": [],
            "private_ip": "10.0.0.36",
            "public_ip": "20.22.159.225",
            "rx_queue_size": "",
            "security_group_id": "",
            "single_az_ha": false,
            "single_ip_snat": false,
            "software_version": "6.8.1000",
            "spot_price": null,
            "subnet": "10.0.0.32/28",
            "tag_list": null,
            "tags": {},
            "tunnel_detection_time": 60,
            "vpc_id": "az-transit-firenet-vnet:az-avtx-rg:2fac926f-0e52-421c-b166-d65f35e83f88",
            "vpc_reg": "East US 2",
            "zone": null
          },
          "sensitive_attributes": [],
          "private": "eyJzY2hlbWFfdmVyc2lvbiI6IjEifQ==",
          "dependencies": [
            "aviatrix_account.az_account",
            "aviatrix_vpc.az-vpcs",
            "azurerm_resource_group.az-rg"
          ]
        }
      ]
    },
    {
      "mode": "managed",
      "type": "aviatrix_vpc",
      "name": "az-vpcs",
      "provider": "provider[\"registry.terraform.io/aviatrixsystems/aviatrix\"]",
      "instances": [
        {
          "index_key": "az-spoke1-vnet",
          "schema_version": 1,
          "attributes": {
            "account_name": "azure",
            "availability_domains": [],
            "aviatrix_firenet_vpc": false,
            "aviatrix_transit_vpc": false,
            "azure_vnet_resource_id": "/subscriptions/6c4e9574-4336-4d6d-925c-64687d7d97d6/resourceGroups/az-avtx-rg/providers/Microsoft.Network/virtualNetworks/az-spoke1-vnet",
            "cidr": "10.10.0.0/22",
            "cloud_type": 8,
            "enable_native_gwlb": false,
            "enable_private_oob_subnet": false,
            "fault_domains": [],
            "id": "az-spoke1-vnet",
            "name": "az-spoke1-vnet",
            "num_of_subnet_pairs": null,
            "private_subnets": [
              {
                "cidr": "10.10.0.128/26",
                "name": "az-spoke1-vnet-Private-subnet-1",
                "subnet_id": "/subscriptions/6c4e9574-4336-4d6d-925c-64687d7d97d6/resourceGroups/az-avtx-rg/providers/Microsoft.Network/virtualNetworks/az-spoke1-vnet/subnets/az-spoke1-vnet-Private-subnet-1"
              },
              {
                "cidr": "10.10.1.0/26",
                "name": "az-spoke1-vnet-Private-subnet-2",
                "subnet_id": "/subscriptions/6c4e9574-4336-4d6d-925c-64687d7d97d6/resourceGroups/az-avtx-rg/providers/Microsoft.Network/virtualNetworks/az-spoke1-vnet/subnets/az-spoke1-vnet-Private-subnet-2"
              }
            ],
            "public_subnets": [
              {
                "cidr": "10.10.0.0/26",
                "name": "az-spoke1-vnet-Public-gateway-subnet-1",
                "subnet_id": "/subscriptions/6c4e9574-4336-4d6d-925c-64687d7d97d6/resourceGroups/az-avtx-rg/providers/Microsoft.Network/virtualNetworks/az-spoke1-vnet/subnets/az-spoke1-vnet-Public-gateway-subnet-1"
              },
              {
                "cidr": "10.10.0.64/26",
                "name": "az-spoke1-vnet-Public-subnet-1",
                "subnet_id": "/subscriptions/6c4e9574-4336-4d6d-925c-64687d7d97d6/resourceGroups/az-avtx-rg/providers/Microsoft.Network/virtualNetworks/az-spoke1-vnet/subnets/az-spoke1-vnet-Public-subnet-1"
              },
              {
                "cidr": "10.10.0.192/26",
                "name": "az-spoke1-vnet-Public-subnet-2",
                "subnet_id": "/subscriptions/6c4e9574-4336-4d6d-925c-64687d7d97d6/resourceGroups/az-avtx-rg/providers/Microsoft.Network/virtualNetworks/az-spoke1-vnet/subnets/az-spoke1-vnet-Public-subnet-2"
              }
            ],
            "region": "East US 2",
            "resource_group": "az-avtx-rg",
            "route_tables": [
              "az-spoke1-vnet-Private-subnet-1-rtb:az-avtx-rg",
              "az-spoke1-vnet-Public-subnet-1-rtb:az-avtx-rg",
              "az-spoke1-vnet---10-1-0-25-public:az-avtx-rg",
              "az-spoke1-vnet-Public-subnet-2-rtb:az-avtx-rg",
              "az-spoke1-vnet-Private-subnet-2-rtb:az-avtx-rg"
            ],
            "subnet_size": null,
            "subnets": [
              {
                "cidr": "10.10.0.0/26",
                "name": "az-spoke1-vnet-Public-gateway-subnet-1",
                "region": "",
                "subnet_id": "/subscriptions/6c4e9574-4336-4d6d-925c-64687d7d97d6/resourceGroups/az-avtx-rg/providers/Microsoft.Network/virtualNetworks/az-spoke1-vnet/subnets/az-spoke1-vnet-Public-gateway-subnet-1"
              },
              {
                "cidr": "10.10.0.64/26",
                "name": "az-spoke1-vnet-Public-subnet-1",
                "region": "",
                "subnet_id": "/subscriptions/6c4e9574-4336-4d6d-925c-64687d7d97d6/resourceGroups/az-avtx-rg/providers/Microsoft.Network/virtualNetworks/az-spoke1-vnet/subnets/az-spoke1-vnet-Public-subnet-1"
              },
              {
                "cidr": "10.10.0.192/26",
                "name": "az-spoke1-vnet-Public-subnet-2",
                "region": "",
                "subnet_id": "/subscriptions/6c4e9574-4336-4d6d-925c-64687d7d97d6/resourceGroups/az-avtx-rg/providers/Microsoft.Network/virtualNetworks/az-spoke1-vnet/subnets/az-spoke1-vnet-Public-subnet-2"
              },
              {
                "cidr": "10.10.0.128/26",
                "name": "az-spoke1-vnet-Private-subnet-1",
                "region": "",
                "subnet_id": "/subscriptions/6c4e9574-4336-4d6d-925c-64687d7d97d6/resourceGroups/az-avtx-rg/providers/Microsoft.Network/virtualNetworks/az-spoke1-vnet/subnets/az-spoke1-vnet-Private-subnet-1"
              },
              {
                "cidr": "10.10.1.0/26",
                "name": "az-spoke1-vnet-Private-subnet-2",
                "region": "",
                "subnet_id": "/subscriptions/6c4e9574-4336-4d6d-925c-64687d7d97d6/resourceGroups/az-avtx-rg/providers/Microsoft.Network/virtualNetworks/az-spoke1-vnet/subnets/az-spoke1-vnet-Private-subnet-2"
              }
            ],
            "vpc_id": "az-spoke1-vnet:az-avtx-rg:191505f8-2975-4777-88b9-e830bc6a3b52"
          },
          "sensitive_attributes": [],
          "private": "eyJzY2hlbWFfdmVyc2lvbiI6IjEifQ==",
          "dependencies": [
            "aviatrix_account.az_account",
            "azurerm_resource_group.az-rg"
          ]
        },
        {
          "index_key": "az-transit-firenet-vnet",
          "schema_version": 1,
          "attributes": {
            "account_name": "azure",
            "availability_domains": [],
            "aviatrix_firenet_vpc": true,
            "aviatrix_transit_vpc": false,
            "azure_vnet_resource_id": "/subscriptions/6c4e9574-4336-4d6d-925c-64687d7d97d6/resourceGroups/az-avtx-rg/providers/Microsoft.Network/virtualNetworks/az-transit-firenet-vnet",
            "cidr": "10.0.0.0/22",
            "cloud_type": 8,
            "enable_native_gwlb": false,
            "enable_private_oob_subnet": false,
            "fault_domains": [],
            "id": "az-transit-firenet-vnet",
            "name": "az-transit-firenet-vnet",
            "num_of_subnet_pairs": null,
            "private_subnets": [],
            "public_subnets": [
              {
                "cidr": "10.0.0.0/28",
                "name": "az-transit-firenet-vnet-Public-FW-ingress-egress-1",
                "subnet_id": "/subscriptions/6c4e9574-4336-4d6d-925c-64687d7d97d6/resourceGroups/az-avtx-rg/providers/Microsoft.Network/virtualNetworks/az-transit-firenet-vnet/subnets/az-transit-firenet-vnet-Public-FW-ingress-egress-1"
              },
              {
                "cidr": "10.0.0.16/28",
                "name": "az-transit-firenet-vnet-Public-FW-ingress-egress-2",
                "subnet_id": "/subscriptions/6c4e9574-4336-4d6d-925c-64687d7d97d6/resourceGroups/az-avtx-rg/providers/Microsoft.Network/virtualNetworks/az-transit-firenet-vnet/subnets/az-transit-firenet-vnet-Public-FW-ingress-egress-2"
              },
              {
                "cidr": "10.0.0.32/28",
                "name": "az-transit-firenet-vnet-Public-gateway-and-firewall-mgmt-1",
                "subnet_id": "/subscriptions/6c4e9574-4336-4d6d-925c-64687d7d97d6/resourceGroups/az-avtx-rg/providers/Microsoft.Network/virtualNetworks/az-transit-firenet-vnet/subnets/az-transit-firenet-vnet-Public-gateway-and-firewall-mgmt-1"
              },
              {
                "cidr": "10.0.0.48/28",
                "name": "az-transit-firenet-vnet-Public-gateway-and-firewall-mgmt-2",
                "subnet_id": "/subscriptions/6c4e9574-4336-4d6d-925c-64687d7d97d6/resourceGroups/az-avtx-rg/providers/Microsoft.Network/virtualNetworks/az-transit-firenet-vnet/subnets/az-transit-firenet-vnet-Public-gateway-and-firewall-mgmt-2"
              }
            ],
            "region": "East US 2",
            "resource_group": "az-avtx-rg",
            "route_tables": [
              "az-fw-rt:az-avtx-rg",
              "av-gw-az-transit-firenet-hagw-dmz-firewall-lan:az-avtx-rg",
              "135df69a-c82e-4ea9-9cae-d7cd3adbd6ff:az-avtx-rg",
              "aviatrix-az-transit-firenet-vnet-gw_rtb:az-avtx-rg",
              "av-gw-az-transit-firenet-dmz-firewall-lan:az-avtx-rg",
              "av-gw-az-transit-firenet-dmz-firewall:az-avtx-rg",
              "av-gw-az-transit-firenet-hagw-dmz-firewall:az-avtx-rg"
            ],
            "subnet_size": null,
            "subnets": [
              {
                "cidr": "10.0.0.0/28",
                "name": "az-transit-firenet-vnet-Public-FW-ingress-egress-1",
                "region": "",
                "subnet_id": "/subscriptions/6c4e9574-4336-4d6d-925c-64687d7d97d6/resourceGroups/az-avtx-rg/providers/Microsoft.Network/virtualNetworks/az-transit-firenet-vnet/subnets/az-transit-firenet-vnet-Public-FW-ingress-egress-1"
              },
              {
                "cidr": "10.0.0.16/28",
                "name": "az-transit-firenet-vnet-Public-FW-ingress-egress-2",
                "region": "",
                "subnet_id": "/subscriptions/6c4e9574-4336-4d6d-925c-64687d7d97d6/resourceGroups/az-avtx-rg/providers/Microsoft.Network/virtualNetworks/az-transit-firenet-vnet/subnets/az-transit-firenet-vnet-Public-FW-ingress-egress-2"
              },
              {
                "cidr": "10.0.0.32/28",
                "name": "az-transit-firenet-vnet-Public-gateway-and-firewall-mgmt-1",
                "region": "",
                "subnet_id": "/subscriptions/6c4e9574-4336-4d6d-925c-64687d7d97d6/resourceGroups/az-avtx-rg/providers/Microsoft.Network/virtualNetworks/az-transit-firenet-vnet/subnets/az-transit-firenet-vnet-Public-gateway-and-firewall-mgmt-1"
              },
              {
                "cidr": "10.0.0.48/28",
                "name": "az-transit-firenet-vnet-Public-gateway-and-firewall-mgmt-2",
                "region": "",
                "subnet_id": "/subscriptions/6c4e9574-4336-4d6d-925c-64687d7d97d6/resourceGroups/az-avtx-rg/providers/Microsoft.Network/virtualNetworks/az-transit-firenet-vnet/subnets/az-transit-firenet-vnet-Public-gateway-and-firewall-mgmt-2"
              }
            ],
            "vpc_id": "az-transit-firenet-vnet:az-avtx-rg:2fac926f-0e52-421c-b166-d65f35e83f88"
          },
          "sensitive_attributes": [],
          "private": "eyJzY2hlbWFfdmVyc2lvbiI6IjEifQ==",
          "dependencies": [
            "aviatrix_account.az_account",
            "azurerm_resource_group.az-rg"
          ]
        }
      ]
    },
    {
      "mode": "managed",
      "type": "azurerm_firewall",
      "name": "az-fw",
      "provider": "provider[\"registry.terraform.io/hashicorp/azurerm\"]",
      "instances": [
        {
          "schema_version": 0,
          "attributes": {
            "dns_servers": [],
            "firewall_policy_id": "/subscriptions/6c4e9574-4336-4d6d-925c-64687d7d97d6/resourceGroups/az-avtx-rg/providers/Microsoft.Network/firewallPolicies/az-fw-pol",
            "id": "/subscriptions/6c4e9574-4336-4d6d-925c-64687d7d97d6/resourceGroups/az-avtx-rg/providers/Microsoft.Network/azureFirewalls/az-fw",
            "ip_configuration": [
              {
                "name": "az-fw-ip-cfg",
                "private_ip_address": "10.0.3.4",
                "public_ip_address_id": "/subscriptions/6c4e9574-4336-4d6d-925c-64687d7d97d6/resourceGroups/az-avtx-rg/providers/Microsoft.Network/publicIPAddresses/az-fw-pip",
                "subnet_id": "/subscriptions/6c4e9574-4336-4d6d-925c-64687d7d97d6/resourceGroups/az-avtx-rg/providers/Microsoft.Network/virtualNetworks/az-transit-firenet-vnet/subnets/AzureFirewallSubnet"
              }
            ],
            "location": "eastus2",
            "management_ip_configuration": [
              {
                "name": "az-fw-mgmt-ip-cfg",
                "private_ip_address": "",
                "public_ip_address_id": "/subscriptions/6c4e9574-4336-4d6d-925c-64687d7d97d6/resourceGroups/az-avtx-rg/providers/Microsoft.Network/publicIPAddresses/az-fw-mgmt-pip",
                "subnet_id": "/subscriptions/6c4e9574-4336-4d6d-925c-64687d7d97d6/resourceGroups/az-avtx-rg/providers/Microsoft.Network/virtualNetworks/az-transit-firenet-vnet/subnets/AzureFirewallManagementSubnet"
              }
            ],
            "name": "az-fw",
            "private_ip_ranges": [],
            "resource_group_name": "az-avtx-rg",
            "sku_name": "AZFW_VNet",
            "sku_tier": "Premium",
            "tags": {},
            "threat_intel_mode": "Alert",
            "timeouts": null,
            "virtual_hub": [],
            "zones": []
          },
          "sensitive_attributes": [],
          "private": "eyJlMmJmYjczMC1lY2FhLTExZTYtOGY4OC0zNDM2M2JjN2M0YzAiOnsiY3JlYXRlIjo1NDAwMDAwMDAwMDAwLCJkZWxldGUiOjU0MDAwMDAwMDAwMDAsInJlYWQiOjMwMDAwMDAwMDAwMCwidXBkYXRlIjo1NDAwMDAwMDAwMDAwfX0=",
          "dependencies": [
            "aviatrix_account.az_account",
            "aviatrix_vpc.az-vpcs",
            "azurerm_firewall_policy.az-fw-pol",
            "azurerm_firewall_policy_rule_collection_group.az-fw-pol-rcg",
            "azurerm_log_analytics_workspace.az-fw-law",
            "azurerm_public_ip.az-fw-mgmt-pip",
            "azurerm_public_ip.az-fw-pip",
            "azurerm_resource_group.az-rg",
            "azurerm_subnet.az-fw-mgmt-snet",
            "azurerm_subnet.az-fw-snet",
            "data.azurerm_virtual_network.az-fw-vnet"
          ]
        }
      ]
    },
    {
      "mode": "managed",
      "type": "azurerm_firewall_policy",
      "name": "az-fw-pol",
      "provider": "provider[\"registry.terraform.io/hashicorp/azurerm\"]",
      "instances": [
        {
          "schema_version": 0,
          "attributes": {
            "base_policy_id": "",
            "child_policies": [],
            "dns": [
              {
                "proxy_enabled": true,
                "servers": []
              }
            ],
            "firewalls": [
              "/subscriptions/6c4e9574-4336-4d6d-925c-64687d7d97d6/resourceGroups/az-avtx-rg/providers/Microsoft.Network/azureFirewalls/az-fw"
            ],
            "id": "/subscriptions/6c4e9574-4336-4d6d-925c-64687d7d97d6/resourceGroups/az-avtx-rg/providers/Microsoft.Network/firewallPolicies/az-fw-pol",
            "identity": [],
            "insights": [
              {
                "default_log_analytics_workspace_id": "/subscriptions/6c4e9574-4336-4d6d-925c-64687d7d97d6/resourceGroups/az-avtx-rg/providers/Microsoft.OperationalInsights/workspaces/az-fw-law",
                "enabled": true,
                "log_analytics_workspace": [],
                "retention_in_days": 30
              }
            ],
            "intrusion_detection": [
              {
                "mode": "Alert",
                "signature_overrides": [],
                "traffic_bypass": []
              }
            ],
            "location": "eastus2",
            "name": "az-fw-pol",
            "private_ip_ranges": [],
            "resource_group_name": "az-avtx-rg",
            "rule_collection_groups": [
              "/subscriptions/6c4e9574-4336-4d6d-925c-64687d7d97d6/resourceGroups/az-avtx-rg/providers/Microsoft.Network/firewallPolicies/az-fw-pol/ruleCollectionGroups/Allow-RFC1918-RCG"
            ],
            "sku": "Premium",
            "tags": {},
            "threat_intelligence_allowlist": [],
            "threat_intelligence_mode": "Alert",
            "timeouts": null,
            "tls_certificate": []
          },
          "sensitive_attributes": [],
          "private": "eyJlMmJmYjczMC1lY2FhLTExZTYtOGY4OC0zNDM2M2JjN2M0YzAiOnsiY3JlYXRlIjoxODAwMDAwMDAwMDAwLCJkZWxldGUiOjE4MDAwMDAwMDAwMDAsInJlYWQiOjMwMDAwMDAwMDAwMCwidXBkYXRlIjoxODAwMDAwMDAwMDAwfX0=",
          "dependencies": [
            "azurerm_log_analytics_workspace.az-fw-law",
            "azurerm_resource_group.az-rg"
          ]
        }
      ]
    },
    {
      "mode": "managed",
      "type": "azurerm_firewall_policy_rule_collection_group",
      "name": "az-fw-pol-rcg",
      "provider": "provider[\"registry.terraform.io/hashicorp/azurerm\"]",
      "instances": [
        {
          "schema_version": 0,
          "attributes": {
            "application_rule_collection": [],
            "firewall_policy_id": "/subscriptions/6c4e9574-4336-4d6d-925c-64687d7d97d6/resourceGroups/az-avtx-rg/providers/Microsoft.Network/firewallPolicies/az-fw-pol",
            "id": "/subscriptions/6c4e9574-4336-4d6d-925c-64687d7d97d6/resourceGroups/az-avtx-rg/providers/Microsoft.Network/firewallPolicies/az-fw-pol/ruleCollectionGroups/Allow-RFC1918-RCG",
            "name": "Allow-RFC1918-RCG",
            "nat_rule_collection": [],
            "network_rule_collection": [
              {
                "action": "Allow",
                "name": "az-fw-network-rc",
                "priority": 100,
                "rule": [
                  {
                    "destination_addresses": [
                      "*"
                    ],
                    "destination_fqdns": [],
                    "destination_ip_groups": [],
                    "destination_ports": [
                      "*"
                    ],
                    "name": "Allow-RFC1918",
                    "protocols": [
                      "Any"
                    ],
                    "source_addresses": [
                      "10.0.0.0/8",
                      "172.16.0.0/12",
                      "192.168.0.0/16"
                    ],
                    "source_ip_groups": []
                  }
                ]
              }
            ],
            "priority": 200,
            "timeouts": null
          },
          "sensitive_attributes": [],
          "private": "eyJlMmJmYjczMC1lY2FhLTExZTYtOGY4OC0zNDM2M2JjN2M0YzAiOnsiY3JlYXRlIjoxODAwMDAwMDAwMDAwLCJkZWxldGUiOjE4MDAwMDAwMDAwMDAsInJlYWQiOjMwMDAwMDAwMDAwMCwidXBkYXRlIjoxODAwMDAwMDAwMDAwfX0=",
          "dependencies": [
            "azurerm_firewall_policy.az-fw-pol",
            "azurerm_log_analytics_workspace.az-fw-law",
            "azurerm_resource_group.az-rg"
          ]
        }
      ]
    },
    {
      "mode": "managed",
      "type": "azurerm_kubernetes_cluster",
      "name": "az-aks-cluster",
      "provider": "provider[\"registry.terraform.io/hashicorp/azurerm\"]",
      "instances": [
        {
          "schema_version": 2,
          "attributes": {
            "aci_connector_linux": [],
            "api_server_authorized_ip_ranges": [],
            "auto_scaler_profile": [],
            "automatic_channel_upgrade": "",
            "azure_active_directory_role_based_access_control": [],
            "azure_policy_enabled": false,
            "default_node_pool": [
              {
                "capacity_reservation_group_id": "",
                "enable_auto_scaling": false,
                "enable_host_encryption": false,
                "enable_node_public_ip": false,
                "fips_enabled": false,
                "host_group_id": "",
                "kubelet_config": [],
                "kubelet_disk_type": "OS",
                "linux_os_config": [],
                "max_count": 0,
                "max_pods": 30,
                "min_count": 0,
                "name": "akspool",
                "node_count": 2,
                "node_labels": {},
                "node_public_ip_prefix_id": "",
                "node_taints": [],
                "only_critical_addons_enabled": false,
                "orchestrator_version": "",
                "os_disk_size_gb": 128,
                "os_disk_type": "Managed",
                "os_sku": "Ubuntu",
                "pod_subnet_id": "",
                "proximity_placement_group_id": "",
                "tags": {},
                "type": "VirtualMachineScaleSets",
                "ultra_ssd_enabled": false,
                "upgrade_settings": [],
                "vm_size": "Standard_DS2_v2",
                "vnet_subnet_id": "/subscriptions/6c4e9574-4336-4d6d-925c-64687d7d97d6/resourceGroups/az-aks-rg/providers/Microsoft.Network/virtualNetworks/az-aks-vnet/subnets/az-aks-cluster-snet",
                "zones": []
              }
            ],
            "disk_encryption_set_id": "",
            "dns_prefix": "az-aks",
            "dns_prefix_private_cluster": "",
            "enable_pod_security_policy": false,
            "fqdn": "az-aks-f9345275.hcp.eastus2.azmk8s.io",
            "http_application_routing_enabled": false,
            "http_application_routing_zone_name": "",
            "http_proxy_config": [],
            "id": "/subscriptions/6c4e9574-4336-4d6d-925c-64687d7d97d6/resourceGroups/az-aks-rg/providers/Microsoft.ContainerService/managedClusters/az-aks-cluster",
            "identity": [
              {
                "identity_ids": [],
                "principal_id": "2a262705-2ee5-4cd8-8af9-f4f916f0ede3",
                "tenant_id": "4780055e-ce37-4f02-b33d-fdad8493a4b6",
                "type": "SystemAssigned"
              }
            ],
            "ingress_application_gateway": [
              {
                "effective_gateway_id": "/subscriptions/6c4e9574-4336-4d6d-925c-64687d7d97d6/resourceGroups/MC_az-aks-rg_az-aks-cluster_eastus2/providers/Microsoft.Network/applicationGateways/az-aks-cluster-agic",
                "gateway_id": "",
                "gateway_name": "az-aks-cluster-agic",
                "ingress_application_gateway_identity": [
                  {
                    "client_id": "66d83d57-4833-4c9d-9bfd-a25c584bb5d4",
                    "object_id": "c994e455-dfb1-4bce-89e1-605a54724fb7",
                    "user_assigned_identity_id": "/subscriptions/6c4e9574-4336-4d6d-925c-64687d7d97d6/resourcegroups/MC_az-aks-rg_az-aks-cluster_eastus2/providers/Microsoft.ManagedIdentity/userAssignedIdentities/ingressapplicationgateway-az-aks-cluster"
                  }
                ],
                "subnet_cidr": "",
                "subnet_id": "/subscriptions/6c4e9574-4336-4d6d-925c-64687d7d97d6/resourceGroups/az-aks-rg/providers/Microsoft.Network/virtualNetworks/az-aks-vnet/subnets/az-aks-cluster-agic-snet"
              }
            ],
            "key_vault_secrets_provider": [],
            "kube_admin_config": [],
            "kube_admin_config_raw": "",
            "kube_config": [
              {
                "client_certificate": "LS0tLS1CRUdJTiBDRVJUSUZJQ0FURS0tLS0tCk1JSUZIVENDQXdXZ0F3SUJBZ0lRTllZZWtvRXljSVp4b0MrY3BnZk5tREFOQmdrcWhraUc5dzBCQVFzRkFEQU4KTVFzd0NRWURWUVFERXdKallUQWVGdzB5TWpBNE1ETXdNekE1TlRsYUZ3MHlOREE0TURNd016RTVOVGxhTURBeApGekFWQmdOVkJBb1REbk41YzNSbGJUcHRZWE4wWlhKek1SVXdFd1lEVlFRREV3eHRZWE4wWlhKamJHbGxiblF3CmdnSWlNQTBHQ1NxR1NJYjNEUUVCQVFVQUE0SUNEd0F3Z2dJS0FvSUNBUUQwaGk3ODJMWjZzdGNMWTVXRnJzNnYKZ0FBZnl6VVY4NmRaNGs0d1pXMWRFVGZuTEZvSFZOTjBXbXhHTXd0QW85VzhZZFRLb3FwZUNQOEhOTkFDVDNFWAo0NHFWVTJRWVdzK1JkQVRZTzUyYU10dFdEamRCRHRzQUMwdHdHNUgzWU1zYU1TS3FpclhTNmI2S1NsUGFXSDRHCnVlVVZSMzBzOTk4d2RmN0dEMGVWNUthbjYzbUdKUDNvSmpzOW5UYkduR1Fpb1IrdlQ3TWNHUTFqQlJSdElGbkUKb0VaKy9Ha2hFRTIxb09sdjQvalZzaUxKUk1lTmtBUUpsWm14Q21xamhCVWNiY1YybEQ0Ykk5dCt3OXR4emhBRwo5Z1B4aWIyQTdiakNzVUs2VnpWUEJrUURxaEExZVVnN2paSHBwdFViWHlpUjMyaDJSV2JWMEs1RkhNaCtiOU56CmV1eS9rY2ptVlZDeFIvUVZkaWs4RDJSWitMOEZnZlBBWDVxK3RsUWZ5M1JtbjQ3WHhrbnFzS0FVSUJRN2huZWoKOEdjQ3Y0ZFV0VndiU0FnV1NNRm5nRlZEMDJBOFhHc2g2ck1CSXlKQ2hwY2RuK3lYM2FycVkxUW1lSlVYQmF1cQpKTUR0RVE2eTd1cDJHdmZDOEpLeUlNVjdBMFJXZjlib2VsWTFXdUlkWlF6OGxWUFFEWllGU0ttYVptYk9CZXlZCkgyYnlGRVp6RTBBSHByY0ovTHNSNU90ZlRpMXdkWllzbWxGWHhHSG4zYWlqSlVIS01nYk1aK1ErWUhQdkFqbUcKNW5PS20rL1FSd2dxLzZFZ2FsNjZWUmxMbVYzRWtaOTByWWkzenBRMjdGSFMwK0djdFNiZ0Z4K2dpY0hOeXFpYwpDNEx5TGpmNDYvbDgxWGRFRloyZkx3SURBUUFCbzFZd1ZEQU9CZ05WSFE4QkFmOEVCQU1DQmFBd0V3WURWUjBsCkJBd3dDZ1lJS3dZQkJRVUhBd0l3REFZRFZSMFRBUUgvQkFJd0FEQWZCZ05WSFNNRUdEQVdnQlJHdENxSkFmeHUKL2JuM3g0K1k4a1M2djdlYW5EQU5CZ2txaGtpRzl3MEJBUXNGQUFPQ0FnRUFON1JqTFd4WFYwZWlNMmFZSi81TQp6bTM4bnk0UnFibXEzQ3ZxNGVLemh6c21PS2lsNWZTQUQ2ZjRZbWp0SXFmT2tsUXk5andzN2R2Z2laMEluODhUCmZKRDB5VFdVRnFSY29lU1hiRit3LzJEY0pJd2x5bThRdWpyMi91REdhZXFSamczdkk1WHhwSWhrdXdRdXQ2Y3EKemlWYmZpaUg1K1hlZmVlMXluSkFodThrVlJ3aFM5V2thcXN6RUdYcDNsRkhuaTAxTzh0UmtJaTQzOHh1WDcvNQpsMzVEd2p3eTFMR2ZQekUydFFYc3ArUk81dkdIVHd5RWJxZWxnUDhXSVFDQmV0bkFMQ0d5RVI0VElKemg0Y0dYCndPcXIxckxFVE9abWRmK1RsdmFUYkpoRGpwc2pCZms2QzFiNWF5ZVRERU9xOHdUK3ZGR1NxTGdXazJoZDNxVGYKbDJCejJEOW43bi90R2pEOUFUamZkOWxuVnpuUnhCWDkwZ1NET0VnK1hzRDlya1VhMlBOMU5xYWFhUVVjdXFKZwp2ZHM2WlJxajdoSFo0TFBlWWtUTDVEUFY2SDhUdHVCUVhGMkhudm5sSnB4Z0R2OEZGSHRVajQ3V0dqOWs4N3RxCkdqdkI2SHFzTGtYWXlxTlE4YXhFU0lQeHIvVjlqci9JUEhDTG9XM2lWN3VkQmQzVjZrZVdPSHFJMmprMGVpcTMKK2VNV3E3N1lENVRNSWRNUkpSMXFyU2J2V3Avb3A1VVAzZTVPelEyZ2ZsL2hWeHl4MHk3eDJ6Y29Xd3ZyYUhCVwpqckNLU1lJUkZhMlJrb2hHRnB6cURuYy9sRTJvSmgzTUVzZTNYYk1DYUdSaUl6STE1Y091NFdrUGY3U0MzNnFwCnBTN0dFTCt0aEhQVzFIV3R3Z3pFd3pNPQotLS0tLUVORCBDRVJUSUZJQ0FURS0tLS0tCg==",
                "client_key": "LS0tLS1CRUdJTiBSU0EgUFJJVkFURSBLRVktLS0tLQpNSUlKS1FJQkFBS0NBZ0VBOUlZdS9OaTJlckxYQzJPVmhhN09yNEFBSDhzMUZmT25XZUpPTUdWdFhSRTM1eXhhCkIxVFRkRnBzUmpNTFFLUFZ2R0hVeXFLcVhnai9CelRRQWs5eEYrT0tsVk5rR0ZyUGtYUUUyRHVkbWpMYlZnNDMKUVE3YkFBdExjQnVSOTJETEdqRWlxb3ExMHVtK2lrcFQybGgrQnJubEZVZDlMUGZmTUhYK3hnOUhsZVNtcCt0NQpoaVQ5NkNZN1BaMDJ4cHhrSXFFZnIwK3pIQmtOWXdVVWJTQlp4S0JHZnZ4cElSQk50YURwYitQNDFiSWl5VVRICmpaQUVDWldac1FwcW80UVZIRzNGZHBRK0d5UGJmc1BiY2M0UUJ2WUQ4WW05Z08yNHdyRkN1bGMxVHdaRUE2b1EKTlhsSU80MlI2YWJWRzE4b2tkOW9ka1ZtMWRDdVJSeklmbS9UYzNyc3Y1SEk1bFZRc1VmMEZYWXBQQTlrV2ZpLwpCWUh6d0YrYXZyWlVIOHQwWnArTzE4Wko2ckNnRkNBVU80WjNvL0JuQXIrSFZMVmNHMGdJRmtqQlo0QlZROU5nClBGeHJJZXF6QVNNaVFvYVhIWi9zbDkycTZtTlVKbmlWRndXcnFpVEE3UkVPc3U3cWRocjN3dkNTc2lERmV3TkUKVm4vVzZIcFdOVnJpSFdVTS9KVlQwQTJXQlVpcG1tWm16Z1hzbUI5bThoUkdjeE5BQjZhM0NmeTdFZVRyWDA0dApjSFdXTEpwUlY4Umg1OTJvb3lWQnlqSUd6R2ZrUG1Cejd3STVodVp6aXB2djBFY0lLditoSUdwZXVsVVpTNWxkCnhKR2ZkSzJJdDg2VU51eFIwdFBobkxVbTRCY2ZvSW5CemNxb25BdUM4aTQzK092NWZOVjNSQldkbnk4Q0F3RUEKQVFLQ0FnQitEZ0tCRkZNVjg4WUtOLzhuMkZMeWhFRU1JdHl1QVZxZmFwdTJOVU5vdSt5ZXZ1MTJaQk5TSXg4NApIUzVLMTJyaTMyZ3NRaWtqcXUyVjBITC9EZWNXVXBYcG53QzEwWEs1NEI1elBtQmowcDNod2hoWDhJbVRmejhYCmZ3OERnU0dTMGd1MThTWUVvYjA1VzFIWStNK1hOaFBUb1hQMVQ1NytRNFhnb3BYYnZ2RHZGZVFpOUVUMGZXa0MKdlY0MGl3RFFIVkhSTlh2M0d5OGNnY3ppNk05K0hzWFl4dFNIVi9sSGpibHBsaE44VG9YQ1RqTzFWYTNQSnhFQgpCSWF1M3ZObklXdXZVb0tseVJscFF4eUlrWnNQaTVuQzFhZ2NvL0FnWmZNcFRyWExsRVpSd1VUejNCOFJuRXpCCkwrRWlhQzdvN0V2VTFMaEx0M1Z2YVlRdU1nWEZ1M3BDWXFCUytXV3ByaUppbCs2V1RSbjdhOC9ZTzI0RVRsUFcKNVg4S3poc3NTOFJqNk5IQitkMTZGNHVqWkZ1OElFUGZHenpVL3ZJdE5JY0x4RXh6TFFxbnpvemlaTlZucjJqQwo4cjJDZzcxOGdHZkhlM0ZVZC9iTlZHR3U5cHRXcGZ5Q0x6YkIydyttMVRibFJLcDVpVVY2NkZUOWg3Yi9ydzNxCmovMERjYUl6UHFMU3VjS1pNM3MydEtlU0pvNU5yaFBIckxGOU92SmVkQkhYSThZS2h0RlhnRk8yay9ONnkzV3cKYitTa0k1ZlYrcXRrRUZtZE5WQjVHay8welQ2eTdIZ1haZVRqaHBzSkxSWGttK3ZLK0tBM0hLb0E3V3ovZnA1aQp3NjdQNDIvL3ExRVlCQTZuY1A2dXU1Z2pBbzFQS2x3MFdXZmcvdVpKbVJlOCs5NW9vUUtDQVFFQS9ORGwxdjY1CmlTR1BpQWJ6UWQ1a0FmZUZrWGh6c2d0RXMwY09abzZQWWc2cEpqSUQzZGt0R29CTzF6eUdIN0ZmRXZVbUR6NDIKUEdqb1FQazVucnBnQldoM1FtckhsMjFMUVcxbXN3eUtOYkNFU01QM1BtZlMxLzk4NDhrbENYdFpWYVF6ZkIwNgptSEhVWmRLdm5ZUVJLZVI2TDRWTG5CdVBiRzN1ZHRidnRJMDhvZ2RLcGwyNU5ZQnhVL0VGRVNxZFZRMlpPWlpMCmJKVENXMWxqSFV3RDJBTkJBcG9POTdTUFF2VFNIdWlmRGJlb1pxS1I2YmdvcEo0dm9RZ25pSWFCNGV6QytndUUKZlZnenUwTitnd0RxY2hyWHgwL1hWV2lTeUtzVWFSYU9qVEkzM2ZTUDZHenpWR2E1THU4ZTFOd3pxZ2VlbENpSApuVk1TcENseWo3YW1NUUtDQVFFQTk1cU5VaHgxMEpqTURUck5vNDUwWmRYUk15UkNWTnVvSEkrcFhGUHN0Y01MClZ0SG9VZGZ5QUd4SmJPWEh1VFVQbm4vN3YwdjVVby9jQXdSMnNZY0J0Y2wxcHhvamJkVENCYURvU0pLOGd4QUwKamVrTUE0NlgxMkhlRTFoeTh2TWVoZjlVeUdEcXVBcGx3NjRoYWZ6ekIxd0hBUXRXOWVuVTdaWGlTNEFJWWFFYgpLdURLb0JBRU1ocDdVekxkRHNvOHRkVnRmY1lQdjdVaUlkelNEeFFqekdUeno4aUZkcjQzRzhFbVZaZk9QMHBUCnRNaWxxY0w2VGRIbXp5eUFCUWp6NmhUZEFDVGIrUm9lU2hRYXQ5U3hqUzNuVklqOFQ1TTBoU1J1S2tyYTMyRE8Kc2oxUWFUc2JYeFpKN1JiUWJucnFiT1hoa3RSdlZydWdwOUdEQm1Galh3S0NBUUFXcE9kUlFIT0IwdDIyUTFrYQpkejdoNWpleWRlVjI5d2RxUDEwTTFvd0ZMbWI4SXRLeDFqZngvYmdTRXp1NEx2empCODRtNDEyY1A1RTk4SlMyCm9ON2szUnlCZUdyMEp6ZnNYazRxajE3NXZCdTlJTUJPZUtJcjhwaFBGcjhZZ0ZIYUYrRDhwdW1PcWZOcVExcXoKY3hiT2Q4Wng1ekNFaFB0dHJOTUZGZTlXYnFnVm95Mk9oU3FIbmorSVV6Z3U5M0FzSkJHclZNamdxdHBWc0VYdQpZOWFjVEg1UUsxaFgyM1pSZXZndkNJcm1nYUsxdnEzdkR5Mmt3UDVuSUFIYWVxRzdpS2RXR2gzOTFCNmVFVWVOCm1GRm5jdndNd0J2N2JHaHBUTm1CS0NJUWg0VDFmbWc5V3pUWVJITWx2d2sxNjVzOUNYMnNxNHlxREx6SXMyV3QKZGFDaEFvSUJBUURxdDNuc01zcUVlYlJGZms3ZUV2YklhbzZyK2wxZTcvTkhUL0J1YzZoYkRaQThOelFTRWJGNQpNUzNScTJsUGFydHB0MDFBcEphdTYyelc5MjVGRUFSUS9hOG9QeUVDeHNNK2JyQ0R5NFlrZ0J0VDVXM2NHVnBiCmRJeityY1FhQnRvU2tGOGdySzhVMDlad1R5dWh1NFh1bmhDTnJ1QTZzZldGVzZadmgrbHFFejBid29pU2YxeGEKMnJ1NXZPZk5VMjJGdWRMWGZlQUVEWU5Uc203Mm1GTHZPV3ZldHVtK0RNZFU2aDZhMlJOTTcvcTF6OWNyUElmbgpLV214VHkvMGxlNFRJci8xbVB0bUFwcGdBdnJvOVJsekNlYlhQaHhnbXQwWXNkWTFCVXpDb0pTUVpvdEpsaHgyCllUeW5JZzlvQytFYVpqa1Y1WWUrSXBORFF0c0FPMlhsQW9JQkFRQ290eVNSSkZpUnpRYklJRE9GVGRreWR0WksKV2w4TUVMaHdQbTRPOUoxZE9iZzBBV1d1SFhQdVZEUnZPWnpybXFHV0x0YU92U2NjZjB2Q1o2UDA3WWs5b3BjdgpFU3ZMbFUwTDNodWZiYTlZdWFtVi9lTzJqR1dKcitQYkNOSFNPa0tLMTg5Y2t5dXF3QTVmaEhyK0JkNlRaSlRWCkVkbzVwc01ISWJIcWtrTllHUUtIQ2FGQmM5bWdtaEsrSGR1S3U2dDEzOGxwS2YxVXB0N1U4UU1MNXl4Q3p1SUEKelBQcm9DVTk1UlY3UXA4dWxjcnFCdmxQcmtwZkg0emt2b3JoOEhFZFp2TXcwWlZkZlNCVUdjcGl1RFNrK3ZCcgp5NG9lMklWMEgvYkFkUEx0eHQrc21WcE4xb3ZrZ0k3Smt4dzdoOGw1Sy96VlluL0t0YVdWazdDcVZFVWQKLS0tLS1FTkQgUlNBIFBSSVZBVEUgS0VZLS0tLS0K",
                "cluster_ca_certificate": "LS0tLS1CRUdJTiBDRVJUSUZJQ0FURS0tLS0tCk1JSUU2RENDQXRDZ0F3SUJBZ0lRRXhzYm5GdGN4THFCVkFIZ2I5TjBrakFOQmdrcWhraUc5dzBCQVFzRkFEQU4KTVFzd0NRWURWUVFERXdKallUQWdGdzB5TWpBNE1ETXdNekE1TlRsYUdBOHlNRFV5TURnd016QXpNVGsxT1ZvdwpEVEVMTUFrR0ExVUVBeE1DWTJFd2dnSWlNQTBHQ1NxR1NJYjNEUUVCQVFVQUE0SUNEd0F3Z2dJS0FvSUNBUURVCjBRdVVncGowaVUrRjNUVnF4TDdkNTUwSElzZElXSXcrcG1OT24xTVVaaVB6d0dWNWJ3cUtpYXpYeGdIVXZmSnQKbkdMR01XR1lKdTVLQlRsWVBIOGhacVpvV2lEOENkeFlOcHk5RjNuSm54YzR0TkZWWlU4RHIzK0ZZMHVEeVdUcgpQQ0RkTjMrL2dhVm43U1V5ME9CUVNPOTlhSEhhT0dTU3I2anRKa3ZsdVdnRzM1cmdWSG5qU2EzTlhzdTk3QThqCmM3bFkzaktmeFR3TkFBS1dWWFJwblhlZ0VwL1FtaU1CbTcyL1BwckJwTHVJdmRPZ2hFRytMZUFQV2Q1UG1aTDYKSXVJcWNjSmJ6RnhDZE1reDVHeDJ0K1crVC9sUnJiSEdFZlhhUy81d2dBSFJrb0RrOS9WYm01ZTdnUFVBbEVzbgo2MU5DUWwyRXhvY2Riam00emlDdmxUeEp0NUVjcmdWUTVwOHV1aXErRGNrbUVKVGEreDEraXhFNktxWHVWNXUxCm42R0Y4dnprY29EVHp6QS9CTjBsWTdtQlVaVFdXUEw0bjlGUmtMa1pobkp5TWdVZFZVSEdzR3VtQ2NqOS91cEkKK25TWFJqUk54WWE3TUZzdHVmTnNQaTV3VjNaUnEra3lQMEZJSkFGNGRxai9NaWY2S2plZEZ2NFBsaW50OFdoUAo3MmUvR3VXUmVHZ3dyM1o3VjFZY2p2NWMyNmNGWG1GdnpKaWZsOWwyb2R5bGpEeWIyTGRKSHFpMkdEc0dkUU0wClpZMkRXQ3BaVlVndjhuTGJDbE0zQXRqR1Fqd1lFemVCbk5pVk00TjZQSlJtZXJoYTVMYU1DUjBwdkttVjlQOFMKSDk1ekJhWnhYMmJ1cStFWEE1Vkh6TVVoaFZ5OHRiRDNTTWNzcVA3Tjd3SURBUUFCbzBJd1FEQU9CZ05WSFE4QgpBZjhFQkFNQ0FxUXdEd1lEVlIwVEFRSC9CQVV3QXdFQi96QWRCZ05WSFE0RUZnUVVSclFxaVFIOGJ2MjU5OGVQCm1QSkV1ciszbXB3d0RRWUpLb1pJaHZjTkFRRUxCUUFEZ2dJQkFJdkFoQUpDWkxnRG95RHViWU0rT2ZGTk14VjkKcU43MS9SNmh1c0w4bFl3RHNNZFEzWGg2ZmozaURzKzdSR1JTTGppQmhPdUVLUHlMM1oyMUwwTEJhQ0tnRFBsTgpMTE9nQkJOdmh0bVZNeVFWRDF6dlRMNC9Ld2ZsQXo5YzEyb3hoSkJVK3VZRGlZUjR1bzNHUFA1R0Z3K1owSk9rCll2OUkyVlJHQW94QWhhTG1WSzJ1MG5ITjQrS3dPdXNFc0Y1VXd5dm1sc0M3U2NyTndpOElJNGRmTis4bnVlK2MKbEJNdk5mdEVhcUZ1c1RIcTlnN2RQSnN1WHJtMWNPR1doVkQzVUZNNUdDVWt5VDJOY2RnLzZ5b1FZdWpXY2NxNgpjSHhIVE0rblBBNkRNejZBRHFuNXVEVjA1WmFycnJFenU3L290c1RxOWhaSTA1VWsrSFhVcWZGU0diYXFWWithCm9vZUxHRHg5SlVxZFhrNlplZVNZamk3Y0R5WFVLZk1QdkhydUR1K1JLaFpDUm8yajFHZ2FrTHZkVjZic01ENWcKcE9zeXBHR2RRcnRNNGhpTnFsOERocDZmRVorY1JweWlvZ1h0RGtQOElaUkVkcW9VdTI0YkpteWQyaEJRbGhBZgp4dGFicmhRbnZQVWVtZlhJajRobDRoQlExOGRHalFITFVNUzlHbVozeFpMK1draS9uTUJoUGw1SHkvT0M0S2J4CnBCd2pzWFpnazdFa3lQUGtLV08vZWk5aDhVelBFS1hCK2lUdEJPSmUyZVZnZFJqdTQ5K2RoeGt6emlaWUlqKzMKYTVwVmc0OC82MW9RcDhXOW5XUGRlQ1NVQjljTE43cUpjOUYvMlEzc2xyNzhQR1FCeVN2VEJpWDNmNUFjbVdtbApIVXRuRER2MlZ6VnQ1SjZhCi0tLS0tRU5EIENFUlRJRklDQVRFLS0tLS0K",
                "host": "https://az-aks-f9345275.hcp.eastus2.azmk8s.io:443",
                "password": "dd45142d9db7b9a1dee3d5b55cdd4d2c3416d1801c8883c03e45e0fd7ba1f66d70a6be23846637060682c160c7c6187d17e7262c9b26c1d3046ab7b85c834706",
                "username": "clusterUser_az-aks-rg_az-aks-cluster"
              }
            ],
            "kube_config_raw": "apiVersion: v1\nclusters:\n- cluster:\n    certificate-authority-data: LS0tLS1CRUdJTiBDRVJUSUZJQ0FURS0tLS0tCk1JSUU2RENDQXRDZ0F3SUJBZ0lRRXhzYm5GdGN4THFCVkFIZ2I5TjBrakFOQmdrcWhraUc5dzBCQVFzRkFEQU4KTVFzd0NRWURWUVFERXdKallUQWdGdzB5TWpBNE1ETXdNekE1TlRsYUdBOHlNRFV5TURnd016QXpNVGsxT1ZvdwpEVEVMTUFrR0ExVUVBeE1DWTJFd2dnSWlNQTBHQ1NxR1NJYjNEUUVCQVFVQUE0SUNEd0F3Z2dJS0FvSUNBUURVCjBRdVVncGowaVUrRjNUVnF4TDdkNTUwSElzZElXSXcrcG1OT24xTVVaaVB6d0dWNWJ3cUtpYXpYeGdIVXZmSnQKbkdMR01XR1lKdTVLQlRsWVBIOGhacVpvV2lEOENkeFlOcHk5RjNuSm54YzR0TkZWWlU4RHIzK0ZZMHVEeVdUcgpQQ0RkTjMrL2dhVm43U1V5ME9CUVNPOTlhSEhhT0dTU3I2anRKa3ZsdVdnRzM1cmdWSG5qU2EzTlhzdTk3QThqCmM3bFkzaktmeFR3TkFBS1dWWFJwblhlZ0VwL1FtaU1CbTcyL1BwckJwTHVJdmRPZ2hFRytMZUFQV2Q1UG1aTDYKSXVJcWNjSmJ6RnhDZE1reDVHeDJ0K1crVC9sUnJiSEdFZlhhUy81d2dBSFJrb0RrOS9WYm01ZTdnUFVBbEVzbgo2MU5DUWwyRXhvY2Riam00emlDdmxUeEp0NUVjcmdWUTVwOHV1aXErRGNrbUVKVGEreDEraXhFNktxWHVWNXUxCm42R0Y4dnprY29EVHp6QS9CTjBsWTdtQlVaVFdXUEw0bjlGUmtMa1pobkp5TWdVZFZVSEdzR3VtQ2NqOS91cEkKK25TWFJqUk54WWE3TUZzdHVmTnNQaTV3VjNaUnEra3lQMEZJSkFGNGRxai9NaWY2S2plZEZ2NFBsaW50OFdoUAo3MmUvR3VXUmVHZ3dyM1o3VjFZY2p2NWMyNmNGWG1GdnpKaWZsOWwyb2R5bGpEeWIyTGRKSHFpMkdEc0dkUU0wClpZMkRXQ3BaVlVndjhuTGJDbE0zQXRqR1Fqd1lFemVCbk5pVk00TjZQSlJtZXJoYTVMYU1DUjBwdkttVjlQOFMKSDk1ekJhWnhYMmJ1cStFWEE1Vkh6TVVoaFZ5OHRiRDNTTWNzcVA3Tjd3SURBUUFCbzBJd1FEQU9CZ05WSFE4QgpBZjhFQkFNQ0FxUXdEd1lEVlIwVEFRSC9CQVV3QXdFQi96QWRCZ05WSFE0RUZnUVVSclFxaVFIOGJ2MjU5OGVQCm1QSkV1ciszbXB3d0RRWUpLb1pJaHZjTkFRRUxCUUFEZ2dJQkFJdkFoQUpDWkxnRG95RHViWU0rT2ZGTk14VjkKcU43MS9SNmh1c0w4bFl3RHNNZFEzWGg2ZmozaURzKzdSR1JTTGppQmhPdUVLUHlMM1oyMUwwTEJhQ0tnRFBsTgpMTE9nQkJOdmh0bVZNeVFWRDF6dlRMNC9Ld2ZsQXo5YzEyb3hoSkJVK3VZRGlZUjR1bzNHUFA1R0Z3K1owSk9rCll2OUkyVlJHQW94QWhhTG1WSzJ1MG5ITjQrS3dPdXNFc0Y1VXd5dm1sc0M3U2NyTndpOElJNGRmTis4bnVlK2MKbEJNdk5mdEVhcUZ1c1RIcTlnN2RQSnN1WHJtMWNPR1doVkQzVUZNNUdDVWt5VDJOY2RnLzZ5b1FZdWpXY2NxNgpjSHhIVE0rblBBNkRNejZBRHFuNXVEVjA1WmFycnJFenU3L290c1RxOWhaSTA1VWsrSFhVcWZGU0diYXFWWithCm9vZUxHRHg5SlVxZFhrNlplZVNZamk3Y0R5WFVLZk1QdkhydUR1K1JLaFpDUm8yajFHZ2FrTHZkVjZic01ENWcKcE9zeXBHR2RRcnRNNGhpTnFsOERocDZmRVorY1JweWlvZ1h0RGtQOElaUkVkcW9VdTI0YkpteWQyaEJRbGhBZgp4dGFicmhRbnZQVWVtZlhJajRobDRoQlExOGRHalFITFVNUzlHbVozeFpMK1draS9uTUJoUGw1SHkvT0M0S2J4CnBCd2pzWFpnazdFa3lQUGtLV08vZWk5aDhVelBFS1hCK2lUdEJPSmUyZVZnZFJqdTQ5K2RoeGt6emlaWUlqKzMKYTVwVmc0OC82MW9RcDhXOW5XUGRlQ1NVQjljTE43cUpjOUYvMlEzc2xyNzhQR1FCeVN2VEJpWDNmNUFjbVdtbApIVXRuRER2MlZ6VnQ1SjZhCi0tLS0tRU5EIENFUlRJRklDQVRFLS0tLS0K\n    server: https://az-aks-f9345275.hcp.eastus2.azmk8s.io:443\n  name: az-aks-cluster\ncontexts:\n- context:\n    cluster: az-aks-cluster\n    user: clusterUser_az-aks-rg_az-aks-cluster\n  name: az-aks-cluster\ncurrent-context: az-aks-cluster\nkind: Config\npreferences: {}\nusers:\n- name: clusterUser_az-aks-rg_az-aks-cluster\n  user:\n    client-certificate-data: LS0tLS1CRUdJTiBDRVJUSUZJQ0FURS0tLS0tCk1JSUZIVENDQXdXZ0F3SUJBZ0lRTllZZWtvRXljSVp4b0MrY3BnZk5tREFOQmdrcWhraUc5dzBCQVFzRkFEQU4KTVFzd0NRWURWUVFERXdKallUQWVGdzB5TWpBNE1ETXdNekE1TlRsYUZ3MHlOREE0TURNd016RTVOVGxhTURBeApGekFWQmdOVkJBb1REbk41YzNSbGJUcHRZWE4wWlhKek1SVXdFd1lEVlFRREV3eHRZWE4wWlhKamJHbGxiblF3CmdnSWlNQTBHQ1NxR1NJYjNEUUVCQVFVQUE0SUNEd0F3Z2dJS0FvSUNBUUQwaGk3ODJMWjZzdGNMWTVXRnJzNnYKZ0FBZnl6VVY4NmRaNGs0d1pXMWRFVGZuTEZvSFZOTjBXbXhHTXd0QW85VzhZZFRLb3FwZUNQOEhOTkFDVDNFWAo0NHFWVTJRWVdzK1JkQVRZTzUyYU10dFdEamRCRHRzQUMwdHdHNUgzWU1zYU1TS3FpclhTNmI2S1NsUGFXSDRHCnVlVVZSMzBzOTk4d2RmN0dEMGVWNUthbjYzbUdKUDNvSmpzOW5UYkduR1Fpb1IrdlQ3TWNHUTFqQlJSdElGbkUKb0VaKy9Ha2hFRTIxb09sdjQvalZzaUxKUk1lTmtBUUpsWm14Q21xamhCVWNiY1YybEQ0Ykk5dCt3OXR4emhBRwo5Z1B4aWIyQTdiakNzVUs2VnpWUEJrUURxaEExZVVnN2paSHBwdFViWHlpUjMyaDJSV2JWMEs1RkhNaCtiOU56CmV1eS9rY2ptVlZDeFIvUVZkaWs4RDJSWitMOEZnZlBBWDVxK3RsUWZ5M1JtbjQ3WHhrbnFzS0FVSUJRN2huZWoKOEdjQ3Y0ZFV0VndiU0FnV1NNRm5nRlZEMDJBOFhHc2g2ck1CSXlKQ2hwY2RuK3lYM2FycVkxUW1lSlVYQmF1cQpKTUR0RVE2eTd1cDJHdmZDOEpLeUlNVjdBMFJXZjlib2VsWTFXdUlkWlF6OGxWUFFEWllGU0ttYVptYk9CZXlZCkgyYnlGRVp6RTBBSHByY0ovTHNSNU90ZlRpMXdkWllzbWxGWHhHSG4zYWlqSlVIS01nYk1aK1ErWUhQdkFqbUcKNW5PS20rL1FSd2dxLzZFZ2FsNjZWUmxMbVYzRWtaOTByWWkzenBRMjdGSFMwK0djdFNiZ0Z4K2dpY0hOeXFpYwpDNEx5TGpmNDYvbDgxWGRFRloyZkx3SURBUUFCbzFZd1ZEQU9CZ05WSFE4QkFmOEVCQU1DQmFBd0V3WURWUjBsCkJBd3dDZ1lJS3dZQkJRVUhBd0l3REFZRFZSMFRBUUgvQkFJd0FEQWZCZ05WSFNNRUdEQVdnQlJHdENxSkFmeHUKL2JuM3g0K1k4a1M2djdlYW5EQU5CZ2txaGtpRzl3MEJBUXNGQUFPQ0FnRUFON1JqTFd4WFYwZWlNMmFZSi81TQp6bTM4bnk0UnFibXEzQ3ZxNGVLemh6c21PS2lsNWZTQUQ2ZjRZbWp0SXFmT2tsUXk5andzN2R2Z2laMEluODhUCmZKRDB5VFdVRnFSY29lU1hiRit3LzJEY0pJd2x5bThRdWpyMi91REdhZXFSamczdkk1WHhwSWhrdXdRdXQ2Y3EKemlWYmZpaUg1K1hlZmVlMXluSkFodThrVlJ3aFM5V2thcXN6RUdYcDNsRkhuaTAxTzh0UmtJaTQzOHh1WDcvNQpsMzVEd2p3eTFMR2ZQekUydFFYc3ArUk81dkdIVHd5RWJxZWxnUDhXSVFDQmV0bkFMQ0d5RVI0VElKemg0Y0dYCndPcXIxckxFVE9abWRmK1RsdmFUYkpoRGpwc2pCZms2QzFiNWF5ZVRERU9xOHdUK3ZGR1NxTGdXazJoZDNxVGYKbDJCejJEOW43bi90R2pEOUFUamZkOWxuVnpuUnhCWDkwZ1NET0VnK1hzRDlya1VhMlBOMU5xYWFhUVVjdXFKZwp2ZHM2WlJxajdoSFo0TFBlWWtUTDVEUFY2SDhUdHVCUVhGMkhudm5sSnB4Z0R2OEZGSHRVajQ3V0dqOWs4N3RxCkdqdkI2SHFzTGtYWXlxTlE4YXhFU0lQeHIvVjlqci9JUEhDTG9XM2lWN3VkQmQzVjZrZVdPSHFJMmprMGVpcTMKK2VNV3E3N1lENVRNSWRNUkpSMXFyU2J2V3Avb3A1VVAzZTVPelEyZ2ZsL2hWeHl4MHk3eDJ6Y29Xd3ZyYUhCVwpqckNLU1lJUkZhMlJrb2hHRnB6cURuYy9sRTJvSmgzTUVzZTNYYk1DYUdSaUl6STE1Y091NFdrUGY3U0MzNnFwCnBTN0dFTCt0aEhQVzFIV3R3Z3pFd3pNPQotLS0tLUVORCBDRVJUSUZJQ0FURS0tLS0tCg==\n    client-key-data: LS0tLS1CRUdJTiBSU0EgUFJJVkFURSBLRVktLS0tLQpNSUlKS1FJQkFBS0NBZ0VBOUlZdS9OaTJlckxYQzJPVmhhN09yNEFBSDhzMUZmT25XZUpPTUdWdFhSRTM1eXhhCkIxVFRkRnBzUmpNTFFLUFZ2R0hVeXFLcVhnai9CelRRQWs5eEYrT0tsVk5rR0ZyUGtYUUUyRHVkbWpMYlZnNDMKUVE3YkFBdExjQnVSOTJETEdqRWlxb3ExMHVtK2lrcFQybGgrQnJubEZVZDlMUGZmTUhYK3hnOUhsZVNtcCt0NQpoaVQ5NkNZN1BaMDJ4cHhrSXFFZnIwK3pIQmtOWXdVVWJTQlp4S0JHZnZ4cElSQk50YURwYitQNDFiSWl5VVRICmpaQUVDWldac1FwcW80UVZIRzNGZHBRK0d5UGJmc1BiY2M0UUJ2WUQ4WW05Z08yNHdyRkN1bGMxVHdaRUE2b1EKTlhsSU80MlI2YWJWRzE4b2tkOW9ka1ZtMWRDdVJSeklmbS9UYzNyc3Y1SEk1bFZRc1VmMEZYWXBQQTlrV2ZpLwpCWUh6d0YrYXZyWlVIOHQwWnArTzE4Wko2ckNnRkNBVU80WjNvL0JuQXIrSFZMVmNHMGdJRmtqQlo0QlZROU5nClBGeHJJZXF6QVNNaVFvYVhIWi9zbDkycTZtTlVKbmlWRndXcnFpVEE3UkVPc3U3cWRocjN3dkNTc2lERmV3TkUKVm4vVzZIcFdOVnJpSFdVTS9KVlQwQTJXQlVpcG1tWm16Z1hzbUI5bThoUkdjeE5BQjZhM0NmeTdFZVRyWDA0dApjSFdXTEpwUlY4Umg1OTJvb3lWQnlqSUd6R2ZrUG1Cejd3STVodVp6aXB2djBFY0lLditoSUdwZXVsVVpTNWxkCnhKR2ZkSzJJdDg2VU51eFIwdFBobkxVbTRCY2ZvSW5CemNxb25BdUM4aTQzK092NWZOVjNSQldkbnk4Q0F3RUEKQVFLQ0FnQitEZ0tCRkZNVjg4WUtOLzhuMkZMeWhFRU1JdHl1QVZxZmFwdTJOVU5vdSt5ZXZ1MTJaQk5TSXg4NApIUzVLMTJyaTMyZ3NRaWtqcXUyVjBITC9EZWNXVXBYcG53QzEwWEs1NEI1elBtQmowcDNod2hoWDhJbVRmejhYCmZ3OERnU0dTMGd1MThTWUVvYjA1VzFIWStNK1hOaFBUb1hQMVQ1NytRNFhnb3BYYnZ2RHZGZVFpOUVUMGZXa0MKdlY0MGl3RFFIVkhSTlh2M0d5OGNnY3ppNk05K0hzWFl4dFNIVi9sSGpibHBsaE44VG9YQ1RqTzFWYTNQSnhFQgpCSWF1M3ZObklXdXZVb0tseVJscFF4eUlrWnNQaTVuQzFhZ2NvL0FnWmZNcFRyWExsRVpSd1VUejNCOFJuRXpCCkwrRWlhQzdvN0V2VTFMaEx0M1Z2YVlRdU1nWEZ1M3BDWXFCUytXV3ByaUppbCs2V1RSbjdhOC9ZTzI0RVRsUFcKNVg4S3poc3NTOFJqNk5IQitkMTZGNHVqWkZ1OElFUGZHenpVL3ZJdE5JY0x4RXh6TFFxbnpvemlaTlZucjJqQwo4cjJDZzcxOGdHZkhlM0ZVZC9iTlZHR3U5cHRXcGZ5Q0x6YkIydyttMVRibFJLcDVpVVY2NkZUOWg3Yi9ydzNxCmovMERjYUl6UHFMU3VjS1pNM3MydEtlU0pvNU5yaFBIckxGOU92SmVkQkhYSThZS2h0RlhnRk8yay9ONnkzV3cKYitTa0k1ZlYrcXRrRUZtZE5WQjVHay8welQ2eTdIZ1haZVRqaHBzSkxSWGttK3ZLK0tBM0hLb0E3V3ovZnA1aQp3NjdQNDIvL3ExRVlCQTZuY1A2dXU1Z2pBbzFQS2x3MFdXZmcvdVpKbVJlOCs5NW9vUUtDQVFFQS9ORGwxdjY1CmlTR1BpQWJ6UWQ1a0FmZUZrWGh6c2d0RXMwY09abzZQWWc2cEpqSUQzZGt0R29CTzF6eUdIN0ZmRXZVbUR6NDIKUEdqb1FQazVucnBnQldoM1FtckhsMjFMUVcxbXN3eUtOYkNFU01QM1BtZlMxLzk4NDhrbENYdFpWYVF6ZkIwNgptSEhVWmRLdm5ZUVJLZVI2TDRWTG5CdVBiRzN1ZHRidnRJMDhvZ2RLcGwyNU5ZQnhVL0VGRVNxZFZRMlpPWlpMCmJKVENXMWxqSFV3RDJBTkJBcG9POTdTUFF2VFNIdWlmRGJlb1pxS1I2YmdvcEo0dm9RZ25pSWFCNGV6QytndUUKZlZnenUwTitnd0RxY2hyWHgwL1hWV2lTeUtzVWFSYU9qVEkzM2ZTUDZHenpWR2E1THU4ZTFOd3pxZ2VlbENpSApuVk1TcENseWo3YW1NUUtDQVFFQTk1cU5VaHgxMEpqTURUck5vNDUwWmRYUk15UkNWTnVvSEkrcFhGUHN0Y01MClZ0SG9VZGZ5QUd4SmJPWEh1VFVQbm4vN3YwdjVVby9jQXdSMnNZY0J0Y2wxcHhvamJkVENCYURvU0pLOGd4QUwKamVrTUE0NlgxMkhlRTFoeTh2TWVoZjlVeUdEcXVBcGx3NjRoYWZ6ekIxd0hBUXRXOWVuVTdaWGlTNEFJWWFFYgpLdURLb0JBRU1ocDdVekxkRHNvOHRkVnRmY1lQdjdVaUlkelNEeFFqekdUeno4aUZkcjQzRzhFbVZaZk9QMHBUCnRNaWxxY0w2VGRIbXp5eUFCUWp6NmhUZEFDVGIrUm9lU2hRYXQ5U3hqUzNuVklqOFQ1TTBoU1J1S2tyYTMyRE8Kc2oxUWFUc2JYeFpKN1JiUWJucnFiT1hoa3RSdlZydWdwOUdEQm1Galh3S0NBUUFXcE9kUlFIT0IwdDIyUTFrYQpkejdoNWpleWRlVjI5d2RxUDEwTTFvd0ZMbWI4SXRLeDFqZngvYmdTRXp1NEx2empCODRtNDEyY1A1RTk4SlMyCm9ON2szUnlCZUdyMEp6ZnNYazRxajE3NXZCdTlJTUJPZUtJcjhwaFBGcjhZZ0ZIYUYrRDhwdW1PcWZOcVExcXoKY3hiT2Q4Wng1ekNFaFB0dHJOTUZGZTlXYnFnVm95Mk9oU3FIbmorSVV6Z3U5M0FzSkJHclZNamdxdHBWc0VYdQpZOWFjVEg1UUsxaFgyM1pSZXZndkNJcm1nYUsxdnEzdkR5Mmt3UDVuSUFIYWVxRzdpS2RXR2gzOTFCNmVFVWVOCm1GRm5jdndNd0J2N2JHaHBUTm1CS0NJUWg0VDFmbWc5V3pUWVJITWx2d2sxNjVzOUNYMnNxNHlxREx6SXMyV3QKZGFDaEFvSUJBUURxdDNuc01zcUVlYlJGZms3ZUV2YklhbzZyK2wxZTcvTkhUL0J1YzZoYkRaQThOelFTRWJGNQpNUzNScTJsUGFydHB0MDFBcEphdTYyelc5MjVGRUFSUS9hOG9QeUVDeHNNK2JyQ0R5NFlrZ0J0VDVXM2NHVnBiCmRJeityY1FhQnRvU2tGOGdySzhVMDlad1R5dWh1NFh1bmhDTnJ1QTZzZldGVzZadmgrbHFFejBid29pU2YxeGEKMnJ1NXZPZk5VMjJGdWRMWGZlQUVEWU5Uc203Mm1GTHZPV3ZldHVtK0RNZFU2aDZhMlJOTTcvcTF6OWNyUElmbgpLV214VHkvMGxlNFRJci8xbVB0bUFwcGdBdnJvOVJsekNlYlhQaHhnbXQwWXNkWTFCVXpDb0pTUVpvdEpsaHgyCllUeW5JZzlvQytFYVpqa1Y1WWUrSXBORFF0c0FPMlhsQW9JQkFRQ290eVNSSkZpUnpRYklJRE9GVGRreWR0WksKV2w4TUVMaHdQbTRPOUoxZE9iZzBBV1d1SFhQdVZEUnZPWnpybXFHV0x0YU92U2NjZjB2Q1o2UDA3WWs5b3BjdgpFU3ZMbFUwTDNodWZiYTlZdWFtVi9lTzJqR1dKcitQYkNOSFNPa0tLMTg5Y2t5dXF3QTVmaEhyK0JkNlRaSlRWCkVkbzVwc01ISWJIcWtrTllHUUtIQ2FGQmM5bWdtaEsrSGR1S3U2dDEzOGxwS2YxVXB0N1U4UU1MNXl4Q3p1SUEKelBQcm9DVTk1UlY3UXA4dWxjcnFCdmxQcmtwZkg0emt2b3JoOEhFZFp2TXcwWlZkZlNCVUdjcGl1RFNrK3ZCcgp5NG9lMklWMEgvYkFkUEx0eHQrc21WcE4xb3ZrZ0k3Smt4dzdoOGw1Sy96VlluL0t0YVdWazdDcVZFVWQKLS0tLS1FTkQgUlNBIFBSSVZBVEUgS0VZLS0tLS0K\n    token: dd45142d9db7b9a1dee3d5b55cdd4d2c3416d1801c8883c03e45e0fd7ba1f66d70a6be23846637060682c160c7c6187d17e7262c9b26c1d3046ab7b85c834706\n",
            "kubelet_identity": [
              {
                "client_id": "9d8fd559-1955-42a2-a0b3-d2431122b055",
                "object_id": "00b43c51-42e2-4199-b4d9-532ae085c262",
                "user_assigned_identity_id": "/subscriptions/6c4e9574-4336-4d6d-925c-64687d7d97d6/resourceGroups/MC_az-aks-rg_az-aks-cluster_eastus2/providers/Microsoft.ManagedIdentity/userAssignedIdentities/az-aks-cluster-agentpool"
              }
            ],
            "kubernetes_version": "1.22.11",
            "linux_profile": [],
            "local_account_disabled": false,
            "location": "eastus2",
            "maintenance_window": [],
            "microsoft_defender": [],
            "name": "az-aks-cluster",
            "network_profile": [
              {
                "dns_service_ip": "10.0.0.10",
                "docker_bridge_cidr": "172.17.0.1/16",
                "ip_versions": [
                  "IPv4"
                ],
                "load_balancer_profile": [
                  {
                    "effective_outbound_ips": [],
                    "idle_timeout_in_minutes": 0,
                    "managed_outbound_ip_count": 0,
                    "outbound_ip_address_ids": [],
                    "outbound_ip_prefix_ids": [],
                    "outbound_ports_allocated": 0
                  }
                ],
                "load_balancer_sku": "standard",
                "nat_gateway_profile": [],
                "network_mode": "transparent",
                "network_plugin": "azure",
                "network_policy": "",
                "outbound_type": "userDefinedRouting",
                "pod_cidr": "",
                "service_cidr": "10.0.0.0/16"
              }
            ],
            "node_resource_group": "MC_az-aks-rg_az-aks-cluster_eastus2",
            "oidc_issuer_enabled": false,
            "oidc_issuer_url": "",
            "oms_agent": [],
            "open_service_mesh_enabled": false,
            "portal_fqdn": "az-aks-f9345275.portal.hcp.eastus2.azmk8s.io",
            "private_cluster_enabled": false,
            "private_cluster_public_fqdn_enabled": false,
            "private_dns_zone_id": "",
            "private_fqdn": "",
            "public_network_access_enabled": true,
            "resource_group_name": "az-aks-rg",
            "role_based_access_control_enabled": true,
            "run_command_enabled": true,
            "service_principal": [],
            "sku_tier": "Free",
            "tags": {},
            "timeouts": null,
            "windows_profile": [
              {
                "admin_password": "",
                "admin_username": "azureuser",
                "license": ""
              }
            ]
          },
          "sensitive_attributes": [],
          "private": "eyJlMmJmYjczMC1lY2FhLTExZTYtOGY4OC0zNDM2M2JjN2M0YzAiOnsiY3JlYXRlIjo1NDAwMDAwMDAwMDAwLCJkZWxldGUiOjU0MDAwMDAwMDAwMDAsInJlYWQiOjMwMDAwMDAwMDAwMCwidXBkYXRlIjo1NDAwMDAwMDAwMDAwfSwic2NoZW1hX3ZlcnNpb24iOiIyIn0=",
          "dependencies": [
            "aviatrix_account.az_account",
            "aviatrix_spoke_gateway.aks-spoke-gw",
            "aviatrix_spoke_transit_attachment.az-aks-transit-attach",
            "aviatrix_transit_gateway.az-firenet-gw",
            "aviatrix_vpc.az-vpcs",
            "azurerm_resource_group.az-aks-rg",
            "azurerm_resource_group.az-rg",
            "azurerm_route_table.az-aks-snet-rt",
            "azurerm_subnet.az-aks-agic-snet",
            "azurerm_subnet.az-aks-snet",
            "azurerm_subnet.az-avtx-gw-snets",
            "azurerm_subnet_route_table_association.az-aks-rt-assc",
            "azurerm_virtual_network.az-aks-vnet"
          ]
        }
      ]
    },
    {
      "mode": "managed",
      "type": "azurerm_log_analytics_workspace",
      "name": "az-fw-law",
      "provider": "provider[\"registry.terraform.io/hashicorp/azurerm\"]",
      "instances": [
        {
          "schema_version": 2,
          "attributes": {
            "daily_quota_gb": -1,
            "id": "/subscriptions/6c4e9574-4336-4d6d-925c-64687d7d97d6/resourceGroups/az-avtx-rg/providers/Microsoft.OperationalInsights/workspaces/az-fw-law",
            "internet_ingestion_enabled": true,
            "internet_query_enabled": true,
            "location": "eastus2",
            "name": "az-fw-law",
            "primary_shared_key": "e8e9FDPq9sLV/IumaTzGOGqOZLGoBnsyptClpJhN6VSGPyoDSyx00ILs7fP+hxOGnur+7I70QrPpfZCHOKqX1w==",
            "reservation_capacity_in_gb_per_day": null,
            "resource_group_name": "az-avtx-rg",
            "retention_in_days": 30,
            "secondary_shared_key": "BEcvesNIEnkvaiSyeu5k5ygMeZq09M7pjZ6Tshg5ytq6cx0wlOMELZH8Ik1ARdu8O14G9umbwVyE1gEU6qXRfw==",
            "sku": "PerGB2018",
            "tags": {},
            "timeouts": null,
            "workspace_id": "eddff657-8a6f-458f-b8a2-5c6aa3060c04"
          },
          "sensitive_attributes": [],
          "private": "eyJlMmJmYjczMC1lY2FhLTExZTYtOGY4OC0zNDM2M2JjN2M0YzAiOnsiY3JlYXRlIjoxODAwMDAwMDAwMDAwLCJkZWxldGUiOjE4MDAwMDAwMDAwMDAsInJlYWQiOjMwMDAwMDAwMDAwMCwidXBkYXRlIjoxODAwMDAwMDAwMDAwfSwic2NoZW1hX3ZlcnNpb24iOiIyIn0=",
          "dependencies": [
            "azurerm_resource_group.az-rg"
          ]
        }
      ]
    },
    {
      "mode": "managed",
      "type": "azurerm_monitor_diagnostic_setting",
      "name": "az-fw-diags",
      "provider": "provider[\"registry.terraform.io/hashicorp/azurerm\"]",
      "instances": [
        {
          "schema_version": 0,
          "attributes": {
            "eventhub_authorization_rule_id": "",
            "eventhub_name": "",
            "id": "/subscriptions/6c4e9574-4336-4d6d-925c-64687d7d97d6/resourceGroups/az-avtx-rg/providers/Microsoft.Network/azureFirewalls/az-fw|az-fw-diag",
            "log": [
              {
                "category": "AZFWApplicationRule",
                "enabled": true,
                "retention_policy": []
              },
              {
                "category": "AZFWApplicationRuleAggregation",
                "enabled": true,
                "retention_policy": []
              },
              {
                "category": "AZFWDnsQuery",
                "enabled": true,
                "retention_policy": []
              },
              {
                "category": "AZFWFqdnResolveFailure",
                "enabled": true,
                "retention_policy": []
              },
              {
                "category": "AZFWIdpsSignature",
                "enabled": true,
                "retention_policy": []
              },
              {
                "category": "AZFWNatRule",
                "enabled": true,
                "retention_policy": []
              },
              {
                "category": "AZFWNatRuleAggregation",
                "enabled": true,
                "retention_policy": []
              },
              {
                "category": "AZFWNetworkRule",
                "enabled": true,
                "retention_policy": []
              },
              {
                "category": "AZFWNetworkRuleAggregation",
                "enabled": true,
                "retention_policy": []
              },
              {
                "category": "AZFWThreatIntel",
                "enabled": true,
                "retention_policy": []
              },
              {
                "category": "AzureFirewallApplicationRule",
                "enabled": true,
                "retention_policy": []
              },
              {
                "category": "AzureFirewallDnsProxy",
                "enabled": true,
                "retention_policy": []
              },
              {
                "category": "AzureFirewallNetworkRule",
                "enabled": true,
                "retention_policy": []
              }
            ],
            "log_analytics_destination_type": "Dedicated",
            "log_analytics_workspace_id": "/subscriptions/6c4e9574-4336-4d6d-925c-64687d7d97d6/resourceGroups/az-avtx-rg/providers/Microsoft.OperationalInsights/workspaces/az-fw-law",
            "metric": [
              {
                "category": "AllMetrics",
                "enabled": true,
                "retention_policy": []
              }
            ],
            "name": "az-fw-diag",
            "storage_account_id": "",
            "target_resource_id": "/subscriptions/6c4e9574-4336-4d6d-925c-64687d7d97d6/resourceGroups/az-avtx-rg/providers/Microsoft.Network/azureFirewalls/az-fw",
            "timeouts": null
          },
          "sensitive_attributes": [],
          "private": "eyJlMmJmYjczMC1lY2FhLTExZTYtOGY4OC0zNDM2M2JjN2M0YzAiOnsiY3JlYXRlIjoxODAwMDAwMDAwMDAwLCJkZWxldGUiOjM2MDAwMDAwMDAwMDAsInJlYWQiOjMwMDAwMDAwMDAwMCwidXBkYXRlIjoxODAwMDAwMDAwMDAwfX0=",
          "dependencies": [
            "azurerm_firewall.az-fw",
            "azurerm_firewall_policy.az-fw-pol",
            "azurerm_log_analytics_workspace.az-fw-law",
            "data.azurerm_monitor_diagnostic_categories.az-fw-log-cat"
          ]
        }
      ]
    },
    {
      "mode": "managed",
      "type": "azurerm_mssql_database",
      "name": "az-aks-sql-db",
      "provider": "provider[\"registry.terraform.io/hashicorp/azurerm\"]",
      "instances": [
        {
          "schema_version": 1,
          "attributes": {
            "auto_pause_delay_in_minutes": 0,
            "collation": "SQL_Latin1_General_CP1_CI_AS",
            "create_mode": "Default",
            "creation_source_database_id": null,
            "elastic_pool_id": "",
            "geo_backup_enabled": true,
            "id": "/subscriptions/6c4e9574-4336-4d6d-925c-64687d7d97d6/resourceGroups/az-aks-rg/providers/Microsoft.Sql/servers/az-sql-9h4nr6/databases/az-sql-db",
            "ledger_enabled": false,
            "license_type": "",
            "long_term_retention_policy": [
              {
                "monthly_retention": "PT0S",
                "week_of_year": 0,
                "weekly_retention": "PT0S",
                "yearly_retention": "PT0S"
              }
            ],
            "max_size_gb": 2,
            "min_capacity": 0,
            "name": "az-sql-db",
            "read_replica_count": 0,
            "read_scale": false,
            "recover_database_id": null,
            "restore_dropped_database_id": null,
            "restore_point_in_time": null,
            "sample_name": null,
            "server_id": "/subscriptions/6c4e9574-4336-4d6d-925c-64687d7d97d6/resourceGroups/az-aks-rg/providers/Microsoft.Sql/servers/az-sql-9h4nr6",
            "short_term_retention_policy": [
              {
                "backup_interval_in_hours": 24,
                "retention_days": 7
              }
            ],
            "sku_name": "Basic",
            "storage_account_type": "Geo",
            "tags": {},
            "threat_detection_policy": [
              {
                "disabled_alerts": [],
                "email_account_admins": "Disabled",
                "email_addresses": [],
                "retention_days": 0,
                "state": "Disabled",
                "storage_account_access_key": "",
                "storage_endpoint": ""
              }
            ],
            "timeouts": null,
            "transparent_data_encryption_enabled": true,
            "zone_redundant": false
          },
          "sensitive_attributes": [],
          "private": "eyJlMmJmYjczMC1lY2FhLTExZTYtOGY4OC0zNDM2M2JjN2M0YzAiOnsiY3JlYXRlIjozNjAwMDAwMDAwMDAwLCJkZWxldGUiOjM2MDAwMDAwMDAwMDAsInJlYWQiOjMwMDAwMDAwMDAwMCwidXBkYXRlIjozNjAwMDAwMDAwMDAwfSwic2NoZW1hX3ZlcnNpb24iOiIxIn0=",
          "dependencies": [
            "azurerm_mssql_server.az-aks-sql",
            "azurerm_resource_group.az-aks-rg",
            "random_string.az-avtxlabsa-random"
          ]
        }
      ]
    },
    {
      "mode": "managed",
      "type": "azurerm_mssql_server",
      "name": "az-aks-sql",
      "provider": "provider[\"registry.terraform.io/hashicorp/azurerm\"]",
      "instances": [
        {
          "schema_version": 0,
          "attributes": {
            "administrator_login": "avtxadmin",
            "administrator_login_password": "P@ssw0rd12345!",
            "azuread_administrator": [],
            "connection_policy": "Default",
            "fully_qualified_domain_name": "az-sql-9h4nr6.database.windows.net",
            "id": "/subscriptions/6c4e9574-4336-4d6d-925c-64687d7d97d6/resourceGroups/az-aks-rg/providers/Microsoft.Sql/servers/az-sql-9h4nr6",
            "identity": [],
            "location": "eastus2",
            "minimum_tls_version": "1.2",
            "name": "az-sql-9h4nr6",
            "outbound_network_restriction_enabled": false,
            "primary_user_assigned_identity_id": "",
            "public_network_access_enabled": true,
            "resource_group_name": "az-aks-rg",
            "restorable_dropped_database_ids": [],
            "tags": {},
            "timeouts": null,
            "version": "12.0"
          },
          "sensitive_attributes": [],
          "private": "eyJlMmJmYjczMC1lY2FhLTExZTYtOGY4OC0zNDM2M2JjN2M0YzAiOnsiY3JlYXRlIjozNjAwMDAwMDAwMDAwLCJkZWxldGUiOjM2MDAwMDAwMDAwMDAsInJlYWQiOjMwMDAwMDAwMDAwMCwidXBkYXRlIjozNjAwMDAwMDAwMDAwfX0=",
          "dependencies": [
            "azurerm_resource_group.az-aks-rg",
            "random_string.az-avtxlabsa-random"
          ]
        }
      ]
    },
    {
      "mode": "managed",
      "type": "azurerm_network_interface",
      "name": "az-fw-dummy-lan-nic",
      "provider": "provider[\"registry.terraform.io/hashicorp/azurerm\"]",
      "instances": [
        {
          "schema_version": 0,
          "attributes": {
            "applied_dns_servers": [],
            "dns_servers": [],
            "edge_zone": "",
            "enable_accelerated_networking": false,
            "enable_ip_forwarding": true,
            "id": "/subscriptions/6c4e9574-4336-4d6d-925c-64687d7d97d6/resourceGroups/az-avtx-rg/providers/Microsoft.Network/networkInterfaces/az-fw-dummy-lan-nic",
            "internal_dns_name_label": "",
            "internal_domain_name_suffix": "n4jkyl0sbyoefmlg0zptl0b5ra.cx.internal.cloudapp.net",
            "ip_configuration": [
              {
                "gateway_load_balancer_frontend_ip_configuration_id": "",
                "name": "az-fw-dummy-lan-nic",
                "primary": true,
                "private_ip_address": "10.0.0.84",
                "private_ip_address_allocation": "Dynamic",
                "private_ip_address_version": "IPv4",
                "public_ip_address_id": "",
                "subnet_id": "/subscriptions/6c4e9574-4336-4d6d-925c-64687d7d97d6/resourceGroups/az-avtx-rg/providers/Microsoft.Network/virtualNetworks/az-transit-firenet-vnet/subnets/av-gw-az-transit-firenet-dmz-firewall-lan"
              }
            ],
            "location": "eastus2",
            "mac_address": "00-0D-3A-7E-08-3E",
            "name": "az-fw-dummy-lan-nic",
            "private_ip_address": "10.0.0.84",
            "private_ip_addresses": [
              "10.0.0.84"
            ],
            "resource_group_name": "az-avtx-rg",
            "tags": {},
            "timeouts": null,
            "virtual_machine_id": "/subscriptions/6c4e9574-4336-4d6d-925c-64687d7d97d6/resourceGroups/az-avtx-rg/providers/Microsoft.Compute/virtualMachines/az-fw"
          },
          "sensitive_attributes": [],
          "private": "eyJlMmJmYjczMC1lY2FhLTExZTYtOGY4OC0zNDM2M2JjN2M0YzAiOnsiY3JlYXRlIjoxODAwMDAwMDAwMDAwLCJkZWxldGUiOjE4MDAwMDAwMDAwMDAsInJlYWQiOjMwMDAwMDAwMDAwMCwidXBkYXRlIjoxODAwMDAwMDAwMDAwfX0=",
          "dependencies": [
            "aviatrix_account.az_account",
            "aviatrix_transit_gateway.az-firenet-gw",
            "aviatrix_vpc.az-vpcs",
            "azurerm_resource_group.az-rg",
            "data.azurerm_subnet.az-fw-dummy-lan-snet",
            "data.azurerm_virtual_network.az-fw-vnet"
          ]
        }
      ]
    },
    {
      "mode": "managed",
      "type": "azurerm_network_interface",
      "name": "az-fw-dummy-mgmt-nic",
      "provider": "provider[\"registry.terraform.io/hashicorp/azurerm\"]",
      "instances": [
        {
          "schema_version": 0,
          "attributes": {
            "applied_dns_servers": [],
            "dns_servers": [],
            "edge_zone": "",
            "enable_accelerated_networking": false,
            "enable_ip_forwarding": false,
            "id": "/subscriptions/6c4e9574-4336-4d6d-925c-64687d7d97d6/resourceGroups/az-avtx-rg/providers/Microsoft.Network/networkInterfaces/az-fw-dummy-mgmt-nic",
            "internal_dns_name_label": "",
            "internal_domain_name_suffix": "n4jkyl0sbyoefmlg0zptl0b5ra.cx.internal.cloudapp.net",
            "ip_configuration": [
              {
                "gateway_load_balancer_frontend_ip_configuration_id": "",
                "name": "az-fw-dummy-mgmt-nic",
                "primary": true,
                "private_ip_address": "10.0.0.37",
                "private_ip_address_allocation": "Dynamic",
                "private_ip_address_version": "IPv4",
                "public_ip_address_id": "/subscriptions/6c4e9574-4336-4d6d-925c-64687d7d97d6/resourceGroups/az-avtx-rg/providers/Microsoft.Network/publicIPAddresses/az-fw-dummy-mgmt-pip",
                "subnet_id": "/subscriptions/6c4e9574-4336-4d6d-925c-64687d7d97d6/resourceGroups/az-avtx-rg/providers/Microsoft.Network/virtualNetworks/az-transit-firenet-vnet/subnets/az-transit-firenet-vnet-Public-gateway-and-firewall-mgmt-1"
              }
            ],
            "location": "eastus2",
            "mac_address": "00-0D-3A-7E-08-8A",
            "name": "az-fw-dummy-mgmt-nic",
            "private_ip_address": "10.0.0.37",
            "private_ip_addresses": [
              "10.0.0.37"
            ],
            "resource_group_name": "az-avtx-rg",
            "tags": {},
            "timeouts": null,
            "virtual_machine_id": "/subscriptions/6c4e9574-4336-4d6d-925c-64687d7d97d6/resourceGroups/az-avtx-rg/providers/Microsoft.Compute/virtualMachines/az-fw"
          },
          "sensitive_attributes": [],
          "private": "eyJlMmJmYjczMC1lY2FhLTExZTYtOGY4OC0zNDM2M2JjN2M0YzAiOnsiY3JlYXRlIjoxODAwMDAwMDAwMDAwLCJkZWxldGUiOjE4MDAwMDAwMDAwMDAsInJlYWQiOjMwMDAwMDAwMDAwMCwidXBkYXRlIjoxODAwMDAwMDAwMDAwfX0=",
          "dependencies": [
            "aviatrix_account.az_account",
            "aviatrix_transit_gateway.az-firenet-gw",
            "aviatrix_vpc.az-vpcs",
            "azurerm_public_ip.az-fw-dummy-mgmt-pip",
            "azurerm_resource_group.az-rg",
            "data.azurerm_subnet.az-fw-dummy-mgmt-snet",
            "data.azurerm_virtual_network.az-fw-vnet"
          ]
        }
      ]
    },
    {
      "mode": "managed",
      "type": "azurerm_network_interface",
      "name": "az-fw-dummy-wan-nic",
      "provider": "provider[\"registry.terraform.io/hashicorp/azurerm\"]",
      "instances": [
        {
          "schema_version": 0,
          "attributes": {
            "applied_dns_servers": [],
            "dns_servers": [],
            "edge_zone": "",
            "enable_accelerated_networking": false,
            "enable_ip_forwarding": false,
            "id": "/subscriptions/6c4e9574-4336-4d6d-925c-64687d7d97d6/resourceGroups/az-avtx-rg/providers/Microsoft.Network/networkInterfaces/az-fw-dummy-wan-nic",
            "internal_dns_name_label": "",
            "internal_domain_name_suffix": "n4jkyl0sbyoefmlg0zptl0b5ra.cx.internal.cloudapp.net",
            "ip_configuration": [
              {
                "gateway_load_balancer_frontend_ip_configuration_id": "",
                "name": "az-fw-dummy-wan-nic",
                "primary": true,
                "private_ip_address": "10.0.0.4",
                "private_ip_address_allocation": "Dynamic",
                "private_ip_address_version": "IPv4",
                "public_ip_address_id": "/subscriptions/6c4e9574-4336-4d6d-925c-64687d7d97d6/resourceGroups/az-avtx-rg/providers/Microsoft.Network/publicIPAddresses/az-fw-dummy-wan-pip",
                "subnet_id": "/subscriptions/6c4e9574-4336-4d6d-925c-64687d7d97d6/resourceGroups/az-avtx-rg/providers/Microsoft.Network/virtualNetworks/az-transit-firenet-vnet/subnets/az-transit-firenet-vnet-Public-FW-ingress-egress-1"
              }
            ],
            "location": "eastus2",
            "mac_address": "00-0D-3A-7E-09-E1",
            "name": "az-fw-dummy-wan-nic",
            "private_ip_address": "10.0.0.4",
            "private_ip_addresses": [
              "10.0.0.4"
            ],
            "resource_group_name": "az-avtx-rg",
            "tags": {},
            "timeouts": null,
            "virtual_machine_id": "/subscriptions/6c4e9574-4336-4d6d-925c-64687d7d97d6/resourceGroups/az-avtx-rg/providers/Microsoft.Compute/virtualMachines/az-fw"
          },
          "sensitive_attributes": [],
          "private": "eyJlMmJmYjczMC1lY2FhLTExZTYtOGY4OC0zNDM2M2JjN2M0YzAiOnsiY3JlYXRlIjoxODAwMDAwMDAwMDAwLCJkZWxldGUiOjE4MDAwMDAwMDAwMDAsInJlYWQiOjMwMDAwMDAwMDAwMCwidXBkYXRlIjoxODAwMDAwMDAwMDAwfX0=",
          "dependencies": [
            "aviatrix_account.az_account",
            "aviatrix_transit_gateway.az-firenet-gw",
            "aviatrix_vpc.az-vpcs",
            "azurerm_public_ip.az-fw-dummy-wan-pip",
            "azurerm_resource_group.az-rg",
            "data.azurerm_subnet.az-fw-dummy-wan-snet",
            "data.azurerm_virtual_network.az-fw-vnet"
          ]
        }
      ]
    },
    {
      "mode": "managed",
      "type": "azurerm_network_interface",
      "name": "az-jumpbox-vm-nic",
      "provider": "provider[\"registry.terraform.io/hashicorp/azurerm\"]",
      "instances": [
        {
          "schema_version": 0,
          "attributes": {
            "applied_dns_servers": [],
            "dns_servers": [],
            "edge_zone": "",
            "enable_accelerated_networking": false,
            "enable_ip_forwarding": false,
            "id": "/subscriptions/6c4e9574-4336-4d6d-925c-64687d7d97d6/resourceGroups/az-avtx-rg/providers/Microsoft.Network/networkInterfaces/az-jumpbox-vm-nic",
            "internal_dns_name_label": "",
            "internal_domain_name_suffix": "5acrkglvff1upcfz3ayly0r1kc.cx.internal.cloudapp.net",
            "ip_configuration": [
              {
                "gateway_load_balancer_frontend_ip_configuration_id": "",
                "name": "az-jumpbox-vm-nic-ipcfg",
                "primary": true,
                "private_ip_address": "10.10.0.196",
                "private_ip_address_allocation": "Dynamic",
                "private_ip_address_version": "IPv4",
                "public_ip_address_id": "/subscriptions/6c4e9574-4336-4d6d-925c-64687d7d97d6/resourceGroups/az-avtx-rg/providers/Microsoft.Network/publicIPAddresses/az-jumpbox-vm-pip",
                "subnet_id": "/subscriptions/6c4e9574-4336-4d6d-925c-64687d7d97d6/resourceGroups/az-avtx-rg/providers/Microsoft.Network/virtualNetworks/az-spoke1-vnet/subnets/az-spoke1-vnet-Public-subnet-2"
              }
            ],
            "location": "eastus2",
            "mac_address": "60-45-BD-7A-F5-CA",
            "name": "az-jumpbox-vm-nic",
            "private_ip_address": "10.10.0.196",
            "private_ip_addresses": [
              "10.10.0.196"
            ],
            "resource_group_name": "az-avtx-rg",
            "tags": {},
            "timeouts": null,
            "virtual_machine_id": "/subscriptions/6c4e9574-4336-4d6d-925c-64687d7d97d6/resourceGroups/az-avtx-rg/providers/Microsoft.Compute/virtualMachines/az-jumpbox-vm"
          },
          "sensitive_attributes": [],
          "private": "eyJlMmJmYjczMC1lY2FhLTExZTYtOGY4OC0zNDM2M2JjN2M0YzAiOnsiY3JlYXRlIjoxODAwMDAwMDAwMDAwLCJkZWxldGUiOjE4MDAwMDAwMDAwMDAsInJlYWQiOjMwMDAwMDAwMDAwMCwidXBkYXRlIjoxODAwMDAwMDAwMDAwfX0=",
          "dependencies": [
            "aviatrix_account.az_account",
            "aviatrix_vpc.az-vpcs",
            "azurerm_public_ip.az-jumpbox-vm-pip",
            "azurerm_resource_group.az-rg"
          ]
        }
      ]
    },
    {
      "mode": "managed",
      "type": "azurerm_network_interface",
      "name": "az-spoke1-priv-vm-nic",
      "provider": "provider[\"registry.terraform.io/hashicorp/azurerm\"]",
      "instances": [
        {
          "schema_version": 0,
          "attributes": {
            "applied_dns_servers": [],
            "dns_servers": [],
            "edge_zone": "",
            "enable_accelerated_networking": false,
            "enable_ip_forwarding": false,
            "id": "/subscriptions/6c4e9574-4336-4d6d-925c-64687d7d97d6/resourceGroups/az-avtx-rg/providers/Microsoft.Network/networkInterfaces/az-spoke1-priv-vm-nic",
            "internal_dns_name_label": "",
            "internal_domain_name_suffix": "5acrkglvff1upcfz3ayly0r1kc.cx.internal.cloudapp.net",
            "ip_configuration": [
              {
                "gateway_load_balancer_frontend_ip_configuration_id": "",
                "name": "az-spoke1-priv-vm-nic-ipcfg",
                "primary": true,
                "private_ip_address": "10.10.0.132",
                "private_ip_address_allocation": "Dynamic",
                "private_ip_address_version": "IPv4",
                "public_ip_address_id": "",
                "subnet_id": "/subscriptions/6c4e9574-4336-4d6d-925c-64687d7d97d6/resourceGroups/az-avtx-rg/providers/Microsoft.Network/virtualNetworks/az-spoke1-vnet/subnets/az-spoke1-vnet-Private-subnet-1"
              }
            ],
            "location": "eastus2",
            "mac_address": "00-0D-3A-7A-68-01",
            "name": "az-spoke1-priv-vm-nic",
            "private_ip_address": "10.10.0.132",
            "private_ip_addresses": [
              "10.10.0.132"
            ],
            "resource_group_name": "az-avtx-rg",
            "tags": {},
            "timeouts": null,
            "virtual_machine_id": "/subscriptions/6c4e9574-4336-4d6d-925c-64687d7d97d6/resourceGroups/az-avtx-rg/providers/Microsoft.Compute/virtualMachines/az-spoke1-priv-vm"
          },
          "sensitive_attributes": [],
          "private": "eyJlMmJmYjczMC1lY2FhLTExZTYtOGY4OC0zNDM2M2JjN2M0YzAiOnsiY3JlYXRlIjoxODAwMDAwMDAwMDAwLCJkZWxldGUiOjE4MDAwMDAwMDAwMDAsInJlYWQiOjMwMDAwMDAwMDAwMCwidXBkYXRlIjoxODAwMDAwMDAwMDAwfX0=",
          "dependencies": [
            "aviatrix_account.az_account",
            "aviatrix_vpc.az-vpcs",
            "azurerm_resource_group.az-rg"
          ]
        }
      ]
    },
    {
      "mode": "managed",
      "type": "azurerm_network_interface_security_group_association",
      "name": "az-jumpbox-vm-nsg-assc",
      "provider": "provider[\"registry.terraform.io/hashicorp/azurerm\"]",
      "instances": [
        {
          "schema_version": 0,
          "attributes": {
            "id": "/subscriptions/6c4e9574-4336-4d6d-925c-64687d7d97d6/resourceGroups/az-avtx-rg/providers/Microsoft.Network/networkInterfaces/az-jumpbox-vm-nic|/subscriptions/6c4e9574-4336-4d6d-925c-64687d7d97d6/resourceGroups/az-avtx-rg/providers/Microsoft.Network/networkSecurityGroups/az-jumpbox-vm-nsg",
            "network_interface_id": "/subscriptions/6c4e9574-4336-4d6d-925c-64687d7d97d6/resourceGroups/az-avtx-rg/providers/Microsoft.Network/networkInterfaces/az-jumpbox-vm-nic",
            "network_security_group_id": "/subscriptions/6c4e9574-4336-4d6d-925c-64687d7d97d6/resourceGroups/az-avtx-rg/providers/Microsoft.Network/networkSecurityGroups/az-jumpbox-vm-nsg",
            "timeouts": null
          },
          "sensitive_attributes": [],
          "private": "eyJlMmJmYjczMC1lY2FhLTExZTYtOGY4OC0zNDM2M2JjN2M0YzAiOnsiY3JlYXRlIjoxODAwMDAwMDAwMDAwLCJkZWxldGUiOjE4MDAwMDAwMDAwMDAsInJlYWQiOjMwMDAwMDAwMDAwMCwidXBkYXRlIjoxODAwMDAwMDAwMDAwfX0=",
          "dependencies": [
            "aviatrix_account.az_account",
            "aviatrix_vpc.az-vpcs",
            "azurerm_network_interface.az-jumpbox-vm-nic",
            "azurerm_network_security_group.az-jumpbox-vm-nsg",
            "azurerm_public_ip.az-jumpbox-vm-pip",
            "azurerm_resource_group.az-rg",
            "data.http.get_ip"
          ]
        }
      ]
    },
    {
      "mode": "managed",
      "type": "azurerm_network_security_group",
      "name": "az-jumpbox-vm-nsg",
      "provider": "provider[\"registry.terraform.io/hashicorp/azurerm\"]",
      "instances": [
        {
          "schema_version": 0,
          "attributes": {
            "id": "/subscriptions/6c4e9574-4336-4d6d-925c-64687d7d97d6/resourceGroups/az-avtx-rg/providers/Microsoft.Network/networkSecurityGroups/az-jumpbox-vm-nsg",
            "location": "eastus2",
            "name": "az-jumpbox-vm-nsg",
            "resource_group_name": "az-avtx-rg",
            "security_rule": [
              {
                "access": "Allow",
                "description": "",
                "destination_address_prefix": "*",
                "destination_address_prefixes": [],
                "destination_application_security_group_ids": [],
                "destination_port_range": "*",
                "destination_port_ranges": [],
                "direction": "Inbound",
                "name": "Allow-home-access",
                "priority": 100,
                "protocol": "*",
                "source_address_prefix": "162.200.142.9/32",
                "source_address_prefixes": [],
                "source_application_security_group_ids": [],
                "source_port_range": "*",
                "source_port_ranges": []
              }
            ],
            "tags": {},
            "timeouts": null
          },
          "sensitive_attributes": [],
          "private": "eyJlMmJmYjczMC1lY2FhLTExZTYtOGY4OC0zNDM2M2JjN2M0YzAiOnsiY3JlYXRlIjoxODAwMDAwMDAwMDAwLCJkZWxldGUiOjE4MDAwMDAwMDAwMDAsInJlYWQiOjMwMDAwMDAwMDAwMCwidXBkYXRlIjoxODAwMDAwMDAwMDAwfX0=",
          "dependencies": [
            "azurerm_resource_group.az-rg",
            "data.http.get_ip"
          ]
        }
      ]
    },
    {
      "mode": "managed",
      "type": "azurerm_public_ip",
      "name": "az-fw-dummy-mgmt-pip",
      "provider": "provider[\"registry.terraform.io/hashicorp/azurerm\"]",
      "instances": [
        {
          "schema_version": 0,
          "attributes": {
            "allocation_method": "Static",
            "domain_name_label": null,
            "edge_zone": "",
            "fqdn": null,
            "id": "/subscriptions/6c4e9574-4336-4d6d-925c-64687d7d97d6/resourceGroups/az-avtx-rg/providers/Microsoft.Network/publicIPAddresses/az-fw-dummy-mgmt-pip",
            "idle_timeout_in_minutes": 4,
            "ip_address": "20.122.149.215",
            "ip_tags": {},
            "ip_version": "IPv4",
            "location": "eastus2",
            "name": "az-fw-dummy-mgmt-pip",
            "public_ip_prefix_id": null,
            "resource_group_name": "az-avtx-rg",
            "reverse_fqdn": null,
            "sku": "Standard",
            "sku_tier": "Regional",
            "tags": {},
            "timeouts": null,
            "zones": []
          },
          "sensitive_attributes": [],
          "private": "eyJlMmJmYjczMC1lY2FhLTExZTYtOGY4OC0zNDM2M2JjN2M0YzAiOnsiY3JlYXRlIjoxODAwMDAwMDAwMDAwLCJkZWxldGUiOjE4MDAwMDAwMDAwMDAsInJlYWQiOjMwMDAwMDAwMDAwMCwidXBkYXRlIjoxODAwMDAwMDAwMDAwfX0=",
          "dependencies": [
            "azurerm_resource_group.az-rg"
          ]
        }
      ]
    },
    {
      "mode": "managed",
      "type": "azurerm_public_ip",
      "name": "az-fw-dummy-wan-pip",
      "provider": "provider[\"registry.terraform.io/hashicorp/azurerm\"]",
      "instances": [
        {
          "schema_version": 0,
          "attributes": {
            "allocation_method": "Static",
            "domain_name_label": null,
            "edge_zone": "",
            "fqdn": null,
            "id": "/subscriptions/6c4e9574-4336-4d6d-925c-64687d7d97d6/resourceGroups/az-avtx-rg/providers/Microsoft.Network/publicIPAddresses/az-fw-dummy-wan-pip",
            "idle_timeout_in_minutes": 4,
            "ip_address": "20.122.150.22",
            "ip_tags": {},
            "ip_version": "IPv4",
            "location": "eastus2",
            "name": "az-fw-dummy-wan-pip",
            "public_ip_prefix_id": null,
            "resource_group_name": "az-avtx-rg",
            "reverse_fqdn": null,
            "sku": "Standard",
            "sku_tier": "Regional",
            "tags": {},
            "timeouts": null,
            "zones": []
          },
          "sensitive_attributes": [],
          "private": "eyJlMmJmYjczMC1lY2FhLTExZTYtOGY4OC0zNDM2M2JjN2M0YzAiOnsiY3JlYXRlIjoxODAwMDAwMDAwMDAwLCJkZWxldGUiOjE4MDAwMDAwMDAwMDAsInJlYWQiOjMwMDAwMDAwMDAwMCwidXBkYXRlIjoxODAwMDAwMDAwMDAwfX0=",
          "dependencies": [
            "azurerm_resource_group.az-rg"
          ]
        }
      ]
    },
    {
      "mode": "managed",
      "type": "azurerm_public_ip",
      "name": "az-fw-mgmt-pip",
      "provider": "provider[\"registry.terraform.io/hashicorp/azurerm\"]",
      "instances": [
        {
          "schema_version": 0,
          "attributes": {
            "allocation_method": "Static",
            "domain_name_label": null,
            "edge_zone": "",
            "fqdn": null,
            "id": "/subscriptions/6c4e9574-4336-4d6d-925c-64687d7d97d6/resourceGroups/az-avtx-rg/providers/Microsoft.Network/publicIPAddresses/az-fw-mgmt-pip",
            "idle_timeout_in_minutes": 4,
            "ip_address": "20.122.149.220",
            "ip_tags": {},
            "ip_version": "IPv4",
            "location": "eastus2",
            "name": "az-fw-mgmt-pip",
            "public_ip_prefix_id": null,
            "resource_group_name": "az-avtx-rg",
            "reverse_fqdn": null,
            "sku": "Standard",
            "sku_tier": "Regional",
            "tags": {},
            "timeouts": null,
            "zones": []
          },
          "sensitive_attributes": [],
          "private": "eyJlMmJmYjczMC1lY2FhLTExZTYtOGY4OC0zNDM2M2JjN2M0YzAiOnsiY3JlYXRlIjoxODAwMDAwMDAwMDAwLCJkZWxldGUiOjE4MDAwMDAwMDAwMDAsInJlYWQiOjMwMDAwMDAwMDAwMCwidXBkYXRlIjoxODAwMDAwMDAwMDAwfX0=",
          "dependencies": [
            "azurerm_resource_group.az-rg"
          ]
        }
      ]
    },
    {
      "mode": "managed",
      "type": "azurerm_public_ip",
      "name": "az-fw-pip",
      "provider": "provider[\"registry.terraform.io/hashicorp/azurerm\"]",
      "instances": [
        {
          "schema_version": 0,
          "attributes": {
            "allocation_method": "Static",
            "domain_name_label": null,
            "edge_zone": "",
            "fqdn": null,
            "id": "/subscriptions/6c4e9574-4336-4d6d-925c-64687d7d97d6/resourceGroups/az-avtx-rg/providers/Microsoft.Network/publicIPAddresses/az-fw-pip",
            "idle_timeout_in_minutes": 4,
            "ip_address": "20.122.151.24",
            "ip_tags": {},
            "ip_version": "IPv4",
            "location": "eastus2",
            "name": "az-fw-pip",
            "public_ip_prefix_id": null,
            "resource_group_name": "az-avtx-rg",
            "reverse_fqdn": null,
            "sku": "Standard",
            "sku_tier": "Regional",
            "tags": {},
            "timeouts": null,
            "zones": []
          },
          "sensitive_attributes": [],
          "private": "eyJlMmJmYjczMC1lY2FhLTExZTYtOGY4OC0zNDM2M2JjN2M0YzAiOnsiY3JlYXRlIjoxODAwMDAwMDAwMDAwLCJkZWxldGUiOjE4MDAwMDAwMDAwMDAsInJlYWQiOjMwMDAwMDAwMDAwMCwidXBkYXRlIjoxODAwMDAwMDAwMDAwfX0=",
          "dependencies": [
            "azurerm_resource_group.az-rg"
          ]
        }
      ]
    },
    {
      "mode": "managed",
      "type": "azurerm_public_ip",
      "name": "az-jumpbox-vm-pip",
      "provider": "provider[\"registry.terraform.io/hashicorp/azurerm\"]",
      "instances": [
        {
          "schema_version": 0,
          "attributes": {
            "allocation_method": "Static",
            "domain_name_label": null,
            "edge_zone": "",
            "fqdn": null,
            "id": "/subscriptions/6c4e9574-4336-4d6d-925c-64687d7d97d6/resourceGroups/az-avtx-rg/providers/Microsoft.Network/publicIPAddresses/az-jumpbox-vm-pip",
            "idle_timeout_in_minutes": 4,
            "ip_address": "20.122.148.101",
            "ip_tags": {},
            "ip_version": "IPv4",
            "location": "eastus2",
            "name": "az-jumpbox-vm-pip",
            "public_ip_prefix_id": null,
            "resource_group_name": "az-avtx-rg",
            "reverse_fqdn": null,
            "sku": "Standard",
            "sku_tier": "Regional",
            "tags": {},
            "timeouts": null,
            "zones": []
          },
          "sensitive_attributes": [],
          "private": "eyJlMmJmYjczMC1lY2FhLTExZTYtOGY4OC0zNDM2M2JjN2M0YzAiOnsiY3JlYXRlIjoxODAwMDAwMDAwMDAwLCJkZWxldGUiOjE4MDAwMDAwMDAwMDAsInJlYWQiOjMwMDAwMDAwMDAwMCwidXBkYXRlIjoxODAwMDAwMDAwMDAwfX0=",
          "dependencies": [
            "azurerm_resource_group.az-rg"
          ]
        }
      ]
    },
    {
      "mode": "managed",
      "type": "azurerm_resource_group",
      "name": "az-aks-rg",
      "provider": "provider[\"registry.terraform.io/hashicorp/azurerm\"]",
      "instances": [
        {
          "schema_version": 0,
          "attributes": {
            "id": "/subscriptions/6c4e9574-4336-4d6d-925c-64687d7d97d6/resourceGroups/az-aks-rg",
            "location": "eastus2",
            "name": "az-aks-rg",
            "tags": {},
            "timeouts": null
          },
          "sensitive_attributes": [],
          "private": "eyJlMmJmYjczMC1lY2FhLTExZTYtOGY4OC0zNDM2M2JjN2M0YzAiOnsiY3JlYXRlIjo1NDAwMDAwMDAwMDAwLCJkZWxldGUiOjU0MDAwMDAwMDAwMDAsInJlYWQiOjMwMDAwMDAwMDAwMCwidXBkYXRlIjo1NDAwMDAwMDAwMDAwfX0="
        }
      ]
    },
    {
      "mode": "managed",
      "type": "azurerm_resource_group",
      "name": "az-rg",
      "provider": "provider[\"registry.terraform.io/hashicorp/azurerm\"]",
      "instances": [
        {
          "schema_version": 0,
          "attributes": {
            "id": "/subscriptions/6c4e9574-4336-4d6d-925c-64687d7d97d6/resourceGroups/az-avtx-rg",
            "location": "eastus2",
            "name": "az-avtx-rg",
            "tags": {},
            "timeouts": null
          },
          "sensitive_attributes": [],
          "private": "eyJlMmJmYjczMC1lY2FhLTExZTYtOGY4OC0zNDM2M2JjN2M0YzAiOnsiY3JlYXRlIjo1NDAwMDAwMDAwMDAwLCJkZWxldGUiOjU0MDAwMDAwMDAwMDAsInJlYWQiOjMwMDAwMDAwMDAwMCwidXBkYXRlIjo1NDAwMDAwMDAwMDAwfX0="
        }
      ]
    },
    {
      "mode": "managed",
      "type": "azurerm_route_table",
      "name": "az-aks-agic-snet-rt",
      "provider": "provider[\"registry.terraform.io/hashicorp/azurerm\"]",
      "instances": [
        {
          "schema_version": 0,
          "attributes": {
            "disable_bgp_route_propagation": false,
            "id": "/subscriptions/6c4e9574-4336-4d6d-925c-64687d7d97d6/resourceGroups/az-aks-rg/providers/Microsoft.Network/routeTables/az-aks-cluster-agic-rt",
            "location": "eastus2",
            "name": "az-aks-cluster-agic-rt",
            "resource_group_name": "az-aks-rg",
            "route": [
              {
                "address_prefix": "0.0.0.0/0",
                "name": "default-rt",
                "next_hop_in_ip_address": "",
                "next_hop_type": "Internet"
              },
              {
                "address_prefix": "10.0.0.0/8",
                "name": "az-aks-cluster-gw-10.0.0.0-8",
                "next_hop_in_ip_address": "10.20.1.4",
                "next_hop_type": "VirtualAppliance"
              },
              {
                "address_prefix": "172.16.0.0/12",
                "name": "az-aks-cluster-gw-172.16.0.0-12",
                "next_hop_in_ip_address": "10.20.1.4",
                "next_hop_type": "VirtualAppliance"
              },
              {
                "address_prefix": "192.168.0.0/16",
                "name": "az-aks-cluster-gw-192.168.0.0-16",
                "next_hop_in_ip_address": "10.20.1.4",
                "next_hop_type": "VirtualAppliance"
              }
            ],
            "subnets": [
              "/subscriptions/6c4e9574-4336-4d6d-925c-64687d7d97d6/resourceGroups/az-aks-rg/providers/Microsoft.Network/virtualNetworks/az-aks-vnet/subnets/az-aks-cluster-agic-snet"
            ],
            "tags": {},
            "timeouts": null
          },
          "sensitive_attributes": [],
          "private": "eyJlMmJmYjczMC1lY2FhLTExZTYtOGY4OC0zNDM2M2JjN2M0YzAiOnsiY3JlYXRlIjoxODAwMDAwMDAwMDAwLCJkZWxldGUiOjE4MDAwMDAwMDAwMDAsInJlYWQiOjMwMDAwMDAwMDAwMCwidXBkYXRlIjoxODAwMDAwMDAwMDAwfX0=",
          "dependencies": [
            "azurerm_resource_group.az-aks-rg"
          ]
        }
      ]
    },
    {
      "mode": "managed",
      "type": "azurerm_route_table",
      "name": "az-aks-snet-rt",
      "provider": "provider[\"registry.terraform.io/hashicorp/azurerm\"]",
      "instances": [
        {
          "schema_version": 0,
          "attributes": {
            "disable_bgp_route_propagation": true,
            "id": "/subscriptions/6c4e9574-4336-4d6d-925c-64687d7d97d6/resourceGroups/az-aks-rg/providers/Microsoft.Network/routeTables/az-aks-cluster-rt",
            "location": "eastus2",
            "name": "az-aks-cluster-rt",
            "resource_group_name": "az-aks-rg",
            "route": [
              {
                "address_prefix": "0.0.0.0/0",
                "name": "aviatrix-route-0.0.0.0-0",
                "next_hop_in_ip_address": "10.20.1.132",
                "next_hop_type": "VirtualAppliance"
              },
              {
                "address_prefix": "10.0.0.0/8",
                "name": "az-aks-cluster-gw-10.0.0.0-8",
                "next_hop_in_ip_address": "10.20.1.4",
                "next_hop_type": "VirtualAppliance"
              },
              {
                "address_prefix": "172.16.0.0/12",
                "name": "az-aks-cluster-gw-172.16.0.0-12",
                "next_hop_in_ip_address": "10.20.1.4",
                "next_hop_type": "VirtualAppliance"
              },
              {
                "address_prefix": "192.168.0.0/16",
                "name": "az-aks-cluster-gw-192.168.0.0-16",
                "next_hop_in_ip_address": "10.20.1.4",
                "next_hop_type": "VirtualAppliance"
              }
            ],
            "subnets": [
              "/subscriptions/6c4e9574-4336-4d6d-925c-64687d7d97d6/resourceGroups/az-aks-rg/providers/Microsoft.Network/virtualNetworks/az-aks-vnet/subnets/az-aks-cluster-snet"
            ],
            "tags": {},
            "timeouts": null
          },
          "sensitive_attributes": [],
          "private": "eyJlMmJmYjczMC1lY2FhLTExZTYtOGY4OC0zNDM2M2JjN2M0YzAiOnsiY3JlYXRlIjoxODAwMDAwMDAwMDAwLCJkZWxldGUiOjE4MDAwMDAwMDAwMDAsInJlYWQiOjMwMDAwMDAwMDAwMCwidXBkYXRlIjoxODAwMDAwMDAwMDAwfX0=",
          "dependencies": [
            "azurerm_resource_group.az-aks-rg"
          ]
        }
      ]
    },
    {
      "mode": "managed",
      "type": "azurerm_route_table",
      "name": "az-fw-rt",
      "provider": "provider[\"registry.terraform.io/hashicorp/azurerm\"]",
      "instances": [
        {
          "schema_version": 0,
          "attributes": {
            "disable_bgp_route_propagation": true,
            "id": "/subscriptions/6c4e9574-4336-4d6d-925c-64687d7d97d6/resourceGroups/az-avtx-rg/providers/Microsoft.Network/routeTables/az-fw-rt",
            "location": "eastus2",
            "name": "az-fw-rt",
            "resource_group_name": "az-avtx-rg",
            "route": [
              {
                "address_prefix": "0.0.0.0/0",
                "name": "default-rt",
                "next_hop_in_ip_address": "",
                "next_hop_type": "Internet"
              }
            ],
            "subnets": [
              "/subscriptions/6c4e9574-4336-4d6d-925c-64687d7d97d6/resourceGroups/az-avtx-rg/providers/Microsoft.Network/virtualNetworks/az-transit-firenet-vnet/subnets/AzureFirewallSubnet"
            ],
            "tags": {},
            "timeouts": null
          },
          "sensitive_attributes": [],
          "private": "eyJlMmJmYjczMC1lY2FhLTExZTYtOGY4OC0zNDM2M2JjN2M0YzAiOnsiY3JlYXRlIjoxODAwMDAwMDAwMDAwLCJkZWxldGUiOjE4MDAwMDAwMDAwMDAsInJlYWQiOjMwMDAwMDAwMDAwMCwidXBkYXRlIjoxODAwMDAwMDAwMDAwfX0=",
          "dependencies": [
            "azurerm_resource_group.az-rg"
          ]
        }
      ]
    },
    {
      "mode": "managed",
      "type": "azurerm_storage_account",
      "name": "az-avtxlabsa",
      "provider": "provider[\"registry.terraform.io/hashicorp/azurerm\"]",
      "instances": [
        {
          "schema_version": 3,
          "attributes": {
            "access_tier": "Hot",
            "account_kind": "StorageV2",
            "account_replication_type": "LRS",
            "account_tier": "Standard",
            "allow_nested_items_to_be_public": true,
            "azure_files_authentication": [],
            "blob_properties": [
              {
                "change_feed_enabled": false,
                "change_feed_retention_in_days": 0,
                "container_delete_retention_policy": [],
                "cors_rule": [],
                "default_service_version": "",
                "delete_retention_policy": [],
                "last_access_time_enabled": false,
                "versioning_enabled": false
              }
            ],
            "cross_tenant_replication_enabled": true,
            "custom_domain": [],
            "customer_managed_key": [],
            "edge_zone": "",
            "enable_https_traffic_only": true,
            "id": "/subscriptions/6c4e9574-4336-4d6d-925c-64687d7d97d6/resourceGroups/az-avtx-rg/providers/Microsoft.Storage/storageAccounts/avtxlabsa9h4nr6",
            "identity": [],
            "infrastructure_encryption_enabled": false,
            "is_hns_enabled": false,
            "large_file_share_enabled": null,
            "location": "eastus2",
            "min_tls_version": "TLS1_2",
            "name": "avtxlabsa9h4nr6",
            "network_rules": [
              {
                "bypass": [
                  "AzureServices"
                ],
                "default_action": "Allow",
                "ip_rules": [],
                "private_link_access": [],
                "virtual_network_subnet_ids": []
              }
            ],
            "nfsv3_enabled": false,
            "primary_access_key": "Kxz8fkrG9P4LD9zpDgdHJqKnNs0PD0zb0o2pSc2Hm3Yp6CpGbOj+T+N5ttAGqOP3eUtffpAOHmCg+AStdJ9YyQ==",
            "primary_blob_connection_string": "DefaultEndpointsProtocol=https;BlobEndpoint=https://avtxlabsa9h4nr6.blob.core.windows.net/;AccountName=avtxlabsa9h4nr6;AccountKey=Kxz8fkrG9P4LD9zpDgdHJqKnNs0PD0zb0o2pSc2Hm3Yp6CpGbOj+T+N5ttAGqOP3eUtffpAOHmCg+AStdJ9YyQ==",
            "primary_blob_endpoint": "https://avtxlabsa9h4nr6.blob.core.windows.net/",
            "primary_blob_host": "avtxlabsa9h4nr6.blob.core.windows.net",
            "primary_connection_string": "DefaultEndpointsProtocol=https;AccountName=avtxlabsa9h4nr6;AccountKey=Kxz8fkrG9P4LD9zpDgdHJqKnNs0PD0zb0o2pSc2Hm3Yp6CpGbOj+T+N5ttAGqOP3eUtffpAOHmCg+AStdJ9YyQ==;EndpointSuffix=core.windows.net",
            "primary_dfs_endpoint": "https://avtxlabsa9h4nr6.dfs.core.windows.net/",
            "primary_dfs_host": "avtxlabsa9h4nr6.dfs.core.windows.net",
            "primary_file_endpoint": "https://avtxlabsa9h4nr6.file.core.windows.net/",
            "primary_file_host": "avtxlabsa9h4nr6.file.core.windows.net",
            "primary_location": "eastus2",
            "primary_queue_endpoint": "https://avtxlabsa9h4nr6.queue.core.windows.net/",
            "primary_queue_host": "avtxlabsa9h4nr6.queue.core.windows.net",
            "primary_table_endpoint": "https://avtxlabsa9h4nr6.table.core.windows.net/",
            "primary_table_host": "avtxlabsa9h4nr6.table.core.windows.net",
            "primary_web_endpoint": "https://avtxlabsa9h4nr6.z20.web.core.windows.net/",
            "primary_web_host": "avtxlabsa9h4nr6.z20.web.core.windows.net",
            "queue_encryption_key_type": "Service",
            "queue_properties": [
              {
                "cors_rule": [],
                "hour_metrics": [
                  {
                    "enabled": true,
                    "include_apis": true,
                    "retention_policy_days": 7,
                    "version": "1.0"
                  }
                ],
                "logging": [
                  {
                    "delete": false,
                    "read": false,
                    "retention_policy_days": 0,
                    "version": "1.0",
                    "write": false
                  }
                ],
                "minute_metrics": [
                  {
                    "enabled": false,
                    "include_apis": false,
                    "retention_policy_days": 0,
                    "version": "1.0"
                  }
                ]
              }
            ],
            "resource_group_name": "az-avtx-rg",
            "routing": [],
            "secondary_access_key": "zc4SBLymDmUIcZPerCFlrROYxHxNf6w6+EmuKm39Y9dnftLsMBCBiGml7+QPOl9IuH/S1vyR4kz4+AStSLQW8g==",
            "secondary_blob_connection_string": "",
            "secondary_blob_endpoint": null,
            "secondary_blob_host": null,
            "secondary_connection_string": "DefaultEndpointsProtocol=https;AccountName=avtxlabsa9h4nr6;AccountKey=zc4SBLymDmUIcZPerCFlrROYxHxNf6w6+EmuKm39Y9dnftLsMBCBiGml7+QPOl9IuH/S1vyR4kz4+AStSLQW8g==;EndpointSuffix=core.windows.net",
            "secondary_dfs_endpoint": null,
            "secondary_dfs_host": null,
            "secondary_file_endpoint": null,
            "secondary_file_host": null,
            "secondary_location": "",
            "secondary_queue_endpoint": null,
            "secondary_queue_host": null,
            "secondary_table_endpoint": null,
            "secondary_table_host": null,
            "secondary_web_endpoint": null,
            "secondary_web_host": null,
            "share_properties": [
              {
                "cors_rule": [],
                "retention_policy": [
                  {
                    "days": 7
                  }
                ],
                "smb": []
              }
            ],
            "shared_access_key_enabled": true,
            "static_website": [],
            "table_encryption_key_type": "Service",
            "tags": {},
            "timeouts": null
          },
          "sensitive_attributes": [],
          "private": "eyJlMmJmYjczMC1lY2FhLTExZTYtOGY4OC0zNDM2M2JjN2M0YzAiOnsiY3JlYXRlIjozNjAwMDAwMDAwMDAwLCJkZWxldGUiOjM2MDAwMDAwMDAwMDAsInJlYWQiOjMwMDAwMDAwMDAwMCwidXBkYXRlIjozNjAwMDAwMDAwMDAwfSwic2NoZW1hX3ZlcnNpb24iOiIzIn0=",
          "dependencies": [
            "azurerm_resource_group.az-rg",
            "random_string.az-avtxlabsa-random"
          ]
        }
      ]
    },
    {
      "mode": "managed",
      "type": "azurerm_subnet",
      "name": "az-aks-agic-snet",
      "provider": "provider[\"registry.terraform.io/hashicorp/azurerm\"]",
      "instances": [
        {
          "schema_version": 0,
          "attributes": {
            "address_prefixes": [
              "10.20.2.0/26"
            ],
            "delegation": [],
            "enforce_private_link_endpoint_network_policies": false,
            "enforce_private_link_service_network_policies": false,
            "id": "/subscriptions/6c4e9574-4336-4d6d-925c-64687d7d97d6/resourceGroups/az-aks-rg/providers/Microsoft.Network/virtualNetworks/az-aks-vnet/subnets/az-aks-cluster-agic-snet",
            "name": "az-aks-cluster-agic-snet",
            "resource_group_name": "az-aks-rg",
            "service_endpoint_policy_ids": [],
            "service_endpoints": [],
            "timeouts": null,
            "virtual_network_name": "az-aks-vnet"
          },
          "sensitive_attributes": [],
          "private": "eyJlMmJmYjczMC1lY2FhLTExZTYtOGY4OC0zNDM2M2JjN2M0YzAiOnsiY3JlYXRlIjoxODAwMDAwMDAwMDAwLCJkZWxldGUiOjE4MDAwMDAwMDAwMDAsInJlYWQiOjMwMDAwMDAwMDAwMCwidXBkYXRlIjoxODAwMDAwMDAwMDAwfX0=",
          "dependencies": [
            "azurerm_resource_group.az-aks-rg",
            "azurerm_virtual_network.az-aks-vnet"
          ]
        }
      ]
    },
    {
      "mode": "managed",
      "type": "azurerm_subnet",
      "name": "az-aks-snet",
      "provider": "provider[\"registry.terraform.io/hashicorp/azurerm\"]",
      "instances": [
        {
          "schema_version": 0,
          "attributes": {
            "address_prefixes": [
              "10.20.0.0/24"
            ],
            "delegation": [],
            "enforce_private_link_endpoint_network_policies": false,
            "enforce_private_link_service_network_policies": false,
            "id": "/subscriptions/6c4e9574-4336-4d6d-925c-64687d7d97d6/resourceGroups/az-aks-rg/providers/Microsoft.Network/virtualNetworks/az-aks-vnet/subnets/az-aks-cluster-snet",
            "name": "az-aks-cluster-snet",
            "resource_group_name": "az-aks-rg",
            "service_endpoint_policy_ids": [],
            "service_endpoints": [],
            "timeouts": null,
            "virtual_network_name": "az-aks-vnet"
          },
          "sensitive_attributes": [],
          "private": "eyJlMmJmYjczMC1lY2FhLTExZTYtOGY4OC0zNDM2M2JjN2M0YzAiOnsiY3JlYXRlIjoxODAwMDAwMDAwMDAwLCJkZWxldGUiOjE4MDAwMDAwMDAwMDAsInJlYWQiOjMwMDAwMDAwMDAwMCwidXBkYXRlIjoxODAwMDAwMDAwMDAwfX0=",
          "dependencies": [
            "azurerm_resource_group.az-aks-rg",
            "azurerm_virtual_network.az-aks-vnet"
          ]
        }
      ]
    },
    {
      "mode": "managed",
      "type": "azurerm_subnet",
      "name": "az-avtx-egress-gw-snets",
      "provider": "provider[\"registry.terraform.io/hashicorp/azurerm\"]",
      "instances": [
        {
          "index_key": 0,
          "schema_version": 0,
          "attributes": {
            "address_prefixes": [
              "10.20.1.128/26"
            ],
            "delegation": [],
            "enforce_private_link_endpoint_network_policies": false,
            "enforce_private_link_service_network_policies": false,
            "id": "/subscriptions/6c4e9574-4336-4d6d-925c-64687d7d97d6/resourceGroups/az-aks-rg/providers/Microsoft.Network/virtualNetworks/az-aks-vnet/subnets/avx-egress-gw-snet-1",
            "name": "avx-egress-gw-snet-1",
            "resource_group_name": "az-aks-rg",
            "service_endpoint_policy_ids": [],
            "service_endpoints": [],
            "timeouts": null,
            "virtual_network_name": "az-aks-vnet"
          },
          "sensitive_attributes": [],
          "private": "eyJlMmJmYjczMC1lY2FhLTExZTYtOGY4OC0zNDM2M2JjN2M0YzAiOnsiY3JlYXRlIjoxODAwMDAwMDAwMDAwLCJkZWxldGUiOjE4MDAwMDAwMDAwMDAsInJlYWQiOjMwMDAwMDAwMDAwMCwidXBkYXRlIjoxODAwMDAwMDAwMDAwfX0=",
          "dependencies": [
            "azurerm_resource_group.az-aks-rg",
            "azurerm_virtual_network.az-aks-vnet"
          ]
        },
        {
          "index_key": 1,
          "schema_version": 0,
          "attributes": {
            "address_prefixes": [
              "10.20.1.192/26"
            ],
            "delegation": [],
            "enforce_private_link_endpoint_network_policies": false,
            "enforce_private_link_service_network_policies": false,
            "id": "/subscriptions/6c4e9574-4336-4d6d-925c-64687d7d97d6/resourceGroups/az-aks-rg/providers/Microsoft.Network/virtualNetworks/az-aks-vnet/subnets/avx-egress-gw-snet-2",
            "name": "avx-egress-gw-snet-2",
            "resource_group_name": "az-aks-rg",
            "service_endpoint_policy_ids": [],
            "service_endpoints": [],
            "timeouts": null,
            "virtual_network_name": "az-aks-vnet"
          },
          "sensitive_attributes": [],
          "private": "eyJlMmJmYjczMC1lY2FhLTExZTYtOGY4OC0zNDM2M2JjN2M0YzAiOnsiY3JlYXRlIjoxODAwMDAwMDAwMDAwLCJkZWxldGUiOjE4MDAwMDAwMDAwMDAsInJlYWQiOjMwMDAwMDAwMDAwMCwidXBkYXRlIjoxODAwMDAwMDAwMDAwfX0=",
          "dependencies": [
            "azurerm_resource_group.az-aks-rg",
            "azurerm_virtual_network.az-aks-vnet"
          ]
        }
      ]
    },
    {
      "mode": "managed",
      "type": "azurerm_subnet",
      "name": "az-avtx-gw-snets",
      "provider": "provider[\"registry.terraform.io/hashicorp/azurerm\"]",
      "instances": [
        {
          "index_key": 0,
          "schema_version": 0,
          "attributes": {
            "address_prefixes": [
              "10.20.1.0/26"
            ],
            "delegation": [],
            "enforce_private_link_endpoint_network_policies": false,
            "enforce_private_link_service_network_policies": false,
            "id": "/subscriptions/6c4e9574-4336-4d6d-925c-64687d7d97d6/resourceGroups/az-aks-rg/providers/Microsoft.Network/virtualNetworks/az-aks-vnet/subnets/avx-gw-snet-1",
            "name": "avx-gw-snet-1",
            "resource_group_name": "az-aks-rg",
            "service_endpoint_policy_ids": [],
            "service_endpoints": [],
            "timeouts": null,
            "virtual_network_name": "az-aks-vnet"
          },
          "sensitive_attributes": [],
          "private": "eyJlMmJmYjczMC1lY2FhLTExZTYtOGY4OC0zNDM2M2JjN2M0YzAiOnsiY3JlYXRlIjoxODAwMDAwMDAwMDAwLCJkZWxldGUiOjE4MDAwMDAwMDAwMDAsInJlYWQiOjMwMDAwMDAwMDAwMCwidXBkYXRlIjoxODAwMDAwMDAwMDAwfX0=",
          "dependencies": [
            "azurerm_resource_group.az-aks-rg",
            "azurerm_virtual_network.az-aks-vnet"
          ]
        },
        {
          "index_key": 1,
          "schema_version": 0,
          "attributes": {
            "address_prefixes": [
              "10.20.1.64/26"
            ],
            "delegation": [],
            "enforce_private_link_endpoint_network_policies": false,
            "enforce_private_link_service_network_policies": false,
            "id": "/subscriptions/6c4e9574-4336-4d6d-925c-64687d7d97d6/resourceGroups/az-aks-rg/providers/Microsoft.Network/virtualNetworks/az-aks-vnet/subnets/avx-gw-snet-2",
            "name": "avx-gw-snet-2",
            "resource_group_name": "az-aks-rg",
            "service_endpoint_policy_ids": [],
            "service_endpoints": [],
            "timeouts": null,
            "virtual_network_name": "az-aks-vnet"
          },
          "sensitive_attributes": [],
          "private": "eyJlMmJmYjczMC1lY2FhLTExZTYtOGY4OC0zNDM2M2JjN2M0YzAiOnsiY3JlYXRlIjoxODAwMDAwMDAwMDAwLCJkZWxldGUiOjE4MDAwMDAwMDAwMDAsInJlYWQiOjMwMDAwMDAwMDAwMCwidXBkYXRlIjoxODAwMDAwMDAwMDAwfX0=",
          "dependencies": [
            "azurerm_resource_group.az-aks-rg",
            "azurerm_virtual_network.az-aks-vnet"
          ]
        }
      ]
    },
    {
      "mode": "managed",
      "type": "azurerm_subnet",
      "name": "az-fw-mgmt-snet",
      "provider": "provider[\"registry.terraform.io/hashicorp/azurerm\"]",
      "instances": [
        {
          "schema_version": 0,
          "attributes": {
            "address_prefixes": [
              "10.0.3.64/26"
            ],
            "delegation": [],
            "enforce_private_link_endpoint_network_policies": false,
            "enforce_private_link_service_network_policies": false,
            "id": "/subscriptions/6c4e9574-4336-4d6d-925c-64687d7d97d6/resourceGroups/az-avtx-rg/providers/Microsoft.Network/virtualNetworks/az-transit-firenet-vnet/subnets/AzureFirewallManagementSubnet",
            "name": "AzureFirewallManagementSubnet",
            "resource_group_name": "az-avtx-rg",
            "service_endpoint_policy_ids": [],
            "service_endpoints": [],
            "timeouts": null,
            "virtual_network_name": "az-transit-firenet-vnet"
          },
          "sensitive_attributes": [],
          "private": "eyJlMmJmYjczMC1lY2FhLTExZTYtOGY4OC0zNDM2M2JjN2M0YzAiOnsiY3JlYXRlIjoxODAwMDAwMDAwMDAwLCJkZWxldGUiOjE4MDAwMDAwMDAwMDAsInJlYWQiOjMwMDAwMDAwMDAwMCwidXBkYXRlIjoxODAwMDAwMDAwMDAwfX0=",
          "dependencies": [
            "aviatrix_account.az_account",
            "aviatrix_vpc.az-vpcs",
            "azurerm_resource_group.az-rg",
            "data.azurerm_virtual_network.az-fw-vnet"
          ]
        }
      ]
    },
    {
      "mode": "managed",
      "type": "azurerm_subnet",
      "name": "az-fw-snet",
      "provider": "provider[\"registry.terraform.io/hashicorp/azurerm\"]",
      "instances": [
        {
          "schema_version": 0,
          "attributes": {
            "address_prefixes": [
              "10.0.3.0/26"
            ],
            "delegation": [],
            "enforce_private_link_endpoint_network_policies": false,
            "enforce_private_link_service_network_policies": false,
            "id": "/subscriptions/6c4e9574-4336-4d6d-925c-64687d7d97d6/resourceGroups/az-avtx-rg/providers/Microsoft.Network/virtualNetworks/az-transit-firenet-vnet/subnets/AzureFirewallSubnet",
            "name": "AzureFirewallSubnet",
            "resource_group_name": "az-avtx-rg",
            "service_endpoint_policy_ids": [],
            "service_endpoints": [],
            "timeouts": null,
            "virtual_network_name": "az-transit-firenet-vnet"
          },
          "sensitive_attributes": [],
          "private": "eyJlMmJmYjczMC1lY2FhLTExZTYtOGY4OC0zNDM2M2JjN2M0YzAiOnsiY3JlYXRlIjoxODAwMDAwMDAwMDAwLCJkZWxldGUiOjE4MDAwMDAwMDAwMDAsInJlYWQiOjMwMDAwMDAwMDAwMCwidXBkYXRlIjoxODAwMDAwMDAwMDAwfX0=",
          "dependencies": [
            "aviatrix_account.az_account",
            "aviatrix_vpc.az-vpcs",
            "azurerm_resource_group.az-rg",
            "data.azurerm_virtual_network.az-fw-vnet"
          ]
        }
      ]
    },
    {
      "mode": "managed",
      "type": "azurerm_subnet_route_table_association",
      "name": "az-aks-agic-rt-assc",
      "provider": "provider[\"registry.terraform.io/hashicorp/azurerm\"]",
      "instances": [
        {
          "schema_version": 0,
          "attributes": {
            "id": "/subscriptions/6c4e9574-4336-4d6d-925c-64687d7d97d6/resourceGroups/az-aks-rg/providers/Microsoft.Network/virtualNetworks/az-aks-vnet/subnets/az-aks-cluster-agic-snet",
            "route_table_id": "/subscriptions/6c4e9574-4336-4d6d-925c-64687d7d97d6/resourceGroups/az-aks-rg/providers/Microsoft.Network/routeTables/az-aks-cluster-agic-rt",
            "subnet_id": "/subscriptions/6c4e9574-4336-4d6d-925c-64687d7d97d6/resourceGroups/az-aks-rg/providers/Microsoft.Network/virtualNetworks/az-aks-vnet/subnets/az-aks-cluster-agic-snet",
            "timeouts": null
          },
          "sensitive_attributes": [],
          "private": "eyJlMmJmYjczMC1lY2FhLTExZTYtOGY4OC0zNDM2M2JjN2M0YzAiOnsiY3JlYXRlIjoxODAwMDAwMDAwMDAwLCJkZWxldGUiOjE4MDAwMDAwMDAwMDAsInJlYWQiOjMwMDAwMDAwMDAwMCwidXBkYXRlIjoxODAwMDAwMDAwMDAwfX0=",
          "dependencies": [
            "azurerm_resource_group.az-aks-rg",
            "azurerm_route_table.az-aks-agic-snet-rt",
            "azurerm_subnet.az-aks-agic-snet",
            "azurerm_virtual_network.az-aks-vnet"
          ]
        }
      ]
    },
    {
      "mode": "managed",
      "type": "azurerm_subnet_route_table_association",
      "name": "az-aks-rt-assc",
      "provider": "provider[\"registry.terraform.io/hashicorp/azurerm\"]",
      "instances": [
        {
          "schema_version": 0,
          "attributes": {
            "id": "/subscriptions/6c4e9574-4336-4d6d-925c-64687d7d97d6/resourceGroups/az-aks-rg/providers/Microsoft.Network/virtualNetworks/az-aks-vnet/subnets/az-aks-cluster-snet",
            "route_table_id": "/subscriptions/6c4e9574-4336-4d6d-925c-64687d7d97d6/resourceGroups/az-aks-rg/providers/Microsoft.Network/routeTables/az-aks-cluster-rt",
            "subnet_id": "/subscriptions/6c4e9574-4336-4d6d-925c-64687d7d97d6/resourceGroups/az-aks-rg/providers/Microsoft.Network/virtualNetworks/az-aks-vnet/subnets/az-aks-cluster-snet",
            "timeouts": null
          },
          "sensitive_attributes": [],
          "private": "eyJlMmJmYjczMC1lY2FhLTExZTYtOGY4OC0zNDM2M2JjN2M0YzAiOnsiY3JlYXRlIjoxODAwMDAwMDAwMDAwLCJkZWxldGUiOjE4MDAwMDAwMDAwMDAsInJlYWQiOjMwMDAwMDAwMDAwMCwidXBkYXRlIjoxODAwMDAwMDAwMDAwfX0=",
          "dependencies": [
            "azurerm_resource_group.az-aks-rg",
            "azurerm_route_table.az-aks-snet-rt",
            "azurerm_subnet.az-aks-snet",
            "azurerm_virtual_network.az-aks-vnet"
          ]
        }
      ]
    },
    {
      "mode": "managed",
      "type": "azurerm_subnet_route_table_association",
      "name": "az-fw-rt-assc",
      "provider": "provider[\"registry.terraform.io/hashicorp/azurerm\"]",
      "instances": [
        {
          "schema_version": 0,
          "attributes": {
            "id": "/subscriptions/6c4e9574-4336-4d6d-925c-64687d7d97d6/resourceGroups/az-avtx-rg/providers/Microsoft.Network/virtualNetworks/az-transit-firenet-vnet/subnets/AzureFirewallSubnet",
            "route_table_id": "/subscriptions/6c4e9574-4336-4d6d-925c-64687d7d97d6/resourceGroups/az-avtx-rg/providers/Microsoft.Network/routeTables/az-fw-rt",
            "subnet_id": "/subscriptions/6c4e9574-4336-4d6d-925c-64687d7d97d6/resourceGroups/az-avtx-rg/providers/Microsoft.Network/virtualNetworks/az-transit-firenet-vnet/subnets/AzureFirewallSubnet",
            "timeouts": null
          },
          "sensitive_attributes": [],
          "private": "eyJlMmJmYjczMC1lY2FhLTExZTYtOGY4OC0zNDM2M2JjN2M0YzAiOnsiY3JlYXRlIjoxODAwMDAwMDAwMDAwLCJkZWxldGUiOjE4MDAwMDAwMDAwMDAsInJlYWQiOjMwMDAwMDAwMDAwMCwidXBkYXRlIjoxODAwMDAwMDAwMDAwfX0=",
          "dependencies": [
            "aviatrix_account.az_account",
            "aviatrix_vpc.az-vpcs",
            "azurerm_resource_group.az-rg",
            "azurerm_route_table.az-fw-rt",
            "azurerm_subnet.az-fw-snet",
            "data.azurerm_virtual_network.az-fw-vnet"
          ]
        }
      ]
    },
    {
      "mode": "managed",
      "type": "azurerm_virtual_machine",
      "name": "az-dummy-vm",
      "provider": "provider[\"registry.terraform.io/hashicorp/azurerm\"]",
      "instances": [
        {
          "schema_version": 0,
          "attributes": {
            "additional_capabilities": [],
            "availability_set_id": null,
            "boot_diagnostics": [],
            "delete_data_disks_on_termination": true,
            "delete_os_disk_on_termination": true,
            "id": "/subscriptions/6c4e9574-4336-4d6d-925c-64687d7d97d6/resourceGroups/az-avtx-rg/providers/Microsoft.Compute/virtualMachines/az-fw",
            "identity": [],
            "license_type": null,
            "location": "eastus2",
            "name": "az-fw",
            "network_interface_ids": [
              "/subscriptions/6c4e9574-4336-4d6d-925c-64687d7d97d6/resourceGroups/az-avtx-rg/providers/Microsoft.Network/networkInterfaces/az-fw-dummy-mgmt-nic",
              "/subscriptions/6c4e9574-4336-4d6d-925c-64687d7d97d6/resourceGroups/az-avtx-rg/providers/Microsoft.Network/networkInterfaces/az-fw-dummy-lan-nic",
              "/subscriptions/6c4e9574-4336-4d6d-925c-64687d7d97d6/resourceGroups/az-avtx-rg/providers/Microsoft.Network/networkInterfaces/az-fw-dummy-wan-nic"
            ],
            "os_profile": [
              {
                "admin_password": "",
                "admin_username": "avtxadmin",
                "computer_name": "az-fw",
                "custom_data": ""
              }
            ],
            "os_profile_linux_config": [
              {
                "disable_password_authentication": false,
                "ssh_keys": []
              }
            ],
            "os_profile_secrets": [],
            "os_profile_windows_config": [],
            "plan": [],
            "primary_network_interface_id": "/subscriptions/6c4e9574-4336-4d6d-925c-64687d7d97d6/resourceGroups/az-avtx-rg/providers/Microsoft.Network/networkInterfaces/az-fw-dummy-mgmt-nic",
            "proximity_placement_group_id": null,
            "resource_group_name": "az-avtx-rg",
            "storage_data_disk": [],
            "storage_image_reference": [
              {
                "id": "",
                "offer": "0001-com-ubuntu-server-focal",
                "publisher": "Canonical",
                "sku": "20_04-lts",
                "version": "latest"
              }
            ],
            "storage_os_disk": [
              {
                "caching": "ReadWrite",
                "create_option": "FromImage",
                "disk_size_gb": 30,
                "image_uri": "",
                "managed_disk_id": "/subscriptions/6c4e9574-4336-4d6d-925c-64687d7d97d6/resourceGroups/az-avtx-rg/providers/Microsoft.Compute/disks/az-fw-os-disk",
                "managed_disk_type": "Standard_LRS",
                "name": "az-fw-os-disk",
                "os_type": "Linux",
                "vhd_uri": "",
                "write_accelerator_enabled": false
              }
            ],
            "tags": {},
            "timeouts": null,
            "vm_size": "Standard_B2ms",
            "zones": []
          },
          "sensitive_attributes": [],
          "private": "eyJlMmJmYjczMC1lY2FhLTExZTYtOGY4OC0zNDM2M2JjN2M0YzAiOnsiY3JlYXRlIjozNjAwMDAwMDAwMDAwLCJkZWxldGUiOjM2MDAwMDAwMDAwMDAsInJlYWQiOjMwMDAwMDAwMDAwMCwidXBkYXRlIjozNjAwMDAwMDAwMDAwfX0=",
          "dependencies": [
            "aviatrix_account.az_account",
            "aviatrix_transit_gateway.az-firenet-gw",
            "aviatrix_vpc.az-vpcs",
            "azurerm_network_interface.az-fw-dummy-lan-nic",
            "azurerm_network_interface.az-fw-dummy-mgmt-nic",
            "azurerm_network_interface.az-fw-dummy-wan-nic",
            "azurerm_public_ip.az-fw-dummy-mgmt-pip",
            "azurerm_public_ip.az-fw-dummy-wan-pip",
            "azurerm_resource_group.az-rg",
            "data.azurerm_subnet.az-fw-dummy-lan-snet",
            "data.azurerm_subnet.az-fw-dummy-mgmt-snet",
            "data.azurerm_subnet.az-fw-dummy-wan-snet",
            "data.azurerm_virtual_network.az-fw-vnet"
          ]
        }
      ]
    },
    {
      "mode": "managed",
      "type": "azurerm_virtual_machine",
      "name": "az-jumpbox-vm",
      "provider": "provider[\"registry.terraform.io/hashicorp/azurerm\"]",
      "instances": [
        {
          "schema_version": 0,
          "attributes": {
            "additional_capabilities": [],
            "availability_set_id": null,
            "boot_diagnostics": [
              {
                "enabled": true,
                "storage_uri": "https://avtxlabsa9h4nr6.blob.core.windows.net/"
              }
            ],
            "delete_data_disks_on_termination": true,
            "delete_os_disk_on_termination": true,
            "id": "/subscriptions/6c4e9574-4336-4d6d-925c-64687d7d97d6/resourceGroups/az-avtx-rg/providers/Microsoft.Compute/virtualMachines/az-jumpbox-vm",
            "identity": [],
            "license_type": null,
            "location": "eastus2",
            "name": "az-jumpbox-vm",
            "network_interface_ids": [
              "/subscriptions/6c4e9574-4336-4d6d-925c-64687d7d97d6/resourceGroups/az-avtx-rg/providers/Microsoft.Network/networkInterfaces/az-jumpbox-vm-nic"
            ],
            "os_profile": [
              {
                "admin_password": "",
                "admin_username": "avtxadmin",
                "computer_name": "az-jumpbox-vm",
                "custom_data": ""
              }
            ],
            "os_profile_linux_config": [
              {
                "disable_password_authentication": false,
                "ssh_keys": [
                  {
                    "key_data": "ssh-rsa AAAAB3NzaC1yc2EAAAADAQABAAABgQDUAcodNweosOEZaOi3TJh/4qmUjy2aHFhJqBXth2MjOieWQ1MNeyHh6UICwVJ1WEYLaOfc0Hx6+poZ54ogboE2OZMlvddTgBPpuC/R1HZNBhivh4QYaA8YKfa0KCIeaYLNak+Msx475y6IhMoTZdqwHCRKxJGTDoAWcPvtPPmgPu48JXv5N+PmOoILZSco1VVw/7RsEdQ+MpRF88qc759/WlRI72dtgfBuvvrutSBRdPpk2ADZ4AsF9914+yVRzaoXF6eluzM1S1KL7SaUomjGFTr1GuXTg6YAunqjxWEQxuuN66e3vxhbXVVW+bCivu2cFjJvlhARWzyujQdQ1FNDkjDr8cZ4sHmLG1Pnvug8ZLnFMskzAus113zGa0FSomxnib+ytoC8H9E38EIo/TBTvT6DoEeVVHHQF4N0BdKJxOP7u2vIUIM5/BLi/IWUzH0ayG65BPj+R5/xBJIPO5/ABil1X+vY5cz3zTBy8Ofzea+27SRB6w6xaf6IHnPxf5U= emanuelsifuentes@EmanuelntessMBP.attlocal.net",
                    "path": "/home/avtxadmin/.ssh/authorized_keys"
                  }
                ]
              }
            ],
            "os_profile_secrets": [],
            "os_profile_windows_config": [],
            "plan": [],
            "primary_network_interface_id": null,
            "proximity_placement_group_id": null,
            "resource_group_name": "az-avtx-rg",
            "storage_data_disk": [],
            "storage_image_reference": [
              {
                "id": "",
                "offer": "0001-com-ubuntu-server-focal",
                "publisher": "Canonical",
                "sku": "20_04-lts",
                "version": "latest"
              }
            ],
            "storage_os_disk": [
              {
                "caching": "ReadWrite",
                "create_option": "FromImage",
                "disk_size_gb": 30,
                "image_uri": "",
                "managed_disk_id": "/subscriptions/6c4e9574-4336-4d6d-925c-64687d7d97d6/resourceGroups/az-avtx-rg/providers/Microsoft.Compute/disks/az-jumpbox-vm-os-disk",
                "managed_disk_type": "Standard_LRS",
                "name": "az-jumpbox-vm-os-disk",
                "os_type": "Linux",
                "vhd_uri": "",
                "write_accelerator_enabled": false
              }
            ],
            "tags": {},
            "timeouts": null,
            "vm_size": "Standard_B2ms",
            "zones": []
          },
          "sensitive_attributes": [],
          "private": "eyJlMmJmYjczMC1lY2FhLTExZTYtOGY4OC0zNDM2M2JjN2M0YzAiOnsiY3JlYXRlIjozNjAwMDAwMDAwMDAwLCJkZWxldGUiOjM2MDAwMDAwMDAwMDAsInJlYWQiOjMwMDAwMDAwMDAwMCwidXBkYXRlIjozNjAwMDAwMDAwMDAwfX0=",
          "dependencies": [
            "aviatrix_account.az_account",
            "aviatrix_vpc.az-vpcs",
            "azurerm_network_interface.az-jumpbox-vm-nic",
            "azurerm_public_ip.az-jumpbox-vm-pip",
            "azurerm_resource_group.az-rg",
            "azurerm_storage_account.az-avtxlabsa",
            "random_string.az-avtxlabsa-random"
          ]
        }
      ]
    },
    {
      "mode": "managed",
      "type": "azurerm_virtual_machine",
      "name": "az-spoke1-priv-vm",
      "provider": "provider[\"registry.terraform.io/hashicorp/azurerm\"]",
      "instances": [
        {
          "schema_version": 0,
          "attributes": {
            "additional_capabilities": [],
            "availability_set_id": null,
            "boot_diagnostics": [
              {
                "enabled": true,
                "storage_uri": "https://avtxlabsa9h4nr6.blob.core.windows.net/"
              }
            ],
            "delete_data_disks_on_termination": true,
            "delete_os_disk_on_termination": true,
            "id": "/subscriptions/6c4e9574-4336-4d6d-925c-64687d7d97d6/resourceGroups/az-avtx-rg/providers/Microsoft.Compute/virtualMachines/az-spoke1-priv-vm",
            "identity": [],
            "license_type": null,
            "location": "eastus2",
            "name": "az-spoke1-priv-vm",
            "network_interface_ids": [
              "/subscriptions/6c4e9574-4336-4d6d-925c-64687d7d97d6/resourceGroups/az-avtx-rg/providers/Microsoft.Network/networkInterfaces/az-spoke1-priv-vm-nic"
            ],
            "os_profile": [
              {
                "admin_password": "",
                "admin_username": "avtxadmin",
                "computer_name": "az-spoke1-priv-vm",
                "custom_data": ""
              }
            ],
            "os_profile_linux_config": [
              {
                "disable_password_authentication": false,
                "ssh_keys": [
                  {
                    "key_data": "ssh-rsa AAAAB3NzaC1yc2EAAAADAQABAAABgQDUAcodNweosOEZaOi3TJh/4qmUjy2aHFhJqBXth2MjOieWQ1MNeyHh6UICwVJ1WEYLaOfc0Hx6+poZ54ogboE2OZMlvddTgBPpuC/R1HZNBhivh4QYaA8YKfa0KCIeaYLNak+Msx475y6IhMoTZdqwHCRKxJGTDoAWcPvtPPmgPu48JXv5N+PmOoILZSco1VVw/7RsEdQ+MpRF88qc759/WlRI72dtgfBuvvrutSBRdPpk2ADZ4AsF9914+yVRzaoXF6eluzM1S1KL7SaUomjGFTr1GuXTg6YAunqjxWEQxuuN66e3vxhbXVVW+bCivu2cFjJvlhARWzyujQdQ1FNDkjDr8cZ4sHmLG1Pnvug8ZLnFMskzAus113zGa0FSomxnib+ytoC8H9E38EIo/TBTvT6DoEeVVHHQF4N0BdKJxOP7u2vIUIM5/BLi/IWUzH0ayG65BPj+R5/xBJIPO5/ABil1X+vY5cz3zTBy8Ofzea+27SRB6w6xaf6IHnPxf5U= emanuelsifuentes@EmanuelntessMBP.attlocal.net",
                    "path": "/home/avtxadmin/.ssh/authorized_keys"
                  }
                ]
              }
            ],
            "os_profile_secrets": [],
            "os_profile_windows_config": [],
            "plan": [],
            "primary_network_interface_id": null,
            "proximity_placement_group_id": null,
            "resource_group_name": "az-avtx-rg",
            "storage_data_disk": [],
            "storage_image_reference": [
              {
                "id": "",
                "offer": "0001-com-ubuntu-server-focal",
                "publisher": "Canonical",
                "sku": "20_04-lts",
                "version": "latest"
              }
            ],
            "storage_os_disk": [
              {
                "caching": "ReadWrite",
                "create_option": "FromImage",
                "disk_size_gb": 30,
                "image_uri": "",
                "managed_disk_id": "/subscriptions/6c4e9574-4336-4d6d-925c-64687d7d97d6/resourceGroups/az-avtx-rg/providers/Microsoft.Compute/disks/az-spoke1-priv-vm-os-disk",
                "managed_disk_type": "Standard_LRS",
                "name": "az-spoke1-priv-vm-os-disk",
                "os_type": "Linux",
                "vhd_uri": "",
                "write_accelerator_enabled": false
              }
            ],
            "tags": {},
            "timeouts": null,
            "vm_size": "Standard_B2ms",
            "zones": []
          },
          "sensitive_attributes": [],
          "private": "eyJlMmJmYjczMC1lY2FhLTExZTYtOGY4OC0zNDM2M2JjN2M0YzAiOnsiY3JlYXRlIjozNjAwMDAwMDAwMDAwLCJkZWxldGUiOjM2MDAwMDAwMDAwMDAsInJlYWQiOjMwMDAwMDAwMDAwMCwidXBkYXRlIjozNjAwMDAwMDAwMDAwfX0=",
          "dependencies": [
            "aviatrix_account.az_account",
            "aviatrix_vpc.az-vpcs",
            "azurerm_network_interface.az-spoke1-priv-vm-nic",
            "azurerm_resource_group.az-rg",
            "azurerm_storage_account.az-avtxlabsa",
            "random_string.az-avtxlabsa-random"
          ]
        }
      ]
    },
    {
      "mode": "managed",
      "type": "azurerm_virtual_network",
      "name": "az-aks-vnet",
      "provider": "provider[\"registry.terraform.io/hashicorp/azurerm\"]",
      "instances": [
        {
          "schema_version": 0,
          "attributes": {
            "address_space": [
              "10.20.0.0/22"
            ],
            "bgp_community": "",
            "ddos_protection_plan": [],
            "dns_servers": [],
            "edge_zone": "",
            "flow_timeout_in_minutes": 0,
            "guid": "606fe6ca-8f35-4bbf-a0ef-cdd44109b12a",
            "id": "/subscriptions/6c4e9574-4336-4d6d-925c-64687d7d97d6/resourceGroups/az-aks-rg/providers/Microsoft.Network/virtualNetworks/az-aks-vnet",
            "location": "eastus2",
            "name": "az-aks-vnet",
            "resource_group_name": "az-aks-rg",
            "subnet": [
              {
                "address_prefix": "10.20.0.0/24",
                "id": "/subscriptions/6c4e9574-4336-4d6d-925c-64687d7d97d6/resourceGroups/az-aks-rg/providers/Microsoft.Network/virtualNetworks/az-aks-vnet/subnets/az-aks-cluster-snet",
                "name": "az-aks-cluster-snet",
                "security_group": ""
              },
              {
                "address_prefix": "10.20.1.0/26",
                "id": "/subscriptions/6c4e9574-4336-4d6d-925c-64687d7d97d6/resourceGroups/az-aks-rg/providers/Microsoft.Network/virtualNetworks/az-aks-vnet/subnets/avx-gw-snet-1",
                "name": "avx-gw-snet-1",
                "security_group": ""
              },
              {
                "address_prefix": "10.20.1.128/26",
                "id": "/subscriptions/6c4e9574-4336-4d6d-925c-64687d7d97d6/resourceGroups/az-aks-rg/providers/Microsoft.Network/virtualNetworks/az-aks-vnet/subnets/avx-egress-gw-snet-1",
                "name": "avx-egress-gw-snet-1",
                "security_group": ""
              },
              {
                "address_prefix": "10.20.1.192/26",
                "id": "/subscriptions/6c4e9574-4336-4d6d-925c-64687d7d97d6/resourceGroups/az-aks-rg/providers/Microsoft.Network/virtualNetworks/az-aks-vnet/subnets/avx-egress-gw-snet-2",
                "name": "avx-egress-gw-snet-2",
                "security_group": ""
              },
              {
                "address_prefix": "10.20.1.64/26",
                "id": "/subscriptions/6c4e9574-4336-4d6d-925c-64687d7d97d6/resourceGroups/az-aks-rg/providers/Microsoft.Network/virtualNetworks/az-aks-vnet/subnets/avx-gw-snet-2",
                "name": "avx-gw-snet-2",
                "security_group": ""
              },
              {
                "address_prefix": "10.20.2.0/26",
                "id": "/subscriptions/6c4e9574-4336-4d6d-925c-64687d7d97d6/resourceGroups/az-aks-rg/providers/Microsoft.Network/virtualNetworks/az-aks-vnet/subnets/az-aks-cluster-agic-snet",
                "name": "az-aks-cluster-agic-snet",
                "security_group": ""
              }
            ],
            "tags": {},
            "timeouts": null
          },
          "sensitive_attributes": [],
          "private": "eyJlMmJmYjczMC1lY2FhLTExZTYtOGY4OC0zNDM2M2JjN2M0YzAiOnsiY3JlYXRlIjoxODAwMDAwMDAwMDAwLCJkZWxldGUiOjE4MDAwMDAwMDAwMDAsInJlYWQiOjMwMDAwMDAwMDAwMCwidXBkYXRlIjoxODAwMDAwMDAwMDAwfX0=",
          "dependencies": [
            "azurerm_resource_group.az-aks-rg"
          ]
        }
      ]
    },
    {
      "mode": "managed",
      "type": "local_file",
      "name": "kubeconfig",
      "provider": "provider[\"registry.terraform.io/hashicorp/local\"]",
      "instances": [
        {
          "schema_version": 0,
          "attributes": {
            "content": "apiVersion: v1\nclusters:\n- cluster:\n    certificate-authority-data: LS0tLS1CRUdJTiBDRVJUSUZJQ0FURS0tLS0tCk1JSUU2RENDQXRDZ0F3SUJBZ0lRRXhzYm5GdGN4THFCVkFIZ2I5TjBrakFOQmdrcWhraUc5dzBCQVFzRkFEQU4KTVFzd0NRWURWUVFERXdKallUQWdGdzB5TWpBNE1ETXdNekE1TlRsYUdBOHlNRFV5TURnd016QXpNVGsxT1ZvdwpEVEVMTUFrR0ExVUVBeE1DWTJFd2dnSWlNQTBHQ1NxR1NJYjNEUUVCQVFVQUE0SUNEd0F3Z2dJS0FvSUNBUURVCjBRdVVncGowaVUrRjNUVnF4TDdkNTUwSElzZElXSXcrcG1OT24xTVVaaVB6d0dWNWJ3cUtpYXpYeGdIVXZmSnQKbkdMR01XR1lKdTVLQlRsWVBIOGhacVpvV2lEOENkeFlOcHk5RjNuSm54YzR0TkZWWlU4RHIzK0ZZMHVEeVdUcgpQQ0RkTjMrL2dhVm43U1V5ME9CUVNPOTlhSEhhT0dTU3I2anRKa3ZsdVdnRzM1cmdWSG5qU2EzTlhzdTk3QThqCmM3bFkzaktmeFR3TkFBS1dWWFJwblhlZ0VwL1FtaU1CbTcyL1BwckJwTHVJdmRPZ2hFRytMZUFQV2Q1UG1aTDYKSXVJcWNjSmJ6RnhDZE1reDVHeDJ0K1crVC9sUnJiSEdFZlhhUy81d2dBSFJrb0RrOS9WYm01ZTdnUFVBbEVzbgo2MU5DUWwyRXhvY2Riam00emlDdmxUeEp0NUVjcmdWUTVwOHV1aXErRGNrbUVKVGEreDEraXhFNktxWHVWNXUxCm42R0Y4dnprY29EVHp6QS9CTjBsWTdtQlVaVFdXUEw0bjlGUmtMa1pobkp5TWdVZFZVSEdzR3VtQ2NqOS91cEkKK25TWFJqUk54WWE3TUZzdHVmTnNQaTV3VjNaUnEra3lQMEZJSkFGNGRxai9NaWY2S2plZEZ2NFBsaW50OFdoUAo3MmUvR3VXUmVHZ3dyM1o3VjFZY2p2NWMyNmNGWG1GdnpKaWZsOWwyb2R5bGpEeWIyTGRKSHFpMkdEc0dkUU0wClpZMkRXQ3BaVlVndjhuTGJDbE0zQXRqR1Fqd1lFemVCbk5pVk00TjZQSlJtZXJoYTVMYU1DUjBwdkttVjlQOFMKSDk1ekJhWnhYMmJ1cStFWEE1Vkh6TVVoaFZ5OHRiRDNTTWNzcVA3Tjd3SURBUUFCbzBJd1FEQU9CZ05WSFE4QgpBZjhFQkFNQ0FxUXdEd1lEVlIwVEFRSC9CQVV3QXdFQi96QWRCZ05WSFE0RUZnUVVSclFxaVFIOGJ2MjU5OGVQCm1QSkV1ciszbXB3d0RRWUpLb1pJaHZjTkFRRUxCUUFEZ2dJQkFJdkFoQUpDWkxnRG95RHViWU0rT2ZGTk14VjkKcU43MS9SNmh1c0w4bFl3RHNNZFEzWGg2ZmozaURzKzdSR1JTTGppQmhPdUVLUHlMM1oyMUwwTEJhQ0tnRFBsTgpMTE9nQkJOdmh0bVZNeVFWRDF6dlRMNC9Ld2ZsQXo5YzEyb3hoSkJVK3VZRGlZUjR1bzNHUFA1R0Z3K1owSk9rCll2OUkyVlJHQW94QWhhTG1WSzJ1MG5ITjQrS3dPdXNFc0Y1VXd5dm1sc0M3U2NyTndpOElJNGRmTis4bnVlK2MKbEJNdk5mdEVhcUZ1c1RIcTlnN2RQSnN1WHJtMWNPR1doVkQzVUZNNUdDVWt5VDJOY2RnLzZ5b1FZdWpXY2NxNgpjSHhIVE0rblBBNkRNejZBRHFuNXVEVjA1WmFycnJFenU3L290c1RxOWhaSTA1VWsrSFhVcWZGU0diYXFWWithCm9vZUxHRHg5SlVxZFhrNlplZVNZamk3Y0R5WFVLZk1QdkhydUR1K1JLaFpDUm8yajFHZ2FrTHZkVjZic01ENWcKcE9zeXBHR2RRcnRNNGhpTnFsOERocDZmRVorY1JweWlvZ1h0RGtQOElaUkVkcW9VdTI0YkpteWQyaEJRbGhBZgp4dGFicmhRbnZQVWVtZlhJajRobDRoQlExOGRHalFITFVNUzlHbVozeFpMK1draS9uTUJoUGw1SHkvT0M0S2J4CnBCd2pzWFpnazdFa3lQUGtLV08vZWk5aDhVelBFS1hCK2lUdEJPSmUyZVZnZFJqdTQ5K2RoeGt6emlaWUlqKzMKYTVwVmc0OC82MW9RcDhXOW5XUGRlQ1NVQjljTE43cUpjOUYvMlEzc2xyNzhQR1FCeVN2VEJpWDNmNUFjbVdtbApIVXRuRER2MlZ6VnQ1SjZhCi0tLS0tRU5EIENFUlRJRklDQVRFLS0tLS0K\n    server: https://az-aks-f9345275.hcp.eastus2.azmk8s.io:443\n  name: az-aks-cluster\ncontexts:\n- context:\n    cluster: az-aks-cluster\n    user: clusterUser_az-aks-rg_az-aks-cluster\n  name: az-aks-cluster\ncurrent-context: az-aks-cluster\nkind: Config\npreferences: {}\nusers:\n- name: clusterUser_az-aks-rg_az-aks-cluster\n  user:\n    client-certificate-data: LS0tLS1CRUdJTiBDRVJUSUZJQ0FURS0tLS0tCk1JSUZIVENDQXdXZ0F3SUJBZ0lRTllZZWtvRXljSVp4b0MrY3BnZk5tREFOQmdrcWhraUc5dzBCQVFzRkFEQU4KTVFzd0NRWURWUVFERXdKallUQWVGdzB5TWpBNE1ETXdNekE1TlRsYUZ3MHlOREE0TURNd016RTVOVGxhTURBeApGekFWQmdOVkJBb1REbk41YzNSbGJUcHRZWE4wWlhKek1SVXdFd1lEVlFRREV3eHRZWE4wWlhKamJHbGxiblF3CmdnSWlNQTBHQ1NxR1NJYjNEUUVCQVFVQUE0SUNEd0F3Z2dJS0FvSUNBUUQwaGk3ODJMWjZzdGNMWTVXRnJzNnYKZ0FBZnl6VVY4NmRaNGs0d1pXMWRFVGZuTEZvSFZOTjBXbXhHTXd0QW85VzhZZFRLb3FwZUNQOEhOTkFDVDNFWAo0NHFWVTJRWVdzK1JkQVRZTzUyYU10dFdEamRCRHRzQUMwdHdHNUgzWU1zYU1TS3FpclhTNmI2S1NsUGFXSDRHCnVlVVZSMzBzOTk4d2RmN0dEMGVWNUthbjYzbUdKUDNvSmpzOW5UYkduR1Fpb1IrdlQ3TWNHUTFqQlJSdElGbkUKb0VaKy9Ha2hFRTIxb09sdjQvalZzaUxKUk1lTmtBUUpsWm14Q21xamhCVWNiY1YybEQ0Ykk5dCt3OXR4emhBRwo5Z1B4aWIyQTdiakNzVUs2VnpWUEJrUURxaEExZVVnN2paSHBwdFViWHlpUjMyaDJSV2JWMEs1RkhNaCtiOU56CmV1eS9rY2ptVlZDeFIvUVZkaWs4RDJSWitMOEZnZlBBWDVxK3RsUWZ5M1JtbjQ3WHhrbnFzS0FVSUJRN2huZWoKOEdjQ3Y0ZFV0VndiU0FnV1NNRm5nRlZEMDJBOFhHc2g2ck1CSXlKQ2hwY2RuK3lYM2FycVkxUW1lSlVYQmF1cQpKTUR0RVE2eTd1cDJHdmZDOEpLeUlNVjdBMFJXZjlib2VsWTFXdUlkWlF6OGxWUFFEWllGU0ttYVptYk9CZXlZCkgyYnlGRVp6RTBBSHByY0ovTHNSNU90ZlRpMXdkWllzbWxGWHhHSG4zYWlqSlVIS01nYk1aK1ErWUhQdkFqbUcKNW5PS20rL1FSd2dxLzZFZ2FsNjZWUmxMbVYzRWtaOTByWWkzenBRMjdGSFMwK0djdFNiZ0Z4K2dpY0hOeXFpYwpDNEx5TGpmNDYvbDgxWGRFRloyZkx3SURBUUFCbzFZd1ZEQU9CZ05WSFE4QkFmOEVCQU1DQmFBd0V3WURWUjBsCkJBd3dDZ1lJS3dZQkJRVUhBd0l3REFZRFZSMFRBUUgvQkFJd0FEQWZCZ05WSFNNRUdEQVdnQlJHdENxSkFmeHUKL2JuM3g0K1k4a1M2djdlYW5EQU5CZ2txaGtpRzl3MEJBUXNGQUFPQ0FnRUFON1JqTFd4WFYwZWlNMmFZSi81TQp6bTM4bnk0UnFibXEzQ3ZxNGVLemh6c21PS2lsNWZTQUQ2ZjRZbWp0SXFmT2tsUXk5andzN2R2Z2laMEluODhUCmZKRDB5VFdVRnFSY29lU1hiRit3LzJEY0pJd2x5bThRdWpyMi91REdhZXFSamczdkk1WHhwSWhrdXdRdXQ2Y3EKemlWYmZpaUg1K1hlZmVlMXluSkFodThrVlJ3aFM5V2thcXN6RUdYcDNsRkhuaTAxTzh0UmtJaTQzOHh1WDcvNQpsMzVEd2p3eTFMR2ZQekUydFFYc3ArUk81dkdIVHd5RWJxZWxnUDhXSVFDQmV0bkFMQ0d5RVI0VElKemg0Y0dYCndPcXIxckxFVE9abWRmK1RsdmFUYkpoRGpwc2pCZms2QzFiNWF5ZVRERU9xOHdUK3ZGR1NxTGdXazJoZDNxVGYKbDJCejJEOW43bi90R2pEOUFUamZkOWxuVnpuUnhCWDkwZ1NET0VnK1hzRDlya1VhMlBOMU5xYWFhUVVjdXFKZwp2ZHM2WlJxajdoSFo0TFBlWWtUTDVEUFY2SDhUdHVCUVhGMkhudm5sSnB4Z0R2OEZGSHRVajQ3V0dqOWs4N3RxCkdqdkI2SHFzTGtYWXlxTlE4YXhFU0lQeHIvVjlqci9JUEhDTG9XM2lWN3VkQmQzVjZrZVdPSHFJMmprMGVpcTMKK2VNV3E3N1lENVRNSWRNUkpSMXFyU2J2V3Avb3A1VVAzZTVPelEyZ2ZsL2hWeHl4MHk3eDJ6Y29Xd3ZyYUhCVwpqckNLU1lJUkZhMlJrb2hHRnB6cURuYy9sRTJvSmgzTUVzZTNYYk1DYUdSaUl6STE1Y091NFdrUGY3U0MzNnFwCnBTN0dFTCt0aEhQVzFIV3R3Z3pFd3pNPQotLS0tLUVORCBDRVJUSUZJQ0FURS0tLS0tCg==\n    client-key-data: LS0tLS1CRUdJTiBSU0EgUFJJVkFURSBLRVktLS0tLQpNSUlKS1FJQkFBS0NBZ0VBOUlZdS9OaTJlckxYQzJPVmhhN09yNEFBSDhzMUZmT25XZUpPTUdWdFhSRTM1eXhhCkIxVFRkRnBzUmpNTFFLUFZ2R0hVeXFLcVhnai9CelRRQWs5eEYrT0tsVk5rR0ZyUGtYUUUyRHVkbWpMYlZnNDMKUVE3YkFBdExjQnVSOTJETEdqRWlxb3ExMHVtK2lrcFQybGgrQnJubEZVZDlMUGZmTUhYK3hnOUhsZVNtcCt0NQpoaVQ5NkNZN1BaMDJ4cHhrSXFFZnIwK3pIQmtOWXdVVWJTQlp4S0JHZnZ4cElSQk50YURwYitQNDFiSWl5VVRICmpaQUVDWldac1FwcW80UVZIRzNGZHBRK0d5UGJmc1BiY2M0UUJ2WUQ4WW05Z08yNHdyRkN1bGMxVHdaRUE2b1EKTlhsSU80MlI2YWJWRzE4b2tkOW9ka1ZtMWRDdVJSeklmbS9UYzNyc3Y1SEk1bFZRc1VmMEZYWXBQQTlrV2ZpLwpCWUh6d0YrYXZyWlVIOHQwWnArTzE4Wko2ckNnRkNBVU80WjNvL0JuQXIrSFZMVmNHMGdJRmtqQlo0QlZROU5nClBGeHJJZXF6QVNNaVFvYVhIWi9zbDkycTZtTlVKbmlWRndXcnFpVEE3UkVPc3U3cWRocjN3dkNTc2lERmV3TkUKVm4vVzZIcFdOVnJpSFdVTS9KVlQwQTJXQlVpcG1tWm16Z1hzbUI5bThoUkdjeE5BQjZhM0NmeTdFZVRyWDA0dApjSFdXTEpwUlY4Umg1OTJvb3lWQnlqSUd6R2ZrUG1Cejd3STVodVp6aXB2djBFY0lLditoSUdwZXVsVVpTNWxkCnhKR2ZkSzJJdDg2VU51eFIwdFBobkxVbTRCY2ZvSW5CemNxb25BdUM4aTQzK092NWZOVjNSQldkbnk4Q0F3RUEKQVFLQ0FnQitEZ0tCRkZNVjg4WUtOLzhuMkZMeWhFRU1JdHl1QVZxZmFwdTJOVU5vdSt5ZXZ1MTJaQk5TSXg4NApIUzVLMTJyaTMyZ3NRaWtqcXUyVjBITC9EZWNXVXBYcG53QzEwWEs1NEI1elBtQmowcDNod2hoWDhJbVRmejhYCmZ3OERnU0dTMGd1MThTWUVvYjA1VzFIWStNK1hOaFBUb1hQMVQ1NytRNFhnb3BYYnZ2RHZGZVFpOUVUMGZXa0MKdlY0MGl3RFFIVkhSTlh2M0d5OGNnY3ppNk05K0hzWFl4dFNIVi9sSGpibHBsaE44VG9YQ1RqTzFWYTNQSnhFQgpCSWF1M3ZObklXdXZVb0tseVJscFF4eUlrWnNQaTVuQzFhZ2NvL0FnWmZNcFRyWExsRVpSd1VUejNCOFJuRXpCCkwrRWlhQzdvN0V2VTFMaEx0M1Z2YVlRdU1nWEZ1M3BDWXFCUytXV3ByaUppbCs2V1RSbjdhOC9ZTzI0RVRsUFcKNVg4S3poc3NTOFJqNk5IQitkMTZGNHVqWkZ1OElFUGZHenpVL3ZJdE5JY0x4RXh6TFFxbnpvemlaTlZucjJqQwo4cjJDZzcxOGdHZkhlM0ZVZC9iTlZHR3U5cHRXcGZ5Q0x6YkIydyttMVRibFJLcDVpVVY2NkZUOWg3Yi9ydzNxCmovMERjYUl6UHFMU3VjS1pNM3MydEtlU0pvNU5yaFBIckxGOU92SmVkQkhYSThZS2h0RlhnRk8yay9ONnkzV3cKYitTa0k1ZlYrcXRrRUZtZE5WQjVHay8welQ2eTdIZ1haZVRqaHBzSkxSWGttK3ZLK0tBM0hLb0E3V3ovZnA1aQp3NjdQNDIvL3ExRVlCQTZuY1A2dXU1Z2pBbzFQS2x3MFdXZmcvdVpKbVJlOCs5NW9vUUtDQVFFQS9ORGwxdjY1CmlTR1BpQWJ6UWQ1a0FmZUZrWGh6c2d0RXMwY09abzZQWWc2cEpqSUQzZGt0R29CTzF6eUdIN0ZmRXZVbUR6NDIKUEdqb1FQazVucnBnQldoM1FtckhsMjFMUVcxbXN3eUtOYkNFU01QM1BtZlMxLzk4NDhrbENYdFpWYVF6ZkIwNgptSEhVWmRLdm5ZUVJLZVI2TDRWTG5CdVBiRzN1ZHRidnRJMDhvZ2RLcGwyNU5ZQnhVL0VGRVNxZFZRMlpPWlpMCmJKVENXMWxqSFV3RDJBTkJBcG9POTdTUFF2VFNIdWlmRGJlb1pxS1I2YmdvcEo0dm9RZ25pSWFCNGV6QytndUUKZlZnenUwTitnd0RxY2hyWHgwL1hWV2lTeUtzVWFSYU9qVEkzM2ZTUDZHenpWR2E1THU4ZTFOd3pxZ2VlbENpSApuVk1TcENseWo3YW1NUUtDQVFFQTk1cU5VaHgxMEpqTURUck5vNDUwWmRYUk15UkNWTnVvSEkrcFhGUHN0Y01MClZ0SG9VZGZ5QUd4SmJPWEh1VFVQbm4vN3YwdjVVby9jQXdSMnNZY0J0Y2wxcHhvamJkVENCYURvU0pLOGd4QUwKamVrTUE0NlgxMkhlRTFoeTh2TWVoZjlVeUdEcXVBcGx3NjRoYWZ6ekIxd0hBUXRXOWVuVTdaWGlTNEFJWWFFYgpLdURLb0JBRU1ocDdVekxkRHNvOHRkVnRmY1lQdjdVaUlkelNEeFFqekdUeno4aUZkcjQzRzhFbVZaZk9QMHBUCnRNaWxxY0w2VGRIbXp5eUFCUWp6NmhUZEFDVGIrUm9lU2hRYXQ5U3hqUzNuVklqOFQ1TTBoU1J1S2tyYTMyRE8Kc2oxUWFUc2JYeFpKN1JiUWJucnFiT1hoa3RSdlZydWdwOUdEQm1Galh3S0NBUUFXcE9kUlFIT0IwdDIyUTFrYQpkejdoNWpleWRlVjI5d2RxUDEwTTFvd0ZMbWI4SXRLeDFqZngvYmdTRXp1NEx2empCODRtNDEyY1A1RTk4SlMyCm9ON2szUnlCZUdyMEp6ZnNYazRxajE3NXZCdTlJTUJPZUtJcjhwaFBGcjhZZ0ZIYUYrRDhwdW1PcWZOcVExcXoKY3hiT2Q4Wng1ekNFaFB0dHJOTUZGZTlXYnFnVm95Mk9oU3FIbmorSVV6Z3U5M0FzSkJHclZNamdxdHBWc0VYdQpZOWFjVEg1UUsxaFgyM1pSZXZndkNJcm1nYUsxdnEzdkR5Mmt3UDVuSUFIYWVxRzdpS2RXR2gzOTFCNmVFVWVOCm1GRm5jdndNd0J2N2JHaHBUTm1CS0NJUWg0VDFmbWc5V3pUWVJITWx2d2sxNjVzOUNYMnNxNHlxREx6SXMyV3QKZGFDaEFvSUJBUURxdDNuc01zcUVlYlJGZms3ZUV2YklhbzZyK2wxZTcvTkhUL0J1YzZoYkRaQThOelFTRWJGNQpNUzNScTJsUGFydHB0MDFBcEphdTYyelc5MjVGRUFSUS9hOG9QeUVDeHNNK2JyQ0R5NFlrZ0J0VDVXM2NHVnBiCmRJeityY1FhQnRvU2tGOGdySzhVMDlad1R5dWh1NFh1bmhDTnJ1QTZzZldGVzZadmgrbHFFejBid29pU2YxeGEKMnJ1NXZPZk5VMjJGdWRMWGZlQUVEWU5Uc203Mm1GTHZPV3ZldHVtK0RNZFU2aDZhMlJOTTcvcTF6OWNyUElmbgpLV214VHkvMGxlNFRJci8xbVB0bUFwcGdBdnJvOVJsekNlYlhQaHhnbXQwWXNkWTFCVXpDb0pTUVpvdEpsaHgyCllUeW5JZzlvQytFYVpqa1Y1WWUrSXBORFF0c0FPMlhsQW9JQkFRQ290eVNSSkZpUnpRYklJRE9GVGRreWR0WksKV2w4TUVMaHdQbTRPOUoxZE9iZzBBV1d1SFhQdVZEUnZPWnpybXFHV0x0YU92U2NjZjB2Q1o2UDA3WWs5b3BjdgpFU3ZMbFUwTDNodWZiYTlZdWFtVi9lTzJqR1dKcitQYkNOSFNPa0tLMTg5Y2t5dXF3QTVmaEhyK0JkNlRaSlRWCkVkbzVwc01ISWJIcWtrTllHUUtIQ2FGQmM5bWdtaEsrSGR1S3U2dDEzOGxwS2YxVXB0N1U4UU1MNXl4Q3p1SUEKelBQcm9DVTk1UlY3UXA4dWxjcnFCdmxQcmtwZkg0emt2b3JoOEhFZFp2TXcwWlZkZlNCVUdjcGl1RFNrK3ZCcgp5NG9lMklWMEgvYkFkUEx0eHQrc21WcE4xb3ZrZ0k3Smt4dzdoOGw1Sy96VlluL0t0YVdWazdDcVZFVWQKLS0tLS1FTkQgUlNBIFBSSVZBVEUgS0VZLS0tLS0K\n    token: dd45142d9db7b9a1dee3d5b55cdd4d2c3416d1801c8883c03e45e0fd7ba1f66d70a6be23846637060682c160c7c6187d17e7262c9b26c1d3046ab7b85c834706\n",
            "content_base64": null,
            "directory_permission": "0777",
            "file_permission": "0777",
            "filename": "kubeconfig",
            "id": "98d75cfcc75c80d4d267642d486442ac8702b627",
            "sensitive_content": null,
            "source": null
          },
          "sensitive_attributes": [
            [
              {
                "type": "get_attr",
                "value": "content"
              }
            ]
          ],
          "private": "bnVsbA==",
          "dependencies": [
            "aviatrix_account.az_account",
            "aviatrix_spoke_gateway.aks-spoke-gw",
            "aviatrix_spoke_transit_attachment.az-aks-transit-attach",
            "aviatrix_transit_gateway.az-firenet-gw",
            "aviatrix_vpc.az-vpcs",
            "azurerm_kubernetes_cluster.az-aks-cluster",
            "azurerm_resource_group.az-aks-rg",
            "azurerm_resource_group.az-rg",
            "azurerm_route_table.az-aks-snet-rt",
            "azurerm_subnet.az-aks-agic-snet",
            "azurerm_subnet.az-aks-snet",
            "azurerm_subnet.az-avtx-gw-snets",
            "azurerm_subnet_route_table_association.az-aks-rt-assc",
            "azurerm_virtual_network.az-aks-vnet"
          ]
        }
      ]
    },
    {
      "mode": "managed",
      "type": "random_string",
      "name": "az-avtxlabsa-random",
      "provider": "provider[\"registry.terraform.io/hashicorp/random\"]",
      "instances": [
        {
          "schema_version": 2,
          "attributes": {
            "id": "9h4nr6",
            "keepers": null,
            "length": 6,
            "lower": true,
            "min_lower": 0,
            "min_numeric": 2,
            "min_special": 0,
            "min_upper": 0,
            "number": true,
            "numeric": true,
            "override_special": null,
            "result": "9h4nr6",
            "special": false,
            "upper": false
          },
          "sensitive_attributes": [],
          "private": "eyJzY2hlbWFfdmVyc2lvbiI6IjIifQ=="
        }
      ]
    }
  ]
}
